// !$*UTF8*$!
{
	archiveVersion = 1;
	classes = {
	};
	objectVersion = 51;
	objects = {

/* Begin PBXBuildFile section */
		7120E0072570F65D00A56E7E /* SearchPageViewController.swift in Sources */ = {isa = PBXBuildFile; fileRef = 7120E0052570F65D00A56E7E /* SearchPageViewController.swift */; };
		7120E0082570F65D00A56E7E /* SearchPageViewController.xib in Resources */ = {isa = PBXBuildFile; fileRef = 7120E0062570F65D00A56E7E /* SearchPageViewController.xib */; };
		7120E00D2571116400A56E7E /* CategoryViewController.swift in Sources */ = {isa = PBXBuildFile; fileRef = 7120E00B2571116400A56E7E /* CategoryViewController.swift */; };
		7120E00E2571116400A56E7E /* CategoryViewController.xib in Resources */ = {isa = PBXBuildFile; fileRef = 7120E00C2571116400A56E7E /* CategoryViewController.xib */; };
		7120E0132571167700A56E7E /* CategoryCollectionViewCell.swift in Sources */ = {isa = PBXBuildFile; fileRef = 7120E0112571167700A56E7E /* CategoryCollectionViewCell.swift */; };
		7120E0142571167700A56E7E /* CategoryCollectionViewCell.xib in Resources */ = {isa = PBXBuildFile; fileRef = 7120E0122571167700A56E7E /* CategoryCollectionViewCell.xib */; };
		7120E0182572024A00A56E7E /* SearchButton.swift in Sources */ = {isa = PBXBuildFile; fileRef = 7120E0172572024A00A56E7E /* SearchButton.swift */; };
		7120E01B257225CF00A56E7E /* UISearchBar+Extension.swift in Sources */ = {isa = PBXBuildFile; fileRef = 7120E01A257225CF00A56E7E /* UISearchBar+Extension.swift */; };
		7120E01F257231CC00A56E7E /* DefinitionViewController.swift in Sources */ = {isa = PBXBuildFile; fileRef = 7120E01D257231CC00A56E7E /* DefinitionViewController.swift */; };
		7120E020257231CC00A56E7E /* DefinitionViewController.xib in Resources */ = {isa = PBXBuildFile; fileRef = 7120E01E257231CC00A56E7E /* DefinitionViewController.xib */; };
		71348880257285F5007ADED3 /* UINavigationItem+Extension.swift in Sources */ = {isa = PBXBuildFile; fileRef = 7134887F257285F5007ADED3 /* UINavigationItem+Extension.swift */; };
		7134888625749582007ADED3 /* DefinitionTableViewCell.swift in Sources */ = {isa = PBXBuildFile; fileRef = 7134888425749582007ADED3 /* DefinitionTableViewCell.swift */; };
		7134888725749582007ADED3 /* DefinitionTableViewCell.xib in Resources */ = {isa = PBXBuildFile; fileRef = 7134888525749582007ADED3 /* DefinitionTableViewCell.xib */; };
		7134888A25749D05007ADED3 /* DefinitionViewModel.swift in Sources */ = {isa = PBXBuildFile; fileRef = 7134888925749D05007ADED3 /* DefinitionViewModel.swift */; };
		7152EADC2575E94A00F1C5FB /* AddNewWordViewController.swift in Sources */ = {isa = PBXBuildFile; fileRef = 7152EADA2575E94A00F1C5FB /* AddNewWordViewController.swift */; };
		7152EADD2575E94A00F1C5FB /* AddNewWordViewController.xib in Resources */ = {isa = PBXBuildFile; fileRef = 7152EADB2575E94A00F1C5FB /* AddNewWordViewController.xib */; };
		7160B71125725359007F7C90 /* UITableView+Extension.swift in Sources */ = {isa = PBXBuildFile; fileRef = 7160B71025725359007F7C90 /* UITableView+Extension.swift */; };
		7160B71525725532007F7C90 /* DefinitionHeaderView.swift in Sources */ = {isa = PBXBuildFile; fileRef = 7160B71425725532007F7C90 /* DefinitionHeaderView.swift */; };
		7160B71A25725572007F7C90 /* DefinitionHeaderView.xib in Resources */ = {isa = PBXBuildFile; fileRef = 7160B71925725572007F7C90 /* DefinitionHeaderView.xib */; };
		716A8D4725773C11005C5782 /* UIViewController+Extension.swift in Sources */ = {isa = PBXBuildFile; fileRef = 716A8D4625773C11005C5782 /* UIViewController+Extension.swift */; };
		716A8D5D25777040005C5782 /* ImageConstant.swift in Sources */ = {isa = PBXBuildFile; fileRef = 716A8D5C25777040005C5782 /* ImageConstant.swift */; };
		716A8D6425778AA3005C5782 /* ReportViewController.swift in Sources */ = {isa = PBXBuildFile; fileRef = 716A8D6225778AA3005C5782 /* ReportViewController.swift */; };
		716A8D6525778AA4005C5782 /* ReportViewController.xib in Resources */ = {isa = PBXBuildFile; fileRef = 716A8D6325778AA3005C5782 /* ReportViewController.xib */; };
		716A8D6A2577A880005C5782 /* Report.swift in Sources */ = {isa = PBXBuildFile; fileRef = 716A8D692577A880005C5782 /* Report.swift */; };
		716A8D7125787A01005C5782 /* LoginViewController.swift in Sources */ = {isa = PBXBuildFile; fileRef = 716A8D6F25787A01005C5782 /* LoginViewController.swift */; };
		716A8D7225787A01005C5782 /* LoginViewController.xib in Resources */ = {isa = PBXBuildFile; fileRef = 716A8D7025787A01005C5782 /* LoginViewController.xib */; };
		716CD30D2574F7A200695A91 /* ContainerViewController.swift in Sources */ = {isa = PBXBuildFile; fileRef = 716CD30C2574F7A200695A91 /* ContainerViewController.swift */; };
		716CD3112574F80500695A91 /* SidePanelViewController.swift in Sources */ = {isa = PBXBuildFile; fileRef = 716CD30F2574F80500695A91 /* SidePanelViewController.swift */; };
		716CD3122574F80500695A91 /* SidePanelViewController.xib in Resources */ = {isa = PBXBuildFile; fileRef = 716CD3102574F80500695A91 /* SidePanelViewController.xib */; };
		716CD31D2575130400695A91 /* SidePanelTableViewCell.swift in Sources */ = {isa = PBXBuildFile; fileRef = 716CD31B2575130400695A91 /* SidePanelTableViewCell.swift */; };
		716CD31E2575130400695A91 /* SidePanelTableViewCell.xib in Resources */ = {isa = PBXBuildFile; fileRef = 716CD31C2575130400695A91 /* SidePanelTableViewCell.xib */; };
		716CD3212575183D00695A91 /* SidePanelViewModel.swift in Sources */ = {isa = PBXBuildFile; fileRef = 716CD3202575183D00695A91 /* SidePanelViewModel.swift */; };
		716CD3262575232700695A91 /* SidePanelHeaderFooterView.swift in Sources */ = {isa = PBXBuildFile; fileRef = 716CD3252575232700695A91 /* SidePanelHeaderFooterView.swift */; };
		716CD3292575234100695A91 /* SidePanelHeaderFooterView.xib in Resources */ = {isa = PBXBuildFile; fileRef = 716CD3282575234100695A91 /* SidePanelHeaderFooterView.xib */; };
		717569232570CFD300417B9C /* AppDelegate.swift in Sources */ = {isa = PBXBuildFile; fileRef = 717569222570CFD300417B9C /* AppDelegate.swift */; };
		717569252570CFD300417B9C /* SceneDelegate.swift in Sources */ = {isa = PBXBuildFile; fileRef = 717569242570CFD300417B9C /* SceneDelegate.swift */; };
		7175692C2570CFD600417B9C /* Assets.xcassets in Resources */ = {isa = PBXBuildFile; fileRef = 7175692B2570CFD600417B9C /* Assets.xcassets */; };
		7175692F2570CFD600417B9C /* LaunchScreen.storyboard in Resources */ = {isa = PBXBuildFile; fileRef = 7175692D2570CFD600417B9C /* LaunchScreen.storyboard */; };
		7175694C2570D0FE00417B9C /* GoogleService-Info.plist in Resources */ = {isa = PBXBuildFile; fileRef = 7175694B2570D0FE00417B9C /* GoogleService-Info.plist */; };
		71811DEC2576DC66005319DA /* SidePanel.swift in Sources */ = {isa = PBXBuildFile; fileRef = 71811DEB2576DC66005319DA /* SidePanel.swift */; };
		71883B7C2578D6F300170AC9 /* RankTableViewCell.swift in Sources */ = {isa = PBXBuildFile; fileRef = 71883B7A2578D6F300170AC9 /* RankTableViewCell.swift */; };
		71883B7D2578D6F300170AC9 /* RankTableViewCell.xib in Resources */ = {isa = PBXBuildFile; fileRef = 71883B7B2578D6F300170AC9 /* RankTableViewCell.xib */; };
		71883B822578EFBB00170AC9 /* QuizViewController.swift in Sources */ = {isa = PBXBuildFile; fileRef = 71883B802578EFBB00170AC9 /* QuizViewController.swift */; };
		71883B832578EFBB00170AC9 /* QuizViewController.xib in Resources */ = {isa = PBXBuildFile; fileRef = 71883B812578EFBB00170AC9 /* QuizViewController.xib */; };
		718D6B8A2579D92400663CAD /* Box.swift in Sources */ = {isa = PBXBuildFile; fileRef = 718D6B892579D92400663CAD /* Box.swift */; };
		718D6B8F2579DBAF00663CAD /* FirebaseManager.swift in Sources */ = {isa = PBXBuildFile; fileRef = 718D6B8E2579DBAF00663CAD /* FirebaseManager.swift */; };
		718D6B92257A1FF500663CAD /* User.swift in Sources */ = {isa = PBXBuildFile; fileRef = 718D6B91257A1FF500663CAD /* User.swift */; };
		71978A2A2574CB3B00591B77 /* FSPagerView+Extension.swift in Sources */ = {isa = PBXBuildFile; fileRef = 71978A292574CB3B00591B77 /* FSPagerView+Extension.swift */; };
		71A84A852576368900E0C14D /* FavoriteViewController.swift in Sources */ = {isa = PBXBuildFile; fileRef = 71A84A832576368900E0C14D /* FavoriteViewController.swift */; };
		71A84A862576368900E0C14D /* FavoriteViewController.xib in Resources */ = {isa = PBXBuildFile; fileRef = 71A84A842576368900E0C14D /* FavoriteViewController.xib */; };
		71A84A8C257637B600E0C14D /* FavoriteTableViewCell.swift in Sources */ = {isa = PBXBuildFile; fileRef = 71A84A8A257637B600E0C14D /* FavoriteTableViewCell.swift */; };
		71A84A8D257637B600E0C14D /* FavoriteTableViewCell.xib in Resources */ = {isa = PBXBuildFile; fileRef = 71A84A8B257637B600E0C14D /* FavoriteTableViewCell.xib */; };
		71A84A912576802900E0C14D /* Category.swift in Sources */ = {isa = PBXBuildFile; fileRef = 71A84A902576802900E0C14D /* Category.swift */; };
		71A84A96257689B000E0C14D /* CardView.swift in Sources */ = {isa = PBXBuildFile; fileRef = 71A84A95257689B000E0C14D /* CardView.swift */; };
		71CE92122579C0AE0080E0A0 /* JoeyPanelViewController.swift in Sources */ = {isa = PBXBuildFile; fileRef = 71CE92112579C0AE0080E0A0 /* JoeyPanelViewController.swift */; };
		71CE92172579C21F0080E0A0 /* NewPostButtonView.swift in Sources */ = {isa = PBXBuildFile; fileRef = 71CE92162579C21F0080E0A0 /* NewPostButtonView.swift */; };
		71E7F3352570D67900F15098 /* HomePageViewController.xib in Resources */ = {isa = PBXBuildFile; fileRef = 71E7F3302570D67900F15098 /* HomePageViewController.xib */; };
		71E7F3362570D67900F15098 /* MostViewedWordCollectionViewCell.swift in Sources */ = {isa = PBXBuildFile; fileRef = 71E7F3322570D67900F15098 /* MostViewedWordCollectionViewCell.swift */; };
		71E7F3372570D67900F15098 /* MostViewedWordCollectionViewCell.xib in Resources */ = {isa = PBXBuildFile; fileRef = 71E7F3332570D67900F15098 /* MostViewedWordCollectionViewCell.xib */; };
		71E7F33C2570D6FD00F15098 /* HomePageViewController.swift in Sources */ = {isa = PBXBuildFile; fileRef = 71E7F33B2570D6FD00F15098 /* HomePageViewController.swift */; };
		71E7F3442570D73700F15098 /* UIColor+Extension.swift in Sources */ = {isa = PBXBuildFile; fileRef = 71E7F3402570D73700F15098 /* UIColor+Extension.swift */; };
		71E7F3452570D73700F15098 /* UIView+Extension.swift in Sources */ = {isa = PBXBuildFile; fileRef = 71E7F3412570D73700F15098 /* UIView+Extension.swift */; };
		71E7F3462570D73700F15098 /* UICollectionView+Extension.swift in Sources */ = {isa = PBXBuildFile; fileRef = 71E7F3422570D73700F15098 /* UICollectionView+Extension.swift */; };
		71E7F34C2570D75B00F15098 /* Definition.swift in Sources */ = {isa = PBXBuildFile; fileRef = 71E7F34A2570D75B00F15098 /* Definition.swift */; };
		71E7F34D2570D75B00F15098 /* Word.swift in Sources */ = {isa = PBXBuildFile; fileRef = 71E7F34B2570D75B00F15098 /* Word.swift */; };
		71E7F3522570D76600F15098 /* HomePageViewModel.swift in Sources */ = {isa = PBXBuildFile; fileRef = 71E7F3512570D76600F15098 /* HomePageViewModel.swift */; };
		71F9442025789B140014808E /* JoeyTextLayer.swift in Sources */ = {isa = PBXBuildFile; fileRef = 71F9441F25789B140014808E /* JoeyTextLayer.swift */; };
		71F9442C2578C15E0014808E /* RankViewController.swift in Sources */ = {isa = PBXBuildFile; fileRef = 71F9442A2578C15E0014808E /* RankViewController.swift */; };
		71F9442D2578C15E0014808E /* RankViewController.xib in Resources */ = {isa = PBXBuildFile; fileRef = 71F9442B2578C15E0014808E /* RankViewController.xib */; };
		E19594E26AB12FCE94225D78 /* Pods_MandarinUrbanDictionary.framework in Frameworks */ = {isa = PBXBuildFile; fileRef = BD79464FBEA10AB0680FA634 /* Pods_MandarinUrbanDictionary.framework */; };
/* End PBXBuildFile section */

/* Begin PBXFileReference section */
		7120E0052570F65D00A56E7E /* SearchPageViewController.swift */ = {isa = PBXFileReference; lastKnownFileType = sourcecode.swift; path = SearchPageViewController.swift; sourceTree = "<group>"; };
		7120E0062570F65D00A56E7E /* SearchPageViewController.xib */ = {isa = PBXFileReference; lastKnownFileType = file.xib; path = SearchPageViewController.xib; sourceTree = "<group>"; };
		7120E00B2571116400A56E7E /* CategoryViewController.swift */ = {isa = PBXFileReference; lastKnownFileType = sourcecode.swift; path = CategoryViewController.swift; sourceTree = "<group>"; };
		7120E00C2571116400A56E7E /* CategoryViewController.xib */ = {isa = PBXFileReference; lastKnownFileType = file.xib; path = CategoryViewController.xib; sourceTree = "<group>"; };
		7120E0112571167700A56E7E /* CategoryCollectionViewCell.swift */ = {isa = PBXFileReference; lastKnownFileType = sourcecode.swift; path = CategoryCollectionViewCell.swift; sourceTree = "<group>"; };
		7120E0122571167700A56E7E /* CategoryCollectionViewCell.xib */ = {isa = PBXFileReference; lastKnownFileType = file.xib; path = CategoryCollectionViewCell.xib; sourceTree = "<group>"; };
		7120E0172572024A00A56E7E /* SearchButton.swift */ = {isa = PBXFileReference; lastKnownFileType = sourcecode.swift; path = SearchButton.swift; sourceTree = "<group>"; };
		7120E01A257225CF00A56E7E /* UISearchBar+Extension.swift */ = {isa = PBXFileReference; lastKnownFileType = sourcecode.swift; path = "UISearchBar+Extension.swift"; sourceTree = "<group>"; };
		7120E01D257231CC00A56E7E /* DefinitionViewController.swift */ = {isa = PBXFileReference; lastKnownFileType = sourcecode.swift; path = DefinitionViewController.swift; sourceTree = "<group>"; };
		7120E01E257231CC00A56E7E /* DefinitionViewController.xib */ = {isa = PBXFileReference; lastKnownFileType = file.xib; path = DefinitionViewController.xib; sourceTree = "<group>"; };
		7134887F257285F5007ADED3 /* UINavigationItem+Extension.swift */ = {isa = PBXFileReference; lastKnownFileType = sourcecode.swift; path = "UINavigationItem+Extension.swift"; sourceTree = "<group>"; };
		7134888425749582007ADED3 /* DefinitionTableViewCell.swift */ = {isa = PBXFileReference; lastKnownFileType = sourcecode.swift; path = DefinitionTableViewCell.swift; sourceTree = "<group>"; };
		7134888525749582007ADED3 /* DefinitionTableViewCell.xib */ = {isa = PBXFileReference; lastKnownFileType = file.xib; path = DefinitionTableViewCell.xib; sourceTree = "<group>"; };
		7134888925749D05007ADED3 /* DefinitionViewModel.swift */ = {isa = PBXFileReference; lastKnownFileType = sourcecode.swift; path = DefinitionViewModel.swift; sourceTree = "<group>"; };
		7152EADA2575E94A00F1C5FB /* AddNewWordViewController.swift */ = {isa = PBXFileReference; lastKnownFileType = sourcecode.swift; path = AddNewWordViewController.swift; sourceTree = "<group>"; };
		7152EADB2575E94A00F1C5FB /* AddNewWordViewController.xib */ = {isa = PBXFileReference; lastKnownFileType = file.xib; path = AddNewWordViewController.xib; sourceTree = "<group>"; };
		7160B71025725359007F7C90 /* UITableView+Extension.swift */ = {isa = PBXFileReference; lastKnownFileType = sourcecode.swift; path = "UITableView+Extension.swift"; sourceTree = "<group>"; };
		7160B71425725532007F7C90 /* DefinitionHeaderView.swift */ = {isa = PBXFileReference; lastKnownFileType = sourcecode.swift; path = DefinitionHeaderView.swift; sourceTree = "<group>"; };
		7160B71925725572007F7C90 /* DefinitionHeaderView.xib */ = {isa = PBXFileReference; lastKnownFileType = file.xib; path = DefinitionHeaderView.xib; sourceTree = "<group>"; };
		716A8D4625773C11005C5782 /* UIViewController+Extension.swift */ = {isa = PBXFileReference; lastKnownFileType = sourcecode.swift; path = "UIViewController+Extension.swift"; sourceTree = "<group>"; };
		716A8D5C25777040005C5782 /* ImageConstant.swift */ = {isa = PBXFileReference; lastKnownFileType = sourcecode.swift; name = ImageConstant.swift; path = "Assets Xcassets/ImageConstant.swift"; sourceTree = "<group>"; };
		716A8D6225778AA3005C5782 /* ReportViewController.swift */ = {isa = PBXFileReference; lastKnownFileType = sourcecode.swift; path = ReportViewController.swift; sourceTree = "<group>"; };
		716A8D6325778AA3005C5782 /* ReportViewController.xib */ = {isa = PBXFileReference; lastKnownFileType = file.xib; path = ReportViewController.xib; sourceTree = "<group>"; };
		716A8D692577A880005C5782 /* Report.swift */ = {isa = PBXFileReference; lastKnownFileType = sourcecode.swift; path = Report.swift; sourceTree = "<group>"; };
		716A8D6F25787A01005C5782 /* LoginViewController.swift */ = {isa = PBXFileReference; lastKnownFileType = sourcecode.swift; path = LoginViewController.swift; sourceTree = "<group>"; };
		716A8D7025787A01005C5782 /* LoginViewController.xib */ = {isa = PBXFileReference; lastKnownFileType = file.xib; name = LoginViewController.xib; path = "../New Group/LoginViewController.xib"; sourceTree = "<group>"; };
		716CD30C2574F7A200695A91 /* ContainerViewController.swift */ = {isa = PBXFileReference; lastKnownFileType = sourcecode.swift; path = ContainerViewController.swift; sourceTree = "<group>"; };
		716CD30F2574F80500695A91 /* SidePanelViewController.swift */ = {isa = PBXFileReference; lastKnownFileType = sourcecode.swift; path = SidePanelViewController.swift; sourceTree = "<group>"; };
		716CD3102574F80500695A91 /* SidePanelViewController.xib */ = {isa = PBXFileReference; lastKnownFileType = file.xib; path = SidePanelViewController.xib; sourceTree = "<group>"; };
		716CD31B2575130400695A91 /* SidePanelTableViewCell.swift */ = {isa = PBXFileReference; lastKnownFileType = sourcecode.swift; path = SidePanelTableViewCell.swift; sourceTree = "<group>"; };
		716CD31C2575130400695A91 /* SidePanelTableViewCell.xib */ = {isa = PBXFileReference; lastKnownFileType = file.xib; path = SidePanelTableViewCell.xib; sourceTree = "<group>"; };
		716CD3202575183D00695A91 /* SidePanelViewModel.swift */ = {isa = PBXFileReference; lastKnownFileType = sourcecode.swift; path = SidePanelViewModel.swift; sourceTree = "<group>"; };
		716CD3252575232700695A91 /* SidePanelHeaderFooterView.swift */ = {isa = PBXFileReference; lastKnownFileType = sourcecode.swift; path = SidePanelHeaderFooterView.swift; sourceTree = "<group>"; };
		716CD3282575234100695A91 /* SidePanelHeaderFooterView.xib */ = {isa = PBXFileReference; lastKnownFileType = file.xib; path = SidePanelHeaderFooterView.xib; sourceTree = "<group>"; };
		7175691F2570CFD300417B9C /* MandarinUrbanDictionary.app */ = {isa = PBXFileReference; explicitFileType = wrapper.application; includeInIndex = 0; path = MandarinUrbanDictionary.app; sourceTree = BUILT_PRODUCTS_DIR; };
		717569222570CFD300417B9C /* AppDelegate.swift */ = {isa = PBXFileReference; lastKnownFileType = sourcecode.swift; path = AppDelegate.swift; sourceTree = "<group>"; };
		717569242570CFD300417B9C /* SceneDelegate.swift */ = {isa = PBXFileReference; lastKnownFileType = sourcecode.swift; path = SceneDelegate.swift; sourceTree = "<group>"; };
		7175692B2570CFD600417B9C /* Assets.xcassets */ = {isa = PBXFileReference; lastKnownFileType = folder.assetcatalog; path = Assets.xcassets; sourceTree = "<group>"; };
		7175692E2570CFD600417B9C /* Base */ = {isa = PBXFileReference; lastKnownFileType = file.storyboard; name = Base; path = Base.lproj/LaunchScreen.storyboard; sourceTree = "<group>"; };
		717569302570CFD600417B9C /* Info.plist */ = {isa = PBXFileReference; lastKnownFileType = text.plist.xml; path = Info.plist; sourceTree = "<group>"; };
		7175694B2570D0FE00417B9C /* GoogleService-Info.plist */ = {isa = PBXFileReference; fileEncoding = 4; lastKnownFileType = text.plist.xml; path = "GoogleService-Info.plist"; sourceTree = "<group>"; };
		71811DEB2576DC66005319DA /* SidePanel.swift */ = {isa = PBXFileReference; lastKnownFileType = sourcecode.swift; path = SidePanel.swift; sourceTree = "<group>"; };
		71883B7A2578D6F300170AC9 /* RankTableViewCell.swift */ = {isa = PBXFileReference; lastKnownFileType = sourcecode.swift; path = RankTableViewCell.swift; sourceTree = "<group>"; };
		71883B7B2578D6F300170AC9 /* RankTableViewCell.xib */ = {isa = PBXFileReference; lastKnownFileType = file.xib; path = RankTableViewCell.xib; sourceTree = "<group>"; };
		71883B802578EFBB00170AC9 /* QuizViewController.swift */ = {isa = PBXFileReference; lastKnownFileType = sourcecode.swift; path = QuizViewController.swift; sourceTree = "<group>"; };
		71883B812578EFBB00170AC9 /* QuizViewController.xib */ = {isa = PBXFileReference; lastKnownFileType = file.xib; name = QuizViewController.xib; path = "../New Group3/QuizViewController.xib"; sourceTree = "<group>"; };
		718D6B892579D92400663CAD /* Box.swift */ = {isa = PBXFileReference; lastKnownFileType = sourcecode.swift; path = Box.swift; sourceTree = "<group>"; };
		718D6B8E2579DBAF00663CAD /* FirebaseManager.swift */ = {isa = PBXFileReference; lastKnownFileType = sourcecode.swift; path = FirebaseManager.swift; sourceTree = "<group>"; };
		718D6B91257A1FF500663CAD /* User.swift */ = {isa = PBXFileReference; lastKnownFileType = sourcecode.swift; path = User.swift; sourceTree = "<group>"; };
		71978A292574CB3B00591B77 /* FSPagerView+Extension.swift */ = {isa = PBXFileReference; lastKnownFileType = sourcecode.swift; path = "FSPagerView+Extension.swift"; sourceTree = "<group>"; };
		71A84A832576368900E0C14D /* FavoriteViewController.swift */ = {isa = PBXFileReference; lastKnownFileType = sourcecode.swift; path = FavoriteViewController.swift; sourceTree = "<group>"; };
		71A84A842576368900E0C14D /* FavoriteViewController.xib */ = {isa = PBXFileReference; lastKnownFileType = file.xib; path = FavoriteViewController.xib; sourceTree = "<group>"; };
		71A84A8A257637B600E0C14D /* FavoriteTableViewCell.swift */ = {isa = PBXFileReference; lastKnownFileType = sourcecode.swift; path = FavoriteTableViewCell.swift; sourceTree = "<group>"; };
		71A84A8B257637B600E0C14D /* FavoriteTableViewCell.xib */ = {isa = PBXFileReference; lastKnownFileType = file.xib; path = FavoriteTableViewCell.xib; sourceTree = "<group>"; };
		71A84A902576802900E0C14D /* Category.swift */ = {isa = PBXFileReference; lastKnownFileType = sourcecode.swift; path = Category.swift; sourceTree = "<group>"; };
		71A84A95257689B000E0C14D /* CardView.swift */ = {isa = PBXFileReference; lastKnownFileType = sourcecode.swift; path = CardView.swift; sourceTree = "<group>"; };
		71CE92112579C0AE0080E0A0 /* JoeyPanelViewController.swift */ = {isa = PBXFileReference; fileEncoding = 4; lastKnownFileType = sourcecode.swift; path = JoeyPanelViewController.swift; sourceTree = "<group>"; };
		71CE92162579C21F0080E0A0 /* NewPostButtonView.swift */ = {isa = PBXFileReference; fileEncoding = 4; lastKnownFileType = sourcecode.swift; path = NewPostButtonView.swift; sourceTree = "<group>"; };
		71E7F3302570D67900F15098 /* HomePageViewController.xib */ = {isa = PBXFileReference; fileEncoding = 4; lastKnownFileType = file.xib; path = HomePageViewController.xib; sourceTree = "<group>"; };
		71E7F3322570D67900F15098 /* MostViewedWordCollectionViewCell.swift */ = {isa = PBXFileReference; fileEncoding = 4; lastKnownFileType = sourcecode.swift; path = MostViewedWordCollectionViewCell.swift; sourceTree = "<group>"; };
		71E7F3332570D67900F15098 /* MostViewedWordCollectionViewCell.xib */ = {isa = PBXFileReference; fileEncoding = 4; lastKnownFileType = file.xib; path = MostViewedWordCollectionViewCell.xib; sourceTree = "<group>"; };
		71E7F33B2570D6FD00F15098 /* HomePageViewController.swift */ = {isa = PBXFileReference; fileEncoding = 4; lastKnownFileType = sourcecode.swift; path = HomePageViewController.swift; sourceTree = "<group>"; };
		71E7F3402570D73700F15098 /* UIColor+Extension.swift */ = {isa = PBXFileReference; fileEncoding = 4; lastKnownFileType = sourcecode.swift; path = "UIColor+Extension.swift"; sourceTree = "<group>"; };
		71E7F3412570D73700F15098 /* UIView+Extension.swift */ = {isa = PBXFileReference; fileEncoding = 4; lastKnownFileType = sourcecode.swift; path = "UIView+Extension.swift"; sourceTree = "<group>"; };
		71E7F3422570D73700F15098 /* UICollectionView+Extension.swift */ = {isa = PBXFileReference; fileEncoding = 4; lastKnownFileType = sourcecode.swift; path = "UICollectionView+Extension.swift"; sourceTree = "<group>"; };
		71E7F34A2570D75B00F15098 /* Definition.swift */ = {isa = PBXFileReference; fileEncoding = 4; lastKnownFileType = sourcecode.swift; path = Definition.swift; sourceTree = "<group>"; };
		71E7F34B2570D75B00F15098 /* Word.swift */ = {isa = PBXFileReference; fileEncoding = 4; lastKnownFileType = sourcecode.swift; path = Word.swift; sourceTree = "<group>"; };
		71E7F3512570D76600F15098 /* HomePageViewModel.swift */ = {isa = PBXFileReference; fileEncoding = 4; lastKnownFileType = sourcecode.swift; path = HomePageViewModel.swift; sourceTree = "<group>"; };
		71F9441F25789B140014808E /* JoeyTextLayer.swift */ = {isa = PBXFileReference; lastKnownFileType = sourcecode.swift; path = JoeyTextLayer.swift; sourceTree = "<group>"; };
		71F9442A2578C15E0014808E /* RankViewController.swift */ = {isa = PBXFileReference; lastKnownFileType = sourcecode.swift; path = RankViewController.swift; sourceTree = "<group>"; };
		71F9442B2578C15E0014808E /* RankViewController.xib */ = {isa = PBXFileReference; lastKnownFileType = file.xib; name = RankViewController.xib; path = "../New Group2/RankViewController.xib"; sourceTree = "<group>"; };
		BD79464FBEA10AB0680FA634 /* Pods_MandarinUrbanDictionary.framework */ = {isa = PBXFileReference; explicitFileType = wrapper.framework; includeInIndex = 0; path = Pods_MandarinUrbanDictionary.framework; sourceTree = BUILT_PRODUCTS_DIR; };
		D9ED06464B995D3E2CBF6928 /* Pods-MandarinUrbanDictionary.release.xcconfig */ = {isa = PBXFileReference; includeInIndex = 1; lastKnownFileType = text.xcconfig; name = "Pods-MandarinUrbanDictionary.release.xcconfig"; path = "Target Support Files/Pods-MandarinUrbanDictionary/Pods-MandarinUrbanDictionary.release.xcconfig"; sourceTree = "<group>"; };
		F18C21768667612211CB775E /* Pods-MandarinUrbanDictionary.debug.xcconfig */ = {isa = PBXFileReference; includeInIndex = 1; lastKnownFileType = text.xcconfig; name = "Pods-MandarinUrbanDictionary.debug.xcconfig"; path = "Target Support Files/Pods-MandarinUrbanDictionary/Pods-MandarinUrbanDictionary.debug.xcconfig"; sourceTree = "<group>"; };
/* End PBXFileReference section */

/* Begin PBXFrameworksBuildPhase section */
		7175691C2570CFD300417B9C /* Frameworks */ = {
			isa = PBXFrameworksBuildPhase;
			buildActionMask = 2147483647;
			files = (
				E19594E26AB12FCE94225D78 /* Pods_MandarinUrbanDictionary.framework in Frameworks */,
			);
			runOnlyForDeploymentPostprocessing = 0;
		};
/* End PBXFrameworksBuildPhase section */

/* Begin PBXGroup section */
		7105AF872575E9CD000C71B4 /* Definition */ = {
			isa = PBXGroup;
			children = (
				7120E01E257231CC00A56E7E /* DefinitionViewController.xib */,
			);
			path = Definition;
			sourceTree = "<group>";
		};
		7105AF892575E9E3000C71B4 /* New Word */ = {
			isa = PBXGroup;
			children = (
				7152EADB2575E94A00F1C5FB /* AddNewWordViewController.xib */,
			);
			path = "New Word";
			sourceTree = "<group>";
		};
		7120E0232572333B00A56E7E /* MostViewedWord */ = {
			isa = PBXGroup;
			children = (
				71E7F3322570D67900F15098 /* MostViewedWordCollectionViewCell.swift */,
				71E7F3332570D67900F15098 /* MostViewedWordCollectionViewCell.xib */,
			);
			path = MostViewedWord;
			sourceTree = "<group>";
		};
		7120E0242572334300A56E7E /* Category */ = {
			isa = PBXGroup;
			children = (
				7120E0112571167700A56E7E /* CategoryCollectionViewCell.swift */,
				7120E0122571167700A56E7E /* CategoryCollectionViewCell.xib */,
			);
			path = Category;
			sourceTree = "<group>";
		};
		713488832574954F007ADED3 /* Definition */ = {
			isa = PBXGroup;
			children = (
				7134888425749582007ADED3 /* DefinitionTableViewCell.swift */,
				7134888525749582007ADED3 /* DefinitionTableViewCell.xib */,
			);
			path = Definition;
			sourceTree = "<group>";
		};
		7152EACD2575E8BE00F1C5FB /* New Word */ = {
			isa = PBXGroup;
			children = (
				7152EADA2575E94A00F1C5FB /* AddNewWordViewController.swift */,
			);
			path = "New Word";
			sourceTree = "<group>";
		};
		7152EACE2575E8C800F1C5FB /* Search */ = {
			isa = PBXGroup;
			children = (
				7120E0052570F65D00A56E7E /* SearchPageViewController.swift */,
			);
			path = Search;
			sourceTree = "<group>";
		};
		7152EAD02575E8D900F1C5FB /* Category */ = {
			isa = PBXGroup;
			children = (
				7120E00B2571116400A56E7E /* CategoryViewController.swift */,
			);
			path = Category;
			sourceTree = "<group>";
		};
		7152EAD32575E8E000F1C5FB /* Definition */ = {
			isa = PBXGroup;
			children = (
				7120E01D257231CC00A56E7E /* DefinitionViewController.swift */,
			);
			path = Definition;
			sourceTree = "<group>";
		};
		7152EADF2575E96400F1C5FB /* Search */ = {
			isa = PBXGroup;
			children = (
				7120E0062570F65D00A56E7E /* SearchPageViewController.xib */,
			);
			path = Search;
			sourceTree = "<group>";
		};
		7152EAE02575E96900F1C5FB /* Category */ = {
			isa = PBXGroup;
			children = (
				7120E00C2571116400A56E7E /* CategoryViewController.xib */,
			);
			path = Category;
			sourceTree = "<group>";
		};
		7160B713257254D8007F7C90 /* TableViewCell */ = {
			isa = PBXGroup;
			children = (
				7160B71825725558007F7C90 /* Definition Header */,
				713488832574954F007ADED3 /* Definition */,
				716CD319257503A700695A91 /* SidePanel */,
				716CD324257522EF00695A91 /* SidePanel Header */,
				71A84A892576379400E0C14D /* Favorite */,
				71883B792578D6D200170AC9 /* Rank */,
			);
			path = TableViewCell;
			sourceTree = "<group>";
		};
		7160B71825725558007F7C90 /* Definition Header */ = {
			isa = PBXGroup;
			children = (
				7160B71425725532007F7C90 /* DefinitionHeaderView.swift */,
				7160B71925725572007F7C90 /* DefinitionHeaderView.xib */,
			);
			path = "Definition Header";
			sourceTree = "<group>";
		};
		716A8D6125778A85005C5782 /* Report */ = {
			isa = PBXGroup;
			children = (
				716A8D6225778AA3005C5782 /* ReportViewController.swift */,
			);
			path = Report;
			sourceTree = "<group>";
		};
		716A8D6725778AAA005C5782 /* Report */ = {
			isa = PBXGroup;
			children = (
				716A8D6325778AA3005C5782 /* ReportViewController.xib */,
			);
			path = Report;
			sourceTree = "<group>";
		};
		716A8D6D2578771D005C5782 /* Login */ = {
			isa = PBXGroup;
			children = (
				716A8D6F25787A01005C5782 /* LoginViewController.swift */,
			);
			path = Login;
			sourceTree = "<group>";
		};
		716A8D7425787A29005C5782 /* Login */ = {
			isa = PBXGroup;
			children = (
				716A8D7025787A01005C5782 /* LoginViewController.xib */,
			);
			path = Login;
			sourceTree = "<group>";
		};
		716CD30A2574F79100695A91 /* HomePage */ = {
			isa = PBXGroup;
			children = (
				716CD30C2574F7A200695A91 /* ContainerViewController.swift */,
				71E7F33B2570D6FD00F15098 /* HomePageViewController.swift */,
				716CD30F2574F80500695A91 /* SidePanelViewController.swift */,
			);
			path = HomePage;
			sourceTree = "<group>";
		};
		716CD3152574F81000695A91 /* HomePage */ = {
			isa = PBXGroup;
			children = (
				71E7F3302570D67900F15098 /* HomePageViewController.xib */,
				716CD3102574F80500695A91 /* SidePanelViewController.xib */,
			);
			path = HomePage;
			sourceTree = "<group>";
		};
		716CD319257503A700695A91 /* SidePanel */ = {
			isa = PBXGroup;
			children = (
				716CD31B2575130400695A91 /* SidePanelTableViewCell.swift */,
				716CD31C2575130400695A91 /* SidePanelTableViewCell.xib */,
			);
			path = SidePanel;
			sourceTree = "<group>";
		};
		716CD324257522EF00695A91 /* SidePanel Header */ = {
			isa = PBXGroup;
			children = (
				716CD3252575232700695A91 /* SidePanelHeaderFooterView.swift */,
				716CD3282575234100695A91 /* SidePanelHeaderFooterView.xib */,
			);
			path = "SidePanel Header";
			sourceTree = "<group>";
		};
		717569162570CFD300417B9C = {
			isa = PBXGroup;
			children = (
				717569212570CFD300417B9C /* MandarinUrbanDictionary */,
				717569202570CFD300417B9C /* Products */,
				BD46FC664045AE34D3F9C256 /* Pods */,
				E6EC90ACA63C2F6AD7C57BF9 /* Frameworks */,
			);
			sourceTree = "<group>";
		};
		717569202570CFD300417B9C /* Products */ = {
			isa = PBXGroup;
			children = (
				7175691F2570CFD300417B9C /* MandarinUrbanDictionary.app */,
			);
			name = Products;
			sourceTree = "<group>";
		};
		717569212570CFD300417B9C /* MandarinUrbanDictionary */ = {
			isa = PBXGroup;
			children = (
				71C5C7D725792E4200EAE24B /* Entity */,
				71E7F34F2570D76100F15098 /* Helper */,
				71E7F33E2570D73700F15098 /* Extension */,
				71E7F32F2570D67900F15098 /* xibs */,
				718D6B8C2579DA8C00663CAD /* Networking */,
				71E7F3492570D75B00F15098 /* Model */,
				71E7F3502570D76600F15098 /* ViewModel */,
				71E7F32E2570D67900F15098 /* View */,
				71E7F33A2570D6FD00F15098 /* Controller */,
				717569782570D35100417B9C /* Fundmental */,
				7175692B2570CFD600417B9C /* Assets.xcassets */,
				7175694A2570D0F000417B9C /* Supporting Files */,
			);
			path = MandarinUrbanDictionary;
			sourceTree = "<group>";
		};
		7175694A2570D0F000417B9C /* Supporting Files */ = {
			isa = PBXGroup;
			children = (
				7175692D2570CFD600417B9C /* LaunchScreen.storyboard */,
				7175694B2570D0FE00417B9C /* GoogleService-Info.plist */,
				717569302570CFD600417B9C /* Info.plist */,
			);
			path = "Supporting Files";
			sourceTree = "<group>";
		};
		717569782570D35100417B9C /* Fundmental */ = {
			isa = PBXGroup;
			children = (
				717569222570CFD300417B9C /* AppDelegate.swift */,
				717569242570CFD300417B9C /* SceneDelegate.swift */,
			);
			path = Fundmental;
			sourceTree = "<group>";
		};
		71883B792578D6D200170AC9 /* Rank */ = {
			isa = PBXGroup;
			children = (
				71883B7A2578D6F300170AC9 /* RankTableViewCell.swift */,
				71883B7B2578D6F300170AC9 /* RankTableViewCell.xib */,
			);
			path = Rank;
			sourceTree = "<group>";
		};
		71883B7F2578EF9F00170AC9 /* Quiz */ = {
			isa = PBXGroup;
			children = (
				71883B802578EFBB00170AC9 /* QuizViewController.swift */,
			);
			path = Quiz;
			sourceTree = "<group>";
		};
		718D6B8C2579DA8C00663CAD /* Networking */ = {
			isa = PBXGroup;
			children = (
				718D6B8D2579DB7A00663CAD /* Manager */,
			);
			path = Networking;
			sourceTree = "<group>";
		};
		718D6B8D2579DB7A00663CAD /* Manager */ = {
			isa = PBXGroup;
			children = (
				718D6B8E2579DBAF00663CAD /* FirebaseManager.swift */,
			);
			path = Manager;
			sourceTree = "<group>";
		};
		71A84A822576365000E0C14D /* Favorite */ = {
			isa = PBXGroup;
			children = (
				71A84A832576368900E0C14D /* FavoriteViewController.swift */,
			);
			path = Favorite;
			sourceTree = "<group>";
		};
		71A84A882576369600E0C14D /* Favorite */ = {
			isa = PBXGroup;
			children = (
				71A84A842576368900E0C14D /* FavoriteViewController.xib */,
			);
			path = Favorite;
			sourceTree = "<group>";
		};
		71A84A892576379400E0C14D /* Favorite */ = {
			isa = PBXGroup;
			children = (
				71A84A8A257637B600E0C14D /* FavoriteTableViewCell.swift */,
				71A84A8B257637B600E0C14D /* FavoriteTableViewCell.xib */,
			);
			path = Favorite;
			sourceTree = "<group>";
		};
		71C5C7D02579216100EAE24B /* Quiz */ = {
			isa = PBXGroup;
			children = (
				71883B812578EFBB00170AC9 /* QuizViewController.xib */,
			);
			path = Quiz;
			sourceTree = "<group>";
		};
		71C5C7D725792E4200EAE24B /* Entity */ = {
			isa = PBXGroup;
			children = (
				718D6B892579D92400663CAD /* Box.swift */,
			);
			path = Entity;
			sourceTree = "<group>";
		};
		71CE92102579C03B0080E0A0 /* Base */ = {
			isa = PBXGroup;
			children = (
				71CE92112579C0AE0080E0A0 /* JoeyPanelViewController.swift */,
			);
			path = Base;
			sourceTree = "<group>";
		};
		71CE92152579C1FF0080E0A0 /* Base */ = {
			isa = PBXGroup;
			children = (
				71A84A95257689B000E0C14D /* CardView.swift */,
				71CE92162579C21F0080E0A0 /* NewPostButtonView.swift */,
			);
			path = Base;
			sourceTree = "<group>";
		};
		71E7F32E2570D67900F15098 /* View */ = {
			isa = PBXGroup;
			children = (
				71CE92152579C1FF0080E0A0 /* Base */,
				716A8D6D2578771D005C5782 /* Login */,
				71E7F3312570D67900F15098 /* CollectionViewCell */,
				7160B713257254D8007F7C90 /* TableViewCell */,
			);
			path = View;
			sourceTree = "<group>";
		};
		71E7F32F2570D67900F15098 /* xibs */ = {
			isa = PBXGroup;
			children = (
				716A8D7425787A29005C5782 /* Login */,
				716CD3152574F81000695A91 /* HomePage */,
				7105AF892575E9E3000C71B4 /* New Word */,
				7152EADF2575E96400F1C5FB /* Search */,
				7152EAE02575E96900F1C5FB /* Category */,
				7105AF872575E9CD000C71B4 /* Definition */,
				71A84A882576369600E0C14D /* Favorite */,
				716A8D6725778AAA005C5782 /* Report */,
				71F944432578C3250014808E /* Rank */,
				71C5C7D02579216100EAE24B /* Quiz */,
			);
			path = xibs;
			sourceTree = "<group>";
		};
		71E7F3312570D67900F15098 /* CollectionViewCell */ = {
			isa = PBXGroup;
			children = (
				7120E0232572333B00A56E7E /* MostViewedWord */,
				7120E0242572334300A56E7E /* Category */,
			);
			path = CollectionViewCell;
			sourceTree = "<group>";
		};
		71E7F33A2570D6FD00F15098 /* Controller */ = {
			isa = PBXGroup;
			children = (
				71CE92102579C03B0080E0A0 /* Base */,
				716CD30A2574F79100695A91 /* HomePage */,
				7152EACD2575E8BE00F1C5FB /* New Word */,
				7152EACE2575E8C800F1C5FB /* Search */,
				7152EAD02575E8D900F1C5FB /* Category */,
				7152EAD32575E8E000F1C5FB /* Definition */,
				71A84A822576365000E0C14D /* Favorite */,
				71F944292578C1380014808E /* Rank */,
				71883B7F2578EF9F00170AC9 /* Quiz */,
				716A8D6125778A85005C5782 /* Report */,
			);
			name = Controller;
			path = MandarinUrbanDictionary/Controller;
			sourceTree = SOURCE_ROOT;
		};
		71E7F33E2570D73700F15098 /* Extension */ = {
			isa = PBXGroup;
			children = (
				71E7F3402570D73700F15098 /* UIColor+Extension.swift */,
				71E7F3412570D73700F15098 /* UIView+Extension.swift */,
				71E7F3422570D73700F15098 /* UICollectionView+Extension.swift */,
				7120E01A257225CF00A56E7E /* UISearchBar+Extension.swift */,
				7160B71025725359007F7C90 /* UITableView+Extension.swift */,
				7134887F257285F5007ADED3 /* UINavigationItem+Extension.swift */,
				71978A292574CB3B00591B77 /* FSPagerView+Extension.swift */,
				716A8D4625773C11005C5782 /* UIViewController+Extension.swift */,
			);
			name = Extension;
			path = MandarinUrbanDictionary/Extension;
			sourceTree = SOURCE_ROOT;
		};
		71E7F3492570D75B00F15098 /* Model */ = {
			isa = PBXGroup;
			children = (
				718D6B91257A1FF500663CAD /* User.swift */,
				71E7F34A2570D75B00F15098 /* Definition.swift */,
				716A8D692577A880005C5782 /* Report.swift */,
				71E7F34B2570D75B00F15098 /* Word.swift */,
				71A84A902576802900E0C14D /* Category.swift */,
				71811DEB2576DC66005319DA /* SidePanel.swift */,
				716A8D5C25777040005C5782 /* ImageConstant.swift */,
			);
			path = Model;
			sourceTree = "<group>";
		};
		71E7F34F2570D76100F15098 /* Helper */ = {
			isa = PBXGroup;
			children = (
				7120E0172572024A00A56E7E /* SearchButton.swift */,
				71F9441F25789B140014808E /* JoeyTextLayer.swift */,
			);
			path = Helper;
			sourceTree = "<group>";
		};
		71E7F3502570D76600F15098 /* ViewModel */ = {
			isa = PBXGroup;
			children = (
				71E7F3512570D76600F15098 /* HomePageViewModel.swift */,
				7134888925749D05007ADED3 /* DefinitionViewModel.swift */,
				716CD3202575183D00695A91 /* SidePanelViewModel.swift */,
			);
			path = ViewModel;
			sourceTree = "<group>";
		};
		71F944292578C1380014808E /* Rank */ = {
			isa = PBXGroup;
			children = (
				71F9442A2578C15E0014808E /* RankViewController.swift */,
			);
			path = Rank;
			sourceTree = "<group>";
		};
		71F944432578C3250014808E /* Rank */ = {
			isa = PBXGroup;
			children = (
				71F9442B2578C15E0014808E /* RankViewController.xib */,
			);
			path = Rank;
			sourceTree = "<group>";
		};
		BD46FC664045AE34D3F9C256 /* Pods */ = {
			isa = PBXGroup;
			children = (
				F18C21768667612211CB775E /* Pods-MandarinUrbanDictionary.debug.xcconfig */,
				D9ED06464B995D3E2CBF6928 /* Pods-MandarinUrbanDictionary.release.xcconfig */,
			);
			path = Pods;
			sourceTree = "<group>";
		};
		E6EC90ACA63C2F6AD7C57BF9 /* Frameworks */ = {
			isa = PBXGroup;
			children = (
				BD79464FBEA10AB0680FA634 /* Pods_MandarinUrbanDictionary.framework */,
			);
			name = Frameworks;
			sourceTree = "<group>";
		};
/* End PBXGroup section */

/* Begin PBXNativeTarget section */
		7175691E2570CFD300417B9C /* MandarinUrbanDictionary */ = {
			isa = PBXNativeTarget;
			buildConfigurationList = 717569332570CFD600417B9C /* Build configuration list for PBXNativeTarget "MandarinUrbanDictionary" */;
			buildPhases = (
				412638A3035C4D813576EE70 /* [CP] Check Pods Manifest.lock */,
				7175691B2570CFD300417B9C /* Sources */,
				7175691C2570CFD300417B9C /* Frameworks */,
				7175691D2570CFD300417B9C /* Resources */,
				14A3E35124F544F9D1735DD3 /* [CP] Embed Pods Frameworks */,
				717569502570D1CD00417B9C /* SwiftLint */,
			);
			buildRules = (
			);
			dependencies = (
			);
			name = MandarinUrbanDictionary;
			productName = MandarinUrbanDictionary;
			productReference = 7175691F2570CFD300417B9C /* MandarinUrbanDictionary.app */;
			productType = "com.apple.product-type.application";
		};
/* End PBXNativeTarget section */

/* Begin PBXProject section */
		717569172570CFD300417B9C /* Project object */ = {
			isa = PBXProject;
			attributes = {
				LastSwiftUpdateCheck = 1220;
				LastUpgradeCheck = 1220;
				TargetAttributes = {
					7175691E2570CFD300417B9C = {
						CreatedOnToolsVersion = 12.2;
					};
				};
			};
			buildConfigurationList = 7175691A2570CFD300417B9C /* Build configuration list for PBXProject "MandarinUrbanDictionary" */;
			compatibilityVersion = "Xcode 9.3";
			developmentRegion = en;
			hasScannedForEncodings = 0;
			knownRegions = (
				en,
				Base,
			);
			mainGroup = 717569162570CFD300417B9C;
			productRefGroup = 717569202570CFD300417B9C /* Products */;
			projectDirPath = "";
			projectRoot = "";
			targets = (
				7175691E2570CFD300417B9C /* MandarinUrbanDictionary */,
			);
		};
/* End PBXProject section */

/* Begin PBXResourcesBuildPhase section */
		7175691D2570CFD300417B9C /* Resources */ = {
			isa = PBXResourcesBuildPhase;
			buildActionMask = 2147483647;
			files = (
				716CD3122574F80500695A91 /* SidePanelViewController.xib in Resources */,
				7160B71A25725572007F7C90 /* DefinitionHeaderView.xib in Resources */,
				7152EADD2575E94A00F1C5FB /* AddNewWordViewController.xib in Resources */,
				716A8D7225787A01005C5782 /* LoginViewController.xib in Resources */,
				71883B7D2578D6F300170AC9 /* RankTableViewCell.xib in Resources */,
				7134888725749582007ADED3 /* DefinitionTableViewCell.xib in Resources */,
				7120E00E2571116400A56E7E /* CategoryViewController.xib in Resources */,
				71F9442D2578C15E0014808E /* RankViewController.xib in Resources */,
				716CD3292575234100695A91 /* SidePanelHeaderFooterView.xib in Resources */,
				7120E020257231CC00A56E7E /* DefinitionViewController.xib in Resources */,
				71E7F3352570D67900F15098 /* HomePageViewController.xib in Resources */,
				716A8D6525778AA4005C5782 /* ReportViewController.xib in Resources */,
				71E7F3372570D67900F15098 /* MostViewedWordCollectionViewCell.xib in Resources */,
				716CD31E2575130400695A91 /* SidePanelTableViewCell.xib in Resources */,
				71A84A862576368900E0C14D /* FavoriteViewController.xib in Resources */,
				71883B832578EFBB00170AC9 /* QuizViewController.xib in Resources */,
				7175692F2570CFD600417B9C /* LaunchScreen.storyboard in Resources */,
				71A84A8D257637B600E0C14D /* FavoriteTableViewCell.xib in Resources */,
				7120E0142571167700A56E7E /* CategoryCollectionViewCell.xib in Resources */,
				7175694C2570D0FE00417B9C /* GoogleService-Info.plist in Resources */,
				7175692C2570CFD600417B9C /* Assets.xcassets in Resources */,
				7120E0082570F65D00A56E7E /* SearchPageViewController.xib in Resources */,
			);
			runOnlyForDeploymentPostprocessing = 0;
		};
/* End PBXResourcesBuildPhase section */

/* Begin PBXShellScriptBuildPhase section */
		14A3E35124F544F9D1735DD3 /* [CP] Embed Pods Frameworks */ = {
			isa = PBXShellScriptBuildPhase;
			buildActionMask = 2147483647;
			files = (
			);
			inputFileListPaths = (
				"${PODS_ROOT}/Target Support Files/Pods-MandarinUrbanDictionary/Pods-MandarinUrbanDictionary-frameworks-${CONFIGURATION}-input-files.xcfilelist",
			);
			name = "[CP] Embed Pods Frameworks";
			outputFileListPaths = (
				"${PODS_ROOT}/Target Support Files/Pods-MandarinUrbanDictionary/Pods-MandarinUrbanDictionary-frameworks-${CONFIGURATION}-output-files.xcfilelist",
			);
			runOnlyForDeploymentPostprocessing = 0;
			shellPath = /bin/sh;
			shellScript = "\"${PODS_ROOT}/Target Support Files/Pods-MandarinUrbanDictionary/Pods-MandarinUrbanDictionary-frameworks.sh\"\n";
			showEnvVarsInLog = 0;
		};
		412638A3035C4D813576EE70 /* [CP] Check Pods Manifest.lock */ = {
			isa = PBXShellScriptBuildPhase;
			buildActionMask = 2147483647;
			files = (
			);
			inputFileListPaths = (
			);
			inputPaths = (
				"${PODS_PODFILE_DIR_PATH}/Podfile.lock",
				"${PODS_ROOT}/Manifest.lock",
			);
			name = "[CP] Check Pods Manifest.lock";
			outputFileListPaths = (
			);
			outputPaths = (
				"$(DERIVED_FILE_DIR)/Pods-MandarinUrbanDictionary-checkManifestLockResult.txt",
			);
			runOnlyForDeploymentPostprocessing = 0;
			shellPath = /bin/sh;
			shellScript = "diff \"${PODS_PODFILE_DIR_PATH}/Podfile.lock\" \"${PODS_ROOT}/Manifest.lock\" > /dev/null\nif [ $? != 0 ] ; then\n    # print error to STDERR\n    echo \"error: The sandbox is not in sync with the Podfile.lock. Run 'pod install' or update your CocoaPods installation.\" >&2\n    exit 1\nfi\n# This output is used by Xcode 'outputs' to avoid re-running this script phase.\necho \"SUCCESS\" > \"${SCRIPT_OUTPUT_FILE_0}\"\n";
			showEnvVarsInLog = 0;
		};
		717569502570D1CD00417B9C /* SwiftLint */ = {
			isa = PBXShellScriptBuildPhase;
			buildActionMask = 2147483647;
			files = (
			);
			inputFileListPaths = (
			);
			inputPaths = (
			);
			name = SwiftLint;
			outputFileListPaths = (
			);
			outputPaths = (
			);
			runOnlyForDeploymentPostprocessing = 0;
			shellPath = /bin/sh;
			shellScript = "\"${PODS_ROOT}/SwiftLint/swiftlint\"\n";
		};
/* End PBXShellScriptBuildPhase section */

/* Begin PBXSourcesBuildPhase section */
		7175691B2570CFD300417B9C /* Sources */ = {
			isa = PBXSourcesBuildPhase;
			buildActionMask = 2147483647;
			files = (
				716A8D4725773C11005C5782 /* UIViewController+Extension.swift in Sources */,
				71CE92172579C21F0080E0A0 /* NewPostButtonView.swift in Sources */,
				718D6B92257A1FF500663CAD /* User.swift in Sources */,
				716CD3212575183D00695A91 /* SidePanelViewModel.swift in Sources */,
				71811DEC2576DC66005319DA /* SidePanel.swift in Sources */,
				71E7F3462570D73700F15098 /* UICollectionView+Extension.swift in Sources */,
				7120E0132571167700A56E7E /* CategoryCollectionViewCell.swift in Sources */,
				7160B71125725359007F7C90 /* UITableView+Extension.swift in Sources */,
				71E7F3442570D73700F15098 /* UIColor+Extension.swift in Sources */,
				7120E00D2571116400A56E7E /* CategoryViewController.swift in Sources */,
				718D6B8A2579D92400663CAD /* Box.swift in Sources */,
				7120E01B257225CF00A56E7E /* UISearchBar+Extension.swift in Sources */,
				716A8D6A2577A880005C5782 /* Report.swift in Sources */,
				716CD3262575232700695A91 /* SidePanelHeaderFooterView.swift in Sources */,
				7160B71525725532007F7C90 /* DefinitionHeaderView.swift in Sources */,
				71E7F34C2570D75B00F15098 /* Definition.swift in Sources */,
				716CD3112574F80500695A91 /* SidePanelViewController.swift in Sources */,
				71978A2A2574CB3B00591B77 /* FSPagerView+Extension.swift in Sources */,
				71E7F3452570D73700F15098 /* UIView+Extension.swift in Sources */,
				71E7F3362570D67900F15098 /* MostViewedWordCollectionViewCell.swift in Sources */,
				71E7F34D2570D75B00F15098 /* Word.swift in Sources */,
				718D6B8F2579DBAF00663CAD /* FirebaseManager.swift in Sources */,
				716A8D5D25777040005C5782 /* ImageConstant.swift in Sources */,
				716A8D6425778AA3005C5782 /* ReportViewController.swift in Sources */,
				7120E0072570F65D00A56E7E /* SearchPageViewController.swift in Sources */,
				71348880257285F5007ADED3 /* UINavigationItem+Extension.swift in Sources */,
				71F9442025789B140014808E /* JoeyTextLayer.swift in Sources */,
				7152EADC2575E94A00F1C5FB /* AddNewWordViewController.swift in Sources */,
				716A8D7125787A01005C5782 /* LoginViewController.swift in Sources */,
				71883B822578EFBB00170AC9 /* QuizViewController.swift in Sources */,
				71E7F3522570D76600F15098 /* HomePageViewModel.swift in Sources */,
				71CE92122579C0AE0080E0A0 /* JoeyPanelViewController.swift in Sources */,
				7134888A25749D05007ADED3 /* DefinitionViewModel.swift in Sources */,
				7134888625749582007ADED3 /* DefinitionTableViewCell.swift in Sources */,
				71A84A852576368900E0C14D /* FavoriteViewController.swift in Sources */,
				716CD31D2575130400695A91 /* SidePanelTableViewCell.swift in Sources */,
				71883B7C2578D6F300170AC9 /* RankTableViewCell.swift in Sources */,
				71A84A8C257637B600E0C14D /* FavoriteTableViewCell.swift in Sources */,
				7120E01F257231CC00A56E7E /* DefinitionViewController.swift in Sources */,
				717569232570CFD300417B9C /* AppDelegate.swift in Sources */,
				71E7F33C2570D6FD00F15098 /* HomePageViewController.swift in Sources */,
				71F9442C2578C15E0014808E /* RankViewController.swift in Sources */,
				716CD30D2574F7A200695A91 /* ContainerViewController.swift in Sources */,
				717569252570CFD300417B9C /* SceneDelegate.swift in Sources */,
				7120E0182572024A00A56E7E /* SearchButton.swift in Sources */,
				71A84A96257689B000E0C14D /* CardView.swift in Sources */,
				71A84A912576802900E0C14D /* Category.swift in Sources */,
			);
			runOnlyForDeploymentPostprocessing = 0;
		};
/* End PBXSourcesBuildPhase section */

/* Begin PBXVariantGroup section */
		7175692D2570CFD600417B9C /* LaunchScreen.storyboard */ = {
			isa = PBXVariantGroup;
			children = (
				7175692E2570CFD600417B9C /* Base */,
			);
			name = LaunchScreen.storyboard;
			sourceTree = "<group>";
		};
/* End PBXVariantGroup section */

/* Begin XCBuildConfiguration section */
		717569312570CFD600417B9C /* Debug */ = {
			isa = XCBuildConfiguration;
			buildSettings = {
				ALWAYS_SEARCH_USER_PATHS = NO;
				CLANG_ANALYZER_NONNULL = YES;
				CLANG_ANALYZER_NUMBER_OBJECT_CONVERSION = YES_AGGRESSIVE;
				CLANG_CXX_LANGUAGE_STANDARD = "gnu++14";
				CLANG_CXX_LIBRARY = "libc++";
				CLANG_ENABLE_MODULES = YES;
				CLANG_ENABLE_OBJC_ARC = YES;
				CLANG_ENABLE_OBJC_WEAK = YES;
				CLANG_WARN_BLOCK_CAPTURE_AUTORELEASING = YES;
				CLANG_WARN_BOOL_CONVERSION = YES;
				CLANG_WARN_COMMA = YES;
				CLANG_WARN_CONSTANT_CONVERSION = YES;
				CLANG_WARN_DEPRECATED_OBJC_IMPLEMENTATIONS = YES;
				CLANG_WARN_DIRECT_OBJC_ISA_USAGE = YES_ERROR;
				CLANG_WARN_DOCUMENTATION_COMMENTS = YES;
				CLANG_WARN_EMPTY_BODY = YES;
				CLANG_WARN_ENUM_CONVERSION = YES;
				CLANG_WARN_INFINITE_RECURSION = YES;
				CLANG_WARN_INT_CONVERSION = YES;
				CLANG_WARN_NON_LITERAL_NULL_CONVERSION = YES;
				CLANG_WARN_OBJC_IMPLICIT_RETAIN_SELF = YES;
				CLANG_WARN_OBJC_LITERAL_CONVERSION = YES;
				CLANG_WARN_OBJC_ROOT_CLASS = YES_ERROR;
				CLANG_WARN_QUOTED_INCLUDE_IN_FRAMEWORK_HEADER = YES;
				CLANG_WARN_RANGE_LOOP_ANALYSIS = YES;
				CLANG_WARN_STRICT_PROTOTYPES = YES;
				CLANG_WARN_SUSPICIOUS_MOVE = YES;
				CLANG_WARN_UNGUARDED_AVAILABILITY = YES_AGGRESSIVE;
				CLANG_WARN_UNREACHABLE_CODE = YES;
				CLANG_WARN__DUPLICATE_METHOD_MATCH = YES;
				COPY_PHASE_STRIP = NO;
				DEBUG_INFORMATION_FORMAT = dwarf;
				ENABLE_STRICT_OBJC_MSGSEND = YES;
				ENABLE_TESTABILITY = YES;
				GCC_C_LANGUAGE_STANDARD = gnu11;
				GCC_DYNAMIC_NO_PIC = NO;
				GCC_NO_COMMON_BLOCKS = YES;
				GCC_OPTIMIZATION_LEVEL = 0;
				GCC_PREPROCESSOR_DEFINITIONS = (
					"DEBUG=1",
					"$(inherited)",
				);
				GCC_WARN_64_TO_32_BIT_CONVERSION = YES;
				GCC_WARN_ABOUT_RETURN_TYPE = YES_ERROR;
				GCC_WARN_UNDECLARED_SELECTOR = YES;
				GCC_WARN_UNINITIALIZED_AUTOS = YES_AGGRESSIVE;
				GCC_WARN_UNUSED_FUNCTION = YES;
				GCC_WARN_UNUSED_VARIABLE = YES;
				IPHONEOS_DEPLOYMENT_TARGET = 14.2;
				MTL_ENABLE_DEBUG_INFO = INCLUDE_SOURCE;
				MTL_FAST_MATH = YES;
				ONLY_ACTIVE_ARCH = YES;
				SDKROOT = iphoneos;
				SWIFT_ACTIVE_COMPILATION_CONDITIONS = DEBUG;
				SWIFT_OPTIMIZATION_LEVEL = "-Onone";
			};
			name = Debug;
		};
		717569322570CFD600417B9C /* Release */ = {
			isa = XCBuildConfiguration;
			buildSettings = {
				ALWAYS_SEARCH_USER_PATHS = NO;
				CLANG_ANALYZER_NONNULL = YES;
				CLANG_ANALYZER_NUMBER_OBJECT_CONVERSION = YES_AGGRESSIVE;
				CLANG_CXX_LANGUAGE_STANDARD = "gnu++14";
				CLANG_CXX_LIBRARY = "libc++";
				CLANG_ENABLE_MODULES = YES;
				CLANG_ENABLE_OBJC_ARC = YES;
				CLANG_ENABLE_OBJC_WEAK = YES;
				CLANG_WARN_BLOCK_CAPTURE_AUTORELEASING = YES;
				CLANG_WARN_BOOL_CONVERSION = YES;
				CLANG_WARN_COMMA = YES;
				CLANG_WARN_CONSTANT_CONVERSION = YES;
				CLANG_WARN_DEPRECATED_OBJC_IMPLEMENTATIONS = YES;
				CLANG_WARN_DIRECT_OBJC_ISA_USAGE = YES_ERROR;
				CLANG_WARN_DOCUMENTATION_COMMENTS = YES;
				CLANG_WARN_EMPTY_BODY = YES;
				CLANG_WARN_ENUM_CONVERSION = YES;
				CLANG_WARN_INFINITE_RECURSION = YES;
				CLANG_WARN_INT_CONVERSION = YES;
				CLANG_WARN_NON_LITERAL_NULL_CONVERSION = YES;
				CLANG_WARN_OBJC_IMPLICIT_RETAIN_SELF = YES;
				CLANG_WARN_OBJC_LITERAL_CONVERSION = YES;
				CLANG_WARN_OBJC_ROOT_CLASS = YES_ERROR;
				CLANG_WARN_QUOTED_INCLUDE_IN_FRAMEWORK_HEADER = YES;
				CLANG_WARN_RANGE_LOOP_ANALYSIS = YES;
				CLANG_WARN_STRICT_PROTOTYPES = YES;
				CLANG_WARN_SUSPICIOUS_MOVE = YES;
				CLANG_WARN_UNGUARDED_AVAILABILITY = YES_AGGRESSIVE;
				CLANG_WARN_UNREACHABLE_CODE = YES;
				CLANG_WARN__DUPLICATE_METHOD_MATCH = YES;
				COPY_PHASE_STRIP = NO;
				DEBUG_INFORMATION_FORMAT = "dwarf-with-dsym";
				ENABLE_NS_ASSERTIONS = NO;
				ENABLE_STRICT_OBJC_MSGSEND = YES;
				GCC_C_LANGUAGE_STANDARD = gnu11;
				GCC_NO_COMMON_BLOCKS = YES;
				GCC_WARN_64_TO_32_BIT_CONVERSION = YES;
				GCC_WARN_ABOUT_RETURN_TYPE = YES_ERROR;
				GCC_WARN_UNDECLARED_SELECTOR = YES;
				GCC_WARN_UNINITIALIZED_AUTOS = YES_AGGRESSIVE;
				GCC_WARN_UNUSED_FUNCTION = YES;
				GCC_WARN_UNUSED_VARIABLE = YES;
				IPHONEOS_DEPLOYMENT_TARGET = 14.2;
				MTL_ENABLE_DEBUG_INFO = NO;
				MTL_FAST_MATH = YES;
				SDKROOT = iphoneos;
				SWIFT_COMPILATION_MODE = wholemodule;
				SWIFT_OPTIMIZATION_LEVEL = "-O";
				VALIDATE_PRODUCT = YES;
			};
			name = Release;
		};
		717569342570CFD600417B9C /* Debug */ = {
			isa = XCBuildConfiguration;
			baseConfigurationReference = F18C21768667612211CB775E /* Pods-MandarinUrbanDictionary.debug.xcconfig */;
			buildSettings = {
				ASSETCATALOG_COMPILER_APPICON_NAME = AppIcon;
				ASSETCATALOG_COMPILER_GLOBAL_ACCENT_COLOR_NAME = AccentColor;
				CODE_SIGN_STYLE = Automatic;
				DEVELOPMENT_TEAM = XN57F4FPDT;
				INFOPLIST_FILE = "MandarinUrbanDictionary/Supporting Files/Info.plist";
				LD_RUNPATH_SEARCH_PATHS = (
					"$(inherited)",
					"@executable_path/Frameworks",
				);
				PRODUCT_BUNDLE_IDENTIFIER = "com.Joey-MUDictionary.MandarinUrbanDictionary";
				PRODUCT_NAME = "$(TARGET_NAME)";
				SWIFT_VERSION = 5.0;
				TARGETED_DEVICE_FAMILY = "1,2";
			};
			name = Debug;
		};
		717569352570CFD600417B9C /* Release */ = {
			isa = XCBuildConfiguration;
			baseConfigurationReference = D9ED06464B995D3E2CBF6928 /* Pods-MandarinUrbanDictionary.release.xcconfig */;
			buildSettings = {
				ASSETCATALOG_COMPILER_APPICON_NAME = AppIcon;
				ASSETCATALOG_COMPILER_GLOBAL_ACCENT_COLOR_NAME = AccentColor;
				CODE_SIGN_STYLE = Automatic;
				DEVELOPMENT_TEAM = XN57F4FPDT;
				INFOPLIST_FILE = "MandarinUrbanDictionary/Supporting Files/Info.plist";
				LD_RUNPATH_SEARCH_PATHS = (
					"$(inherited)",
					"@executable_path/Frameworks",
				);
				PRODUCT_BUNDLE_IDENTIFIER = "com.Joey-MUDictionary.MandarinUrbanDictionary";
				PRODUCT_NAME = "$(TARGET_NAME)";
				SWIFT_VERSION = 5.0;
				TARGETED_DEVICE_FAMILY = "1,2";
			};
			name = Release;
		};
/* End XCBuildConfiguration section */

/* Begin XCConfigurationList section */
		7175691A2570CFD300417B9C /* Build configuration list for PBXProject "MandarinUrbanDictionary" */ = {
			isa = XCConfigurationList;
			buildConfigurations = (
				717569312570CFD600417B9C /* Debug */,
				717569322570CFD600417B9C /* Release */,
			);
			defaultConfigurationIsVisible = 0;
			defaultConfigurationName = Release;
		};
		717569332570CFD600417B9C /* Build configuration list for PBXNativeTarget "MandarinUrbanDictionary" */ = {
			isa = XCConfigurationList;
			buildConfigurations = (
				717569342570CFD600417B9C /* Debug */,
				717569352570CFD600417B9C /* Release */,
			);
			defaultConfigurationIsVisible = 0;
			defaultConfigurationName = Release;
		};
/* End XCConfigurationList section */
	};
	rootObject = 717569172570CFD300417B9C /* Project object */;
}
