// !$*UTF8*$!
{
	archiveVersion = 1;
	classes = {
	};
	objectVersion = 51;
	objects = {

/* Begin PBXBuildFile section */
		71055A8B2584285B00560C5D /* QuizViewController.xib in Resources */ = {isa = PBXBuildFile; fileRef = 71055A8A2584285B00560C5D /* QuizViewController.xib */; };
		71055A912584289500560C5D /* RankViewController.xib in Resources */ = {isa = PBXBuildFile; fileRef = 71055A902584289500560C5D /* RankViewController.xib */; };
		71055A95258428A300560C5D /* LoginViewController.xib in Resources */ = {isa = PBXBuildFile; fileRef = 71055A94258428A300560C5D /* LoginViewController.xib */; };
		710574B92589E771004556DF /* UIButton+Extension.swift in Sources */ = {isa = PBXBuildFile; fileRef = 710574B82589E771004556DF /* UIButton+Extension.swift */; };
		710574BE2589FF90004556DF /* AchievementViewController.swift in Sources */ = {isa = PBXBuildFile; fileRef = 710574BC2589FF90004556DF /* AchievementViewController.swift */; };
		710574BF2589FF90004556DF /* AchievementViewController.xib in Resources */ = {isa = PBXBuildFile; fileRef = 710574BD2589FF90004556DF /* AchievementViewController.xib */; };
		710574F1258A16FD004556DF /* UserViewModel.swift in Sources */ = {isa = PBXBuildFile; fileRef = 710574F0258A16FD004556DF /* UserViewModel.swift */; };
		711123812597851B002F5C13 /* TermOfServiceViewController.swift in Sources */ = {isa = PBXBuildFile; fileRef = 7111237F2597851B002F5C13 /* TermOfServiceViewController.swift */; };
		711123822597851B002F5C13 /* TermOfServiceViewController.xib in Resources */ = {isa = PBXBuildFile; fileRef = 711123802597851B002F5C13 /* TermOfServiceViewController.xib */; };
		7119AA2D257B73DE00A7F513 /* AddNewWordViewModel.swift in Sources */ = {isa = PBXBuildFile; fileRef = 7119AA2C257B73DD00A7F513 /* AddNewWordViewModel.swift */; };
		7120E0072570F65D00A56E7E /* SearchPageViewController.swift in Sources */ = {isa = PBXBuildFile; fileRef = 7120E0052570F65D00A56E7E /* SearchPageViewController.swift */; };
		7120E00D2571116400A56E7E /* CategoryViewController.swift in Sources */ = {isa = PBXBuildFile; fileRef = 7120E00B2571116400A56E7E /* CategoryViewController.swift */; };
		7120E00E2571116400A56E7E /* CategoryViewController.xib in Resources */ = {isa = PBXBuildFile; fileRef = 7120E00C2571116400A56E7E /* CategoryViewController.xib */; };
		7120E0132571167700A56E7E /* CategoryCollectionViewCell.swift in Sources */ = {isa = PBXBuildFile; fileRef = 7120E0112571167700A56E7E /* CategoryCollectionViewCell.swift */; };
		7120E0142571167700A56E7E /* CategoryCollectionViewCell.xib in Resources */ = {isa = PBXBuildFile; fileRef = 7120E0122571167700A56E7E /* CategoryCollectionViewCell.xib */; };
		7120E0182572024A00A56E7E /* SearchButton.swift in Sources */ = {isa = PBXBuildFile; fileRef = 7120E0172572024A00A56E7E /* SearchButton.swift */; };
		7120E01B257225CF00A56E7E /* UISearchBar+Extension.swift in Sources */ = {isa = PBXBuildFile; fileRef = 7120E01A257225CF00A56E7E /* UISearchBar+Extension.swift */; };
		7120E01F257231CC00A56E7E /* DefinitionViewController.swift in Sources */ = {isa = PBXBuildFile; fileRef = 7120E01D257231CC00A56E7E /* DefinitionViewController.swift */; };
		7120E020257231CC00A56E7E /* DefinitionViewController.xib in Resources */ = {isa = PBXBuildFile; fileRef = 7120E01E257231CC00A56E7E /* DefinitionViewController.xib */; };
		71230B6025845C9200B78C9C /* UserDefaults+Extension.swift in Sources */ = {isa = PBXBuildFile; fileRef = 71230B5F25845C9200B78C9C /* UserDefaults+Extension.swift */; };
		71295AD2259375A90077CD0A /* DailyWordViewController.swift in Sources */ = {isa = PBXBuildFile; fileRef = 71295AD0259375A90077CD0A /* DailyWordViewController.swift */; };
		71295AD3259375A90077CD0A /* DailyWordViewController.xib in Resources */ = {isa = PBXBuildFile; fileRef = 71295AD1259375A90077CD0A /* DailyWordViewController.xib */; };
		71295AD92593785F0077CD0A /* DailyTableViewCell.swift in Sources */ = {isa = PBXBuildFile; fileRef = 71295AD72593785F0077CD0A /* DailyTableViewCell.swift */; };
		71295ADA2593785F0077CD0A /* DailyTableViewCell.xib in Resources */ = {isa = PBXBuildFile; fileRef = 71295AD82593785F0077CD0A /* DailyTableViewCell.xib */; };
		71295ADD2593985F0077CD0A /* DailyWordViewModel.swift in Sources */ = {isa = PBXBuildFile; fileRef = 71295ADC2593985F0077CD0A /* DailyWordViewModel.swift */; };
		712F4FC4258DA28000F7AE29 /* ProgressBarMaker.swift in Sources */ = {isa = PBXBuildFile; fileRef = 712F4FC3258DA28000F7AE29 /* ProgressBarMaker.swift */; };
		713361C3258B8E5F00FEEB43 /* Request.swift in Sources */ = {isa = PBXBuildFile; fileRef = 713361C2258B8E5F00FEEB43 /* Request.swift */; };
		713361C9258C45B500FEEB43 /* AddNewWordView.swift in Sources */ = {isa = PBXBuildFile; fileRef = 713361C8258C45B500FEEB43 /* AddNewWordView.swift */; };
		71348880257285F5007ADED3 /* UINavigationItem+Extension.swift in Sources */ = {isa = PBXBuildFile; fileRef = 7134887F257285F5007ADED3 /* UINavigationItem+Extension.swift */; };
		7134888625749582007ADED3 /* DefinitionTableViewCell.swift in Sources */ = {isa = PBXBuildFile; fileRef = 7134888425749582007ADED3 /* DefinitionTableViewCell.swift */; };
		7134888725749582007ADED3 /* DefinitionTableViewCell.xib in Resources */ = {isa = PBXBuildFile; fileRef = 7134888525749582007ADED3 /* DefinitionTableViewCell.xib */; };
		7134888A25749D05007ADED3 /* DefinitionViewModel.swift in Sources */ = {isa = PBXBuildFile; fileRef = 7134888925749D05007ADED3 /* DefinitionViewModel.swift */; };
		714F1CA225943679005BEDAA /* DailyWordManager.swift in Sources */ = {isa = PBXBuildFile; fileRef = 714F1CA125943679005BEDAA /* DailyWordManager.swift */; };
		7150956F25874EE60086B854 /* NewDefinitionViewModel.swift in Sources */ = {isa = PBXBuildFile; fileRef = 7150956E25874EE60086B854 /* NewDefinitionViewModel.swift */; };
		7152EADC2575E94A00F1C5FB /* AddNewWordViewController.swift in Sources */ = {isa = PBXBuildFile; fileRef = 7152EADA2575E94A00F1C5FB /* AddNewWordViewController.swift */; };
		7152EADD2575E94A00F1C5FB /* AddNewWordViewController.xib in Resources */ = {isa = PBXBuildFile; fileRef = 7152EADB2575E94A00F1C5FB /* AddNewWordViewController.xib */; };
		71554E77258D920F00A5B77F /* GoogleService-Info.plist in Resources */ = {isa = PBXBuildFile; fileRef = 71554E76258D920F00A5B77F /* GoogleService-Info.plist */; };
		7158CE76259306CE008E9727 /* FavoriteManager.swift in Sources */ = {isa = PBXBuildFile; fileRef = 7158CE75259306CE008E9727 /* FavoriteManager.swift */; };
		7159FBAB2595ACF300825641 /* AVSpeechManager.swift in Sources */ = {isa = PBXBuildFile; fileRef = 7159FBAA2595ACF300825641 /* AVSpeechManager.swift */; };
		7159FBB22595BCB400825641 /* Integer+Extension.swift in Sources */ = {isa = PBXBuildFile; fileRef = 7159FBB12595BCB400825641 /* Integer+Extension.swift */; };
		7160B71125725359007F7C90 /* UITableView+Extension.swift in Sources */ = {isa = PBXBuildFile; fileRef = 7160B71025725359007F7C90 /* UITableView+Extension.swift */; };
		7160B71525725532007F7C90 /* DefinitionHeaderView.swift in Sources */ = {isa = PBXBuildFile; fileRef = 7160B71425725532007F7C90 /* DefinitionHeaderView.swift */; };
		7160B71A25725572007F7C90 /* DefinitionHeaderView.xib in Resources */ = {isa = PBXBuildFile; fileRef = 7160B71925725572007F7C90 /* DefinitionHeaderView.xib */; };
		716A8D4725773C11005C5782 /* UIViewController+Extension.swift in Sources */ = {isa = PBXBuildFile; fileRef = 716A8D4625773C11005C5782 /* UIViewController+Extension.swift */; };
		716A8D5D25777040005C5782 /* ImageConstant.swift in Sources */ = {isa = PBXBuildFile; fileRef = 716A8D5C25777040005C5782 /* ImageConstant.swift */; };
		716A8D6425778AA3005C5782 /* ReportViewController.swift in Sources */ = {isa = PBXBuildFile; fileRef = 716A8D6225778AA3005C5782 /* ReportViewController.swift */; };
		716A8D6525778AA4005C5782 /* ReportViewController.xib in Resources */ = {isa = PBXBuildFile; fileRef = 716A8D6325778AA3005C5782 /* ReportViewController.xib */; };
		716A8D6A2577A880005C5782 /* Report.swift in Sources */ = {isa = PBXBuildFile; fileRef = 716A8D692577A880005C5782 /* Report.swift */; };
		716A8D7125787A01005C5782 /* LoginViewController.swift in Sources */ = {isa = PBXBuildFile; fileRef = 716A8D6F25787A01005C5782 /* LoginViewController.swift */; };
		716CC8C1257B6C1D0059F315 /* UITextView+Extension.swift in Sources */ = {isa = PBXBuildFile; fileRef = 716CC8C0257B6C1D0059F315 /* UITextView+Extension.swift */; };
		716CD30D2574F7A200695A91 /* ContainerViewController.swift in Sources */ = {isa = PBXBuildFile; fileRef = 716CD30C2574F7A200695A91 /* ContainerViewController.swift */; };
		716CD3112574F80500695A91 /* SidePanelViewController.swift in Sources */ = {isa = PBXBuildFile; fileRef = 716CD30F2574F80500695A91 /* SidePanelViewController.swift */; };
		716CD3122574F80500695A91 /* SidePanelViewController.xib in Resources */ = {isa = PBXBuildFile; fileRef = 716CD3102574F80500695A91 /* SidePanelViewController.xib */; };
		716CD31D2575130400695A91 /* SidePanelTableViewCell.swift in Sources */ = {isa = PBXBuildFile; fileRef = 716CD31B2575130400695A91 /* SidePanelTableViewCell.swift */; };
		716CD31E2575130400695A91 /* SidePanelTableViewCell.xib in Resources */ = {isa = PBXBuildFile; fileRef = 716CD31C2575130400695A91 /* SidePanelTableViewCell.xib */; };
		716CD3212575183D00695A91 /* SidePanelViewModel.swift in Sources */ = {isa = PBXBuildFile; fileRef = 716CD3202575183D00695A91 /* SidePanelViewModel.swift */; };
		716CD3262575232700695A91 /* SidePanelHeaderFooterView.swift in Sources */ = {isa = PBXBuildFile; fileRef = 716CD3252575232700695A91 /* SidePanelHeaderFooterView.swift */; };
		716CD3292575234100695A91 /* SidePanelHeaderFooterView.xib in Resources */ = {isa = PBXBuildFile; fileRef = 716CD3282575234100695A91 /* SidePanelHeaderFooterView.xib */; };
		7170537425904493000521B0 /* UITextField+Extension.swift in Sources */ = {isa = PBXBuildFile; fileRef = 7170537325904493000521B0 /* UITextField+Extension.swift */; };
		717569232570CFD300417B9C /* AppDelegate.swift in Sources */ = {isa = PBXBuildFile; fileRef = 717569222570CFD300417B9C /* AppDelegate.swift */; };
		717569252570CFD300417B9C /* SceneDelegate.swift in Sources */ = {isa = PBXBuildFile; fileRef = 717569242570CFD300417B9C /* SceneDelegate.swift */; };
		7175692C2570CFD600417B9C /* Assets.xcassets in Resources */ = {isa = PBXBuildFile; fileRef = 7175692B2570CFD600417B9C /* Assets.xcassets */; };
		7175692F2570CFD600417B9C /* LaunchScreen.storyboard in Resources */ = {isa = PBXBuildFile; fileRef = 7175692D2570CFD600417B9C /* LaunchScreen.storyboard */; };
		71811DEC2576DC66005319DA /* SidePanel.swift in Sources */ = {isa = PBXBuildFile; fileRef = 71811DEB2576DC66005319DA /* SidePanel.swift */; };
		71846460259C61D300DBFD99 /* UINavigation+Extension.swift in Sources */ = {isa = PBXBuildFile; fileRef = 7184645F259C61D300DBFD99 /* UINavigation+Extension.swift */; };
		71846469259D991B00DBFD99 /* MandarinUrbanDictionaryTests.swift in Sources */ = {isa = PBXBuildFile; fileRef = 71846468259D991B00DBFD99 /* MandarinUrbanDictionaryTests.swift */; };
		71883B7C2578D6F300170AC9 /* RankTableViewCell.swift in Sources */ = {isa = PBXBuildFile; fileRef = 71883B7A2578D6F300170AC9 /* RankTableViewCell.swift */; };
		71883B7D2578D6F300170AC9 /* RankTableViewCell.xib in Resources */ = {isa = PBXBuildFile; fileRef = 71883B7B2578D6F300170AC9 /* RankTableViewCell.xib */; };
		71883B822578EFBB00170AC9 /* QuizViewController.swift in Sources */ = {isa = PBXBuildFile; fileRef = 71883B802578EFBB00170AC9 /* QuizViewController.swift */; };
		7188ADEA258471FA00524D96 /* UILabel+Extension.swift in Sources */ = {isa = PBXBuildFile; fileRef = 7188ADE9258471FA00524D96 /* UILabel+Extension.swift */; };
		7188ADED258480AE00524D96 /* RankViewModel.swift in Sources */ = {isa = PBXBuildFile; fileRef = 7188ADEC258480AE00524D96 /* RankViewModel.swift */; };
		718D6B8A2579D92400663CAD /* Box.swift in Sources */ = {isa = PBXBuildFile; fileRef = 718D6B892579D92400663CAD /* Box.swift */; };
		718D6B8F2579DBAF00663CAD /* FirebaseManager.swift in Sources */ = {isa = PBXBuildFile; fileRef = 718D6B8E2579DBAF00663CAD /* FirebaseManager.swift */; };
		718D6B92257A1FF500663CAD /* User.swift in Sources */ = {isa = PBXBuildFile; fileRef = 718D6B91257A1FF500663CAD /* User.swift */; };
		718E69F2259084D60056475F /* LocalNotificationManager.swift in Sources */ = {isa = PBXBuildFile; fileRef = 718E69F1259084D60056475F /* LocalNotificationManager.swift */; };
		71978A2A2574CB3B00591B77 /* FSPagerView+Extension.swift in Sources */ = {isa = PBXBuildFile; fileRef = 71978A292574CB3B00591B77 /* FSPagerView+Extension.swift */; };
		71990F3E259F5EB50096D734 /* UserFIRManager.swift in Sources */ = {isa = PBXBuildFile; fileRef = 71990F3D259F5EB50096D734 /* UserFIRManager.swift */; };
		71990F42259F5EBF0096D734 /* DailyFIRManager.swift in Sources */ = {isa = PBXBuildFile; fileRef = 71990F41259F5EBF0096D734 /* DailyFIRManager.swift */; };
		71990F46259F5ED90096D734 /* WordFIRManager.swift in Sources */ = {isa = PBXBuildFile; fileRef = 71990F45259F5ED90096D734 /* WordFIRManager.swift */; };
		71990F4A259F5EEF0096D734 /* DefFIRManager.swift in Sources */ = {isa = PBXBuildFile; fileRef = 71990F49259F5EEF0096D734 /* DefFIRManager.swift */; };
		71A6C20D2586163800FC478D /* NSCharacterSet+Extension.swift in Sources */ = {isa = PBXBuildFile; fileRef = 71A6C20C2586163800FC478D /* NSCharacterSet+Extension.swift */; };
		71A84A852576368900E0C14D /* FavoriteViewController.swift in Sources */ = {isa = PBXBuildFile; fileRef = 71A84A832576368900E0C14D /* FavoriteViewController.swift */; };
		71A84A862576368900E0C14D /* FavoriteViewController.xib in Resources */ = {isa = PBXBuildFile; fileRef = 71A84A842576368900E0C14D /* FavoriteViewController.xib */; };
		71A84A8C257637B600E0C14D /* FavoriteTableViewCell.swift in Sources */ = {isa = PBXBuildFile; fileRef = 71A84A8A257637B600E0C14D /* FavoriteTableViewCell.swift */; };
		71A84A8D257637B600E0C14D /* FavoriteTableViewCell.xib in Resources */ = {isa = PBXBuildFile; fileRef = 71A84A8B257637B600E0C14D /* FavoriteTableViewCell.xib */; };
		71A84A912576802900E0C14D /* Category.swift in Sources */ = {isa = PBXBuildFile; fileRef = 71A84A902576802900E0C14D /* Category.swift */; };
		71A84A96257689B000E0C14D /* CardView.swift in Sources */ = {isa = PBXBuildFile; fileRef = 71A84A95257689B000E0C14D /* CardView.swift */; };
		71B046D825934F93001F84DE /* loading_Lotties.json in Resources */ = {isa = PBXBuildFile; fileRef = 71B046D725934F93001F84DE /* loading_Lotties.json */; };
		71C0B7E7258CA66B00DDD82A /* AchievementTableViewCell.swift in Sources */ = {isa = PBXBuildFile; fileRef = 71C0B7E5258CA66B00DDD82A /* AchievementTableViewCell.swift */; };
		71C0B7E8258CA66B00DDD82A /* AchievementTableViewCell.xib in Resources */ = {isa = PBXBuildFile; fileRef = 71C0B7E6258CA66B00DDD82A /* AchievementTableViewCell.xib */; };
		71C3D5AB257E29DB00636BC4 /* NewDefinitionViewController.swift in Sources */ = {isa = PBXBuildFile; fileRef = 71C3D5A9257E29DB00636BC4 /* NewDefinitionViewController.swift */; };
		71C3D5AC257E29DB00636BC4 /* NewDefinitionViewController.xib in Resources */ = {isa = PBXBuildFile; fileRef = 71C3D5AA257E29DB00636BC4 /* NewDefinitionViewController.xib */; };
		71C3D5AF2580666D00636BC4 /* FavoriteViewModel.swift in Sources */ = {isa = PBXBuildFile; fileRef = 71C3D5AE2580666C00636BC4 /* FavoriteViewModel.swift */; };
		71C3D5B225809A2200636BC4 /* FavoritePresenter.swift in Sources */ = {isa = PBXBuildFile; fileRef = 71C3D5B125809A2200636BC4 /* FavoritePresenter.swift */; };
		71C3D5B525809C0900636BC4 /* ReportPresenter.swift in Sources */ = {isa = PBXBuildFile; fileRef = 71C3D5B425809C0900636BC4 /* ReportPresenter.swift */; };
		71C7D723259439DE008477D2 /* WordOrganizer.swift in Sources */ = {isa = PBXBuildFile; fileRef = 71C7D722259439DE008477D2 /* WordOrganizer.swift */; };
		71C889F82596CF5200FC5069 /* loading-spinner.json in Resources */ = {isa = PBXBuildFile; fileRef = 71C889F72596CF5200FC5069 /* loading-spinner.json */; };
		71C88A1D2597288F00FC5069 /* SearchPageViewController.xib in Resources */ = {isa = PBXBuildFile; fileRef = 71C88A1C2597288F00FC5069 /* SearchPageViewController.xib */; };
		71C88A2425972D1200FC5069 /* success_Animation.json in Resources */ = {isa = PBXBuildFile; fileRef = 71C88A2325972D1200FC5069 /* success_Animation.json */; };
		71C88A4425973A4700FC5069 /* HUDAnimation.swift in Sources */ = {isa = PBXBuildFile; fileRef = 71C88A4325973A4700FC5069 /* HUDAnimation.swift */; };
		71C88A4725975C4200FC5069 /* lottie_Failure.json in Resources */ = {isa = PBXBuildFile; fileRef = 71C88A4625975C4200FC5069 /* lottie_Failure.json */; };
		71C88A4B25975FC300FC5069 /* WrapperAnimationView.swift in Sources */ = {isa = PBXBuildFile; fileRef = 71C88A4A25975FC300FC5069 /* WrapperAnimationView.swift */; };
		71CE92122579C0AE0080E0A0 /* JoeyPanelViewController.swift in Sources */ = {isa = PBXBuildFile; fileRef = 71CE92112579C0AE0080E0A0 /* JoeyPanelViewController.swift */; };
		71CE92172579C21F0080E0A0 /* NewPostButtonView.swift in Sources */ = {isa = PBXBuildFile; fileRef = 71CE92162579C21F0080E0A0 /* NewPostButtonView.swift */; };
		71D3E6C8258A42640064693C /* UINavigationController+Extension.swift in Sources */ = {isa = PBXBuildFile; fileRef = 71D3E6C7258A42640064693C /* UINavigationController+Extension.swift */; };
		71D3E6F5258B25FA0064693C /* RandomWordTableViewCell.swift in Sources */ = {isa = PBXBuildFile; fileRef = 71D3E6F3258B25FA0064693C /* RandomWordTableViewCell.swift */; };
		71D3E6F6258B25FA0064693C /* RandomWordTableViewCell.xib in Resources */ = {isa = PBXBuildFile; fileRef = 71D3E6F4258B25FA0064693C /* RandomWordTableViewCell.xib */; };
		71D83CA1258B540100BC8D21 /* DailyWord.swift in Sources */ = {isa = PBXBuildFile; fileRef = 71D83CA0258B540000BC8D21 /* DailyWord.swift */; };
		71E7F3362570D67900F15098 /* MostViewedWordCollectionViewCell.swift in Sources */ = {isa = PBXBuildFile; fileRef = 71E7F3322570D67900F15098 /* MostViewedWordCollectionViewCell.swift */; };
		71E7F3372570D67900F15098 /* MostViewedWordCollectionViewCell.xib in Resources */ = {isa = PBXBuildFile; fileRef = 71E7F3332570D67900F15098 /* MostViewedWordCollectionViewCell.xib */; };
		71E7F3442570D73700F15098 /* UIColor+Extension.swift in Sources */ = {isa = PBXBuildFile; fileRef = 71E7F3402570D73700F15098 /* UIColor+Extension.swift */; };
		71E7F3452570D73700F15098 /* UIView+Extension.swift in Sources */ = {isa = PBXBuildFile; fileRef = 71E7F3412570D73700F15098 /* UIView+Extension.swift */; };
		71E7F3462570D73700F15098 /* UICollectionView+Extension.swift in Sources */ = {isa = PBXBuildFile; fileRef = 71E7F3422570D73700F15098 /* UICollectionView+Extension.swift */; };
		71E7F34C2570D75B00F15098 /* Definition.swift in Sources */ = {isa = PBXBuildFile; fileRef = 71E7F34A2570D75B00F15098 /* Definition.swift */; };
		71E7F34D2570D75B00F15098 /* Word.swift in Sources */ = {isa = PBXBuildFile; fileRef = 71E7F34B2570D75B00F15098 /* Word.swift */; };
		71E7F3522570D76600F15098 /* HomePageViewModel.swift in Sources */ = {isa = PBXBuildFile; fileRef = 71E7F3512570D76600F15098 /* HomePageViewModel.swift */; };
		71E81EA42584A22500BECDCC /* FirebaseTimestamp+Extension.swift in Sources */ = {isa = PBXBuildFile; fileRef = 71E81EA32584A22500BECDCC /* FirebaseTimestamp+Extension.swift */; };
		71E81EAA2584BAD600BECDCC /* LobbyViewController.xib in Resources */ = {isa = PBXBuildFile; fileRef = 71E81EA82584BAD600BECDCC /* LobbyViewController.xib */; };
		71E81EAB2584BAD600BECDCC /* LobbyViewController.swift in Sources */ = {isa = PBXBuildFile; fileRef = 71E81EA92584BAD600BECDCC /* LobbyViewController.swift */; };
		71E81EB02584BB5D00BECDCC /* TheNewestWordTableViewCell.swift in Sources */ = {isa = PBXBuildFile; fileRef = 71E81EAE2584BB5D00BECDCC /* TheNewestWordTableViewCell.swift */; };
		71E81EB12584BB5D00BECDCC /* TheNewestWordTableViewCell.xib in Resources */ = {isa = PBXBuildFile; fileRef = 71E81EAF2584BB5D00BECDCC /* TheNewestWordTableViewCell.xib */; };
		71E81EB92584BBB900BECDCC /* Top5TableViewCell.swift in Sources */ = {isa = PBXBuildFile; fileRef = 71E81EB72584BBB900BECDCC /* Top5TableViewCell.swift */; };
		71E81EBA2584BBB900BECDCC /* Top5TableViewCell.xib in Resources */ = {isa = PBXBuildFile; fileRef = 71E81EB82584BBB900BECDCC /* Top5TableViewCell.xib */; };
		71E929572584E0EE001FB100 /* TopFiveCollectionViewCell.swift in Sources */ = {isa = PBXBuildFile; fileRef = 71E929552584E0EE001FB100 /* TopFiveCollectionViewCell.swift */; };
		71E929582584E0EE001FB100 /* TopFiveCollectionViewCell.xib in Resources */ = {isa = PBXBuildFile; fileRef = 71E929562584E0EE001FB100 /* TopFiveCollectionViewCell.xib */; };
		71E9295D2584F8FF001FB100 /* LobbyTableHeaderView.swift in Sources */ = {isa = PBXBuildFile; fileRef = 71E9295C2584F8FF001FB100 /* LobbyTableHeaderView.swift */; };
		71E929612584FB23001FB100 /* LobbyTableHeaderView.xib in Resources */ = {isa = PBXBuildFile; fileRef = 71E929602584FB23001FB100 /* LobbyTableHeaderView.xib */; };
		71F8DDA8257C73E600507D8F /* SearchTableViewCell.swift in Sources */ = {isa = PBXBuildFile; fileRef = 71F8DDA6257C73E600507D8F /* SearchTableViewCell.swift */; };
		71F8DDA9257C73E600507D8F /* SearchTableViewCell.xib in Resources */ = {isa = PBXBuildFile; fileRef = 71F8DDA7257C73E600507D8F /* SearchTableViewCell.xib */; };
		71F8DDAC257C751200507D8F /* SearchViewModel.swift in Sources */ = {isa = PBXBuildFile; fileRef = 71F8DDAB257C751200507D8F /* SearchViewModel.swift */; };
		71F8DDAF257C780B00507D8F /* String+Extension.swift in Sources */ = {isa = PBXBuildFile; fileRef = 71F8DDAE257C780B00507D8F /* String+Extension.swift */; };
		71F9442025789B140014808E /* JoeyTextLayer.swift in Sources */ = {isa = PBXBuildFile; fileRef = 71F9441F25789B140014808E /* JoeyTextLayer.swift */; };
		71F9442C2578C15E0014808E /* RankViewController.swift in Sources */ = {isa = PBXBuildFile; fileRef = 71F9442A2578C15E0014808E /* RankViewController.swift */; };
		E19594E26AB12FCE94225D78 /* Pods_MandarinUrbanDictionary.framework in Frameworks */ = {isa = PBXBuildFile; fileRef = BD79464FBEA10AB0680FA634 /* Pods_MandarinUrbanDictionary.framework */; };
/* End PBXBuildFile section */

/* Begin PBXContainerItemProxy section */
		7184646B259D991B00DBFD99 /* PBXContainerItemProxy */ = {
			isa = PBXContainerItemProxy;
			containerPortal = 717569172570CFD300417B9C /* Project object */;
			proxyType = 1;
			remoteGlobalIDString = 7175691E2570CFD300417B9C;
			remoteInfo = MandarinUrbanDictionary;
		};
/* End PBXContainerItemProxy section */

/* Begin PBXFileReference section */
		71055A8A2584285B00560C5D /* QuizViewController.xib */ = {isa = PBXFileReference; fileEncoding = 4; lastKnownFileType = file.xib; path = QuizViewController.xib; sourceTree = "<group>"; };
		71055A902584289500560C5D /* RankViewController.xib */ = {isa = PBXFileReference; fileEncoding = 4; lastKnownFileType = file.xib; path = RankViewController.xib; sourceTree = "<group>"; };
		71055A94258428A300560C5D /* LoginViewController.xib */ = {isa = PBXFileReference; fileEncoding = 4; lastKnownFileType = file.xib; path = LoginViewController.xib; sourceTree = "<group>"; };
		710574B82589E771004556DF /* UIButton+Extension.swift */ = {isa = PBXFileReference; lastKnownFileType = sourcecode.swift; path = "UIButton+Extension.swift"; sourceTree = "<group>"; };
		710574BC2589FF90004556DF /* AchievementViewController.swift */ = {isa = PBXFileReference; lastKnownFileType = sourcecode.swift; path = AchievementViewController.swift; sourceTree = "<group>"; };
		710574BD2589FF90004556DF /* AchievementViewController.xib */ = {isa = PBXFileReference; lastKnownFileType = file.xib; path = AchievementViewController.xib; sourceTree = "<group>"; };
		710574F0258A16FD004556DF /* UserViewModel.swift */ = {isa = PBXFileReference; lastKnownFileType = sourcecode.swift; path = UserViewModel.swift; sourceTree = "<group>"; };
		7111237F2597851B002F5C13 /* TermOfServiceViewController.swift */ = {isa = PBXFileReference; lastKnownFileType = sourcecode.swift; path = TermOfServiceViewController.swift; sourceTree = "<group>"; };
		711123802597851B002F5C13 /* TermOfServiceViewController.xib */ = {isa = PBXFileReference; lastKnownFileType = file.xib; path = TermOfServiceViewController.xib; sourceTree = "<group>"; };
		7119AA2C257B73DD00A7F513 /* AddNewWordViewModel.swift */ = {isa = PBXFileReference; lastKnownFileType = sourcecode.swift; path = AddNewWordViewModel.swift; sourceTree = "<group>"; };
		7120E0052570F65D00A56E7E /* SearchPageViewController.swift */ = {isa = PBXFileReference; lastKnownFileType = sourcecode.swift; path = SearchPageViewController.swift; sourceTree = "<group>"; };
		7120E00B2571116400A56E7E /* CategoryViewController.swift */ = {isa = PBXFileReference; lastKnownFileType = sourcecode.swift; path = CategoryViewController.swift; sourceTree = "<group>"; };
		7120E00C2571116400A56E7E /* CategoryViewController.xib */ = {isa = PBXFileReference; lastKnownFileType = file.xib; path = CategoryViewController.xib; sourceTree = "<group>"; };
		7120E0112571167700A56E7E /* CategoryCollectionViewCell.swift */ = {isa = PBXFileReference; lastKnownFileType = sourcecode.swift; path = CategoryCollectionViewCell.swift; sourceTree = "<group>"; };
		7120E0122571167700A56E7E /* CategoryCollectionViewCell.xib */ = {isa = PBXFileReference; lastKnownFileType = file.xib; path = CategoryCollectionViewCell.xib; sourceTree = "<group>"; };
		7120E0172572024A00A56E7E /* SearchButton.swift */ = {isa = PBXFileReference; lastKnownFileType = sourcecode.swift; path = SearchButton.swift; sourceTree = "<group>"; };
		7120E01A257225CF00A56E7E /* UISearchBar+Extension.swift */ = {isa = PBXFileReference; lastKnownFileType = sourcecode.swift; path = "UISearchBar+Extension.swift"; sourceTree = "<group>"; };
		7120E01D257231CC00A56E7E /* DefinitionViewController.swift */ = {isa = PBXFileReference; lastKnownFileType = sourcecode.swift; path = DefinitionViewController.swift; sourceTree = "<group>"; };
		7120E01E257231CC00A56E7E /* DefinitionViewController.xib */ = {isa = PBXFileReference; lastKnownFileType = file.xib; path = DefinitionViewController.xib; sourceTree = "<group>"; };
		71230B5D25845B3400B78C9C /* MandarinUrbanDictionary.entitlements */ = {isa = PBXFileReference; lastKnownFileType = text.plist.entitlements; path = MandarinUrbanDictionary.entitlements; sourceTree = "<group>"; };
		71230B5F25845C9200B78C9C /* UserDefaults+Extension.swift */ = {isa = PBXFileReference; lastKnownFileType = sourcecode.swift; path = "UserDefaults+Extension.swift"; sourceTree = "<group>"; };
		71295AD0259375A90077CD0A /* DailyWordViewController.swift */ = {isa = PBXFileReference; lastKnownFileType = sourcecode.swift; path = DailyWordViewController.swift; sourceTree = "<group>"; };
		71295AD1259375A90077CD0A /* DailyWordViewController.xib */ = {isa = PBXFileReference; lastKnownFileType = file.xib; path = DailyWordViewController.xib; sourceTree = "<group>"; };
		71295AD72593785F0077CD0A /* DailyTableViewCell.swift */ = {isa = PBXFileReference; lastKnownFileType = sourcecode.swift; path = DailyTableViewCell.swift; sourceTree = "<group>"; };
		71295AD82593785F0077CD0A /* DailyTableViewCell.xib */ = {isa = PBXFileReference; lastKnownFileType = file.xib; path = DailyTableViewCell.xib; sourceTree = "<group>"; };
		71295ADC2593985F0077CD0A /* DailyWordViewModel.swift */ = {isa = PBXFileReference; lastKnownFileType = sourcecode.swift; path = DailyWordViewModel.swift; sourceTree = "<group>"; };
		712F4FC3258DA28000F7AE29 /* ProgressBarMaker.swift */ = {isa = PBXFileReference; lastKnownFileType = sourcecode.swift; path = ProgressBarMaker.swift; sourceTree = "<group>"; };
		713361C2258B8E5F00FEEB43 /* Request.swift */ = {isa = PBXFileReference; lastKnownFileType = sourcecode.swift; path = Request.swift; sourceTree = "<group>"; };
		713361C8258C45B500FEEB43 /* AddNewWordView.swift */ = {isa = PBXFileReference; lastKnownFileType = sourcecode.swift; path = AddNewWordView.swift; sourceTree = "<group>"; };
		7134887F257285F5007ADED3 /* UINavigationItem+Extension.swift */ = {isa = PBXFileReference; lastKnownFileType = sourcecode.swift; path = "UINavigationItem+Extension.swift"; sourceTree = "<group>"; };
		7134888425749582007ADED3 /* DefinitionTableViewCell.swift */ = {isa = PBXFileReference; lastKnownFileType = sourcecode.swift; path = DefinitionTableViewCell.swift; sourceTree = "<group>"; };
		7134888525749582007ADED3 /* DefinitionTableViewCell.xib */ = {isa = PBXFileReference; lastKnownFileType = file.xib; path = DefinitionTableViewCell.xib; sourceTree = "<group>"; };
		7134888925749D05007ADED3 /* DefinitionViewModel.swift */ = {isa = PBXFileReference; lastKnownFileType = sourcecode.swift; path = DefinitionViewModel.swift; sourceTree = "<group>"; };
		714F1CA125943679005BEDAA /* DailyWordManager.swift */ = {isa = PBXFileReference; lastKnownFileType = sourcecode.swift; path = DailyWordManager.swift; sourceTree = "<group>"; };
		7150956E25874EE60086B854 /* NewDefinitionViewModel.swift */ = {isa = PBXFileReference; lastKnownFileType = sourcecode.swift; path = NewDefinitionViewModel.swift; sourceTree = "<group>"; };
		7152EADA2575E94A00F1C5FB /* AddNewWordViewController.swift */ = {isa = PBXFileReference; lastKnownFileType = sourcecode.swift; path = AddNewWordViewController.swift; sourceTree = "<group>"; };
		7152EADB2575E94A00F1C5FB /* AddNewWordViewController.xib */ = {isa = PBXFileReference; lastKnownFileType = file.xib; path = AddNewWordViewController.xib; sourceTree = "<group>"; };
		71554E76258D920F00A5B77F /* GoogleService-Info.plist */ = {isa = PBXFileReference; fileEncoding = 4; lastKnownFileType = text.plist.xml; path = "GoogleService-Info.plist"; sourceTree = "<group>"; };
		7158CE75259306CE008E9727 /* FavoriteManager.swift */ = {isa = PBXFileReference; lastKnownFileType = sourcecode.swift; path = FavoriteManager.swift; sourceTree = "<group>"; };
		7159FBAA2595ACF300825641 /* AVSpeechManager.swift */ = {isa = PBXFileReference; lastKnownFileType = sourcecode.swift; path = AVSpeechManager.swift; sourceTree = "<group>"; };
		7159FBB12595BCB400825641 /* Integer+Extension.swift */ = {isa = PBXFileReference; lastKnownFileType = sourcecode.swift; path = "Integer+Extension.swift"; sourceTree = "<group>"; };
		7160B71025725359007F7C90 /* UITableView+Extension.swift */ = {isa = PBXFileReference; lastKnownFileType = sourcecode.swift; path = "UITableView+Extension.swift"; sourceTree = "<group>"; };
		7160B71425725532007F7C90 /* DefinitionHeaderView.swift */ = {isa = PBXFileReference; lastKnownFileType = sourcecode.swift; path = DefinitionHeaderView.swift; sourceTree = "<group>"; };
		7160B71925725572007F7C90 /* DefinitionHeaderView.xib */ = {isa = PBXFileReference; lastKnownFileType = file.xib; path = DefinitionHeaderView.xib; sourceTree = "<group>"; };
		716A8D4625773C11005C5782 /* UIViewController+Extension.swift */ = {isa = PBXFileReference; lastKnownFileType = sourcecode.swift; path = "UIViewController+Extension.swift"; sourceTree = "<group>"; };
		716A8D5C25777040005C5782 /* ImageConstant.swift */ = {isa = PBXFileReference; lastKnownFileType = sourcecode.swift; name = ImageConstant.swift; path = "Assets Xcassets/ImageConstant.swift"; sourceTree = "<group>"; };
		716A8D6225778AA3005C5782 /* ReportViewController.swift */ = {isa = PBXFileReference; lastKnownFileType = sourcecode.swift; path = ReportViewController.swift; sourceTree = "<group>"; };
		716A8D6325778AA3005C5782 /* ReportViewController.xib */ = {isa = PBXFileReference; lastKnownFileType = file.xib; path = ReportViewController.xib; sourceTree = "<group>"; };
		716A8D692577A880005C5782 /* Report.swift */ = {isa = PBXFileReference; lastKnownFileType = sourcecode.swift; path = Report.swift; sourceTree = "<group>"; };
		716A8D6F25787A01005C5782 /* LoginViewController.swift */ = {isa = PBXFileReference; lastKnownFileType = sourcecode.swift; path = LoginViewController.swift; sourceTree = "<group>"; };
		716CC8C0257B6C1D0059F315 /* UITextView+Extension.swift */ = {isa = PBXFileReference; lastKnownFileType = sourcecode.swift; path = "UITextView+Extension.swift"; sourceTree = "<group>"; };
		716CD30C2574F7A200695A91 /* ContainerViewController.swift */ = {isa = PBXFileReference; lastKnownFileType = sourcecode.swift; path = ContainerViewController.swift; sourceTree = "<group>"; };
		716CD30F2574F80500695A91 /* SidePanelViewController.swift */ = {isa = PBXFileReference; lastKnownFileType = sourcecode.swift; path = SidePanelViewController.swift; sourceTree = "<group>"; };
		716CD3102574F80500695A91 /* SidePanelViewController.xib */ = {isa = PBXFileReference; lastKnownFileType = file.xib; path = SidePanelViewController.xib; sourceTree = "<group>"; };
		716CD31B2575130400695A91 /* SidePanelTableViewCell.swift */ = {isa = PBXFileReference; lastKnownFileType = sourcecode.swift; path = SidePanelTableViewCell.swift; sourceTree = "<group>"; };
		716CD31C2575130400695A91 /* SidePanelTableViewCell.xib */ = {isa = PBXFileReference; lastKnownFileType = file.xib; path = SidePanelTableViewCell.xib; sourceTree = "<group>"; };
		716CD3202575183D00695A91 /* SidePanelViewModel.swift */ = {isa = PBXFileReference; lastKnownFileType = sourcecode.swift; path = SidePanelViewModel.swift; sourceTree = "<group>"; };
		716CD3252575232700695A91 /* SidePanelHeaderFooterView.swift */ = {isa = PBXFileReference; lastKnownFileType = sourcecode.swift; path = SidePanelHeaderFooterView.swift; sourceTree = "<group>"; };
		716CD3282575234100695A91 /* SidePanelHeaderFooterView.xib */ = {isa = PBXFileReference; lastKnownFileType = file.xib; path = SidePanelHeaderFooterView.xib; sourceTree = "<group>"; };
		7170537325904493000521B0 /* UITextField+Extension.swift */ = {isa = PBXFileReference; lastKnownFileType = sourcecode.swift; path = "UITextField+Extension.swift"; sourceTree = "<group>"; };
		7175691F2570CFD300417B9C /* MandarinUrbanDictionary.app */ = {isa = PBXFileReference; explicitFileType = wrapper.application; includeInIndex = 0; path = MandarinUrbanDictionary.app; sourceTree = BUILT_PRODUCTS_DIR; };
		717569222570CFD300417B9C /* AppDelegate.swift */ = {isa = PBXFileReference; lastKnownFileType = sourcecode.swift; path = AppDelegate.swift; sourceTree = "<group>"; };
		717569242570CFD300417B9C /* SceneDelegate.swift */ = {isa = PBXFileReference; lastKnownFileType = sourcecode.swift; path = SceneDelegate.swift; sourceTree = "<group>"; };
		7175692B2570CFD600417B9C /* Assets.xcassets */ = {isa = PBXFileReference; lastKnownFileType = folder.assetcatalog; path = Assets.xcassets; sourceTree = "<group>"; };
		7175692E2570CFD600417B9C /* Base */ = {isa = PBXFileReference; lastKnownFileType = file.storyboard; name = Base; path = Base.lproj/LaunchScreen.storyboard; sourceTree = "<group>"; };
		717569302570CFD600417B9C /* Info.plist */ = {isa = PBXFileReference; lastKnownFileType = text.plist.xml; path = Info.plist; sourceTree = "<group>"; };
		71811DEB2576DC66005319DA /* SidePanel.swift */ = {isa = PBXFileReference; lastKnownFileType = sourcecode.swift; path = SidePanel.swift; sourceTree = "<group>"; };
		7184645F259C61D300DBFD99 /* UINavigation+Extension.swift */ = {isa = PBXFileReference; lastKnownFileType = sourcecode.swift; path = "UINavigation+Extension.swift"; sourceTree = "<group>"; };
		71846466259D991B00DBFD99 /* MandarinUrbanDictionaryTests.xctest */ = {isa = PBXFileReference; explicitFileType = wrapper.cfbundle; includeInIndex = 0; path = MandarinUrbanDictionaryTests.xctest; sourceTree = BUILT_PRODUCTS_DIR; };
		71846468259D991B00DBFD99 /* MandarinUrbanDictionaryTests.swift */ = {isa = PBXFileReference; lastKnownFileType = sourcecode.swift; path = MandarinUrbanDictionaryTests.swift; sourceTree = "<group>"; };
		7184646A259D991B00DBFD99 /* Info.plist */ = {isa = PBXFileReference; lastKnownFileType = text.plist.xml; path = Info.plist; sourceTree = "<group>"; };
		71883B7A2578D6F300170AC9 /* RankTableViewCell.swift */ = {isa = PBXFileReference; lastKnownFileType = sourcecode.swift; path = RankTableViewCell.swift; sourceTree = "<group>"; };
		71883B7B2578D6F300170AC9 /* RankTableViewCell.xib */ = {isa = PBXFileReference; lastKnownFileType = file.xib; path = RankTableViewCell.xib; sourceTree = "<group>"; };
		71883B802578EFBB00170AC9 /* QuizViewController.swift */ = {isa = PBXFileReference; lastKnownFileType = sourcecode.swift; path = QuizViewController.swift; sourceTree = "<group>"; };
		7188ADE9258471FA00524D96 /* UILabel+Extension.swift */ = {isa = PBXFileReference; lastKnownFileType = sourcecode.swift; path = "UILabel+Extension.swift"; sourceTree = "<group>"; };
		7188ADEC258480AE00524D96 /* RankViewModel.swift */ = {isa = PBXFileReference; lastKnownFileType = sourcecode.swift; path = RankViewModel.swift; sourceTree = "<group>"; };
		718D6B892579D92400663CAD /* Box.swift */ = {isa = PBXFileReference; lastKnownFileType = sourcecode.swift; path = Box.swift; sourceTree = "<group>"; };
		718D6B8E2579DBAF00663CAD /* FirebaseManager.swift */ = {isa = PBXFileReference; lastKnownFileType = sourcecode.swift; path = FirebaseManager.swift; sourceTree = "<group>"; };
		718D6B91257A1FF500663CAD /* User.swift */ = {isa = PBXFileReference; lastKnownFileType = sourcecode.swift; path = User.swift; sourceTree = "<group>"; };
		718E69F1259084D60056475F /* LocalNotificationManager.swift */ = {isa = PBXFileReference; lastKnownFileType = sourcecode.swift; path = LocalNotificationManager.swift; sourceTree = "<group>"; };
		71978A292574CB3B00591B77 /* FSPagerView+Extension.swift */ = {isa = PBXFileReference; lastKnownFileType = sourcecode.swift; path = "FSPagerView+Extension.swift"; sourceTree = "<group>"; };
		71990F3D259F5EB50096D734 /* UserFIRManager.swift */ = {isa = PBXFileReference; lastKnownFileType = sourcecode.swift; path = UserFIRManager.swift; sourceTree = "<group>"; };
		71990F41259F5EBF0096D734 /* DailyFIRManager.swift */ = {isa = PBXFileReference; lastKnownFileType = sourcecode.swift; path = DailyFIRManager.swift; sourceTree = "<group>"; };
		71990F45259F5ED90096D734 /* WordFIRManager.swift */ = {isa = PBXFileReference; lastKnownFileType = sourcecode.swift; path = WordFIRManager.swift; sourceTree = "<group>"; };
		71990F49259F5EEF0096D734 /* DefFIRManager.swift */ = {isa = PBXFileReference; lastKnownFileType = sourcecode.swift; path = DefFIRManager.swift; sourceTree = "<group>"; };
		71A6C20C2586163800FC478D /* NSCharacterSet+Extension.swift */ = {isa = PBXFileReference; lastKnownFileType = sourcecode.swift; path = "NSCharacterSet+Extension.swift"; sourceTree = "<group>"; };
		71A84A832576368900E0C14D /* FavoriteViewController.swift */ = {isa = PBXFileReference; lastKnownFileType = sourcecode.swift; path = FavoriteViewController.swift; sourceTree = "<group>"; };
		71A84A842576368900E0C14D /* FavoriteViewController.xib */ = {isa = PBXFileReference; lastKnownFileType = file.xib; path = FavoriteViewController.xib; sourceTree = "<group>"; };
		71A84A8A257637B600E0C14D /* FavoriteTableViewCell.swift */ = {isa = PBXFileReference; lastKnownFileType = sourcecode.swift; path = FavoriteTableViewCell.swift; sourceTree = "<group>"; };
		71A84A8B257637B600E0C14D /* FavoriteTableViewCell.xib */ = {isa = PBXFileReference; lastKnownFileType = file.xib; path = FavoriteTableViewCell.xib; sourceTree = "<group>"; };
		71A84A902576802900E0C14D /* Category.swift */ = {isa = PBXFileReference; lastKnownFileType = sourcecode.swift; path = Category.swift; sourceTree = "<group>"; };
		71A84A95257689B000E0C14D /* CardView.swift */ = {isa = PBXFileReference; lastKnownFileType = sourcecode.swift; path = CardView.swift; sourceTree = "<group>"; };
		71B046D725934F93001F84DE /* loading_Lotties.json */ = {isa = PBXFileReference; fileEncoding = 4; lastKnownFileType = text.json; path = loading_Lotties.json; sourceTree = "<group>"; };
		71C0B7E5258CA66B00DDD82A /* AchievementTableViewCell.swift */ = {isa = PBXFileReference; lastKnownFileType = sourcecode.swift; path = AchievementTableViewCell.swift; sourceTree = "<group>"; };
		71C0B7E6258CA66B00DDD82A /* AchievementTableViewCell.xib */ = {isa = PBXFileReference; lastKnownFileType = file.xib; path = AchievementTableViewCell.xib; sourceTree = "<group>"; };
		71C3D5A9257E29DB00636BC4 /* NewDefinitionViewController.swift */ = {isa = PBXFileReference; lastKnownFileType = sourcecode.swift; path = NewDefinitionViewController.swift; sourceTree = "<group>"; };
		71C3D5AA257E29DB00636BC4 /* NewDefinitionViewController.xib */ = {isa = PBXFileReference; lastKnownFileType = file.xib; path = NewDefinitionViewController.xib; sourceTree = "<group>"; };
		71C3D5AE2580666C00636BC4 /* FavoriteViewModel.swift */ = {isa = PBXFileReference; lastKnownFileType = sourcecode.swift; path = FavoriteViewModel.swift; sourceTree = "<group>"; };
		71C3D5B125809A2200636BC4 /* FavoritePresenter.swift */ = {isa = PBXFileReference; lastKnownFileType = sourcecode.swift; path = FavoritePresenter.swift; sourceTree = "<group>"; };
		71C3D5B425809C0900636BC4 /* ReportPresenter.swift */ = {isa = PBXFileReference; lastKnownFileType = sourcecode.swift; path = ReportPresenter.swift; sourceTree = "<group>"; };
		71C7D722259439DE008477D2 /* WordOrganizer.swift */ = {isa = PBXFileReference; lastKnownFileType = sourcecode.swift; path = WordOrganizer.swift; sourceTree = "<group>"; };
		71C889F72596CF5200FC5069 /* loading-spinner.json */ = {isa = PBXFileReference; fileEncoding = 4; lastKnownFileType = text.json; path = "loading-spinner.json"; sourceTree = "<group>"; };
		71C88A1C2597288F00FC5069 /* SearchPageViewController.xib */ = {isa = PBXFileReference; fileEncoding = 4; lastKnownFileType = file.xib; path = SearchPageViewController.xib; sourceTree = "<group>"; };
		71C88A2325972D1200FC5069 /* success_Animation.json */ = {isa = PBXFileReference; fileEncoding = 4; lastKnownFileType = text.json; path = success_Animation.json; sourceTree = "<group>"; };
		71C88A4325973A4700FC5069 /* HUDAnimation.swift */ = {isa = PBXFileReference; lastKnownFileType = sourcecode.swift; path = HUDAnimation.swift; sourceTree = "<group>"; };
		71C88A4625975C4200FC5069 /* lottie_Failure.json */ = {isa = PBXFileReference; fileEncoding = 4; lastKnownFileType = text.json; path = lottie_Failure.json; sourceTree = "<group>"; };
		71C88A4A25975FC300FC5069 /* WrapperAnimationView.swift */ = {isa = PBXFileReference; lastKnownFileType = sourcecode.swift; path = WrapperAnimationView.swift; sourceTree = "<group>"; };
		71CE92112579C0AE0080E0A0 /* JoeyPanelViewController.swift */ = {isa = PBXFileReference; fileEncoding = 4; lastKnownFileType = sourcecode.swift; path = JoeyPanelViewController.swift; sourceTree = "<group>"; };
		71CE92162579C21F0080E0A0 /* NewPostButtonView.swift */ = {isa = PBXFileReference; fileEncoding = 4; lastKnownFileType = sourcecode.swift; path = NewPostButtonView.swift; sourceTree = "<group>"; };
		71D3E6C7258A42640064693C /* UINavigationController+Extension.swift */ = {isa = PBXFileReference; lastKnownFileType = sourcecode.swift; path = "UINavigationController+Extension.swift"; sourceTree = "<group>"; };
		71D3E6F3258B25FA0064693C /* RandomWordTableViewCell.swift */ = {isa = PBXFileReference; lastKnownFileType = sourcecode.swift; name = RandomWordTableViewCell.swift; path = MandarinUrbanDictionary/Extension/RandomWordTableViewCell.swift; sourceTree = SOURCE_ROOT; };
		71D3E6F4258B25FA0064693C /* RandomWordTableViewCell.xib */ = {isa = PBXFileReference; lastKnownFileType = file.xib; name = RandomWordTableViewCell.xib; path = MandarinUrbanDictionary/Extension/RandomWordTableViewCell.xib; sourceTree = SOURCE_ROOT; };
		71D83CA0258B540000BC8D21 /* DailyWord.swift */ = {isa = PBXFileReference; lastKnownFileType = sourcecode.swift; path = DailyWord.swift; sourceTree = "<group>"; };
		71E7F3322570D67900F15098 /* MostViewedWordCollectionViewCell.swift */ = {isa = PBXFileReference; fileEncoding = 4; lastKnownFileType = sourcecode.swift; path = MostViewedWordCollectionViewCell.swift; sourceTree = "<group>"; };
		71E7F3332570D67900F15098 /* MostViewedWordCollectionViewCell.xib */ = {isa = PBXFileReference; fileEncoding = 4; lastKnownFileType = file.xib; path = MostViewedWordCollectionViewCell.xib; sourceTree = "<group>"; };
		71E7F3402570D73700F15098 /* UIColor+Extension.swift */ = {isa = PBXFileReference; fileEncoding = 4; lastKnownFileType = sourcecode.swift; path = "UIColor+Extension.swift"; sourceTree = "<group>"; };
		71E7F3412570D73700F15098 /* UIView+Extension.swift */ = {isa = PBXFileReference; fileEncoding = 4; lastKnownFileType = sourcecode.swift; path = "UIView+Extension.swift"; sourceTree = "<group>"; };
		71E7F3422570D73700F15098 /* UICollectionView+Extension.swift */ = {isa = PBXFileReference; fileEncoding = 4; lastKnownFileType = sourcecode.swift; path = "UICollectionView+Extension.swift"; sourceTree = "<group>"; };
		71E7F34A2570D75B00F15098 /* Definition.swift */ = {isa = PBXFileReference; fileEncoding = 4; lastKnownFileType = sourcecode.swift; path = Definition.swift; sourceTree = "<group>"; };
		71E7F34B2570D75B00F15098 /* Word.swift */ = {isa = PBXFileReference; fileEncoding = 4; lastKnownFileType = sourcecode.swift; path = Word.swift; sourceTree = "<group>"; };
		71E7F3512570D76600F15098 /* HomePageViewModel.swift */ = {isa = PBXFileReference; fileEncoding = 4; lastKnownFileType = sourcecode.swift; path = HomePageViewModel.swift; sourceTree = "<group>"; };
		71E81EA32584A22500BECDCC /* FirebaseTimestamp+Extension.swift */ = {isa = PBXFileReference; lastKnownFileType = sourcecode.swift; path = "FirebaseTimestamp+Extension.swift"; sourceTree = "<group>"; };
		71E81EA82584BAD600BECDCC /* LobbyViewController.xib */ = {isa = PBXFileReference; fileEncoding = 4; lastKnownFileType = file.xib; path = LobbyViewController.xib; sourceTree = "<group>"; };
		71E81EA92584BAD600BECDCC /* LobbyViewController.swift */ = {isa = PBXFileReference; fileEncoding = 4; lastKnownFileType = sourcecode.swift; path = LobbyViewController.swift; sourceTree = "<group>"; };
		71E81EAE2584BB5D00BECDCC /* TheNewestWordTableViewCell.swift */ = {isa = PBXFileReference; lastKnownFileType = sourcecode.swift; path = TheNewestWordTableViewCell.swift; sourceTree = "<group>"; };
		71E81EAF2584BB5D00BECDCC /* TheNewestWordTableViewCell.xib */ = {isa = PBXFileReference; lastKnownFileType = file.xib; path = TheNewestWordTableViewCell.xib; sourceTree = "<group>"; };
		71E81EB72584BBB900BECDCC /* Top5TableViewCell.swift */ = {isa = PBXFileReference; lastKnownFileType = sourcecode.swift; path = Top5TableViewCell.swift; sourceTree = "<group>"; };
		71E81EB82584BBB900BECDCC /* Top5TableViewCell.xib */ = {isa = PBXFileReference; lastKnownFileType = file.xib; path = Top5TableViewCell.xib; sourceTree = "<group>"; };
		71E929552584E0EE001FB100 /* TopFiveCollectionViewCell.swift */ = {isa = PBXFileReference; lastKnownFileType = sourcecode.swift; path = TopFiveCollectionViewCell.swift; sourceTree = "<group>"; };
		71E929562584E0EE001FB100 /* TopFiveCollectionViewCell.xib */ = {isa = PBXFileReference; lastKnownFileType = file.xib; path = TopFiveCollectionViewCell.xib; sourceTree = "<group>"; };
		71E9295C2584F8FF001FB100 /* LobbyTableHeaderView.swift */ = {isa = PBXFileReference; lastKnownFileType = sourcecode.swift; path = LobbyTableHeaderView.swift; sourceTree = "<group>"; };
		71E929602584FB23001FB100 /* LobbyTableHeaderView.xib */ = {isa = PBXFileReference; lastKnownFileType = file.xib; path = LobbyTableHeaderView.xib; sourceTree = "<group>"; };
		71F8DDA6257C73E600507D8F /* SearchTableViewCell.swift */ = {isa = PBXFileReference; lastKnownFileType = sourcecode.swift; path = SearchTableViewCell.swift; sourceTree = "<group>"; };
		71F8DDA7257C73E600507D8F /* SearchTableViewCell.xib */ = {isa = PBXFileReference; lastKnownFileType = file.xib; path = SearchTableViewCell.xib; sourceTree = "<group>"; };
		71F8DDAB257C751200507D8F /* SearchViewModel.swift */ = {isa = PBXFileReference; lastKnownFileType = sourcecode.swift; path = SearchViewModel.swift; sourceTree = "<group>"; };
		71F8DDAE257C780B00507D8F /* String+Extension.swift */ = {isa = PBXFileReference; lastKnownFileType = sourcecode.swift; path = "String+Extension.swift"; sourceTree = "<group>"; };
		71F9441F25789B140014808E /* JoeyTextLayer.swift */ = {isa = PBXFileReference; lastKnownFileType = sourcecode.swift; path = JoeyTextLayer.swift; sourceTree = "<group>"; };
		71F9442A2578C15E0014808E /* RankViewController.swift */ = {isa = PBXFileReference; lastKnownFileType = sourcecode.swift; path = RankViewController.swift; sourceTree = "<group>"; };
		BD79464FBEA10AB0680FA634 /* Pods_MandarinUrbanDictionary.framework */ = {isa = PBXFileReference; explicitFileType = wrapper.framework; includeInIndex = 0; path = Pods_MandarinUrbanDictionary.framework; sourceTree = BUILT_PRODUCTS_DIR; };
		D9ED06464B995D3E2CBF6928 /* Pods-MandarinUrbanDictionary.release.xcconfig */ = {isa = PBXFileReference; includeInIndex = 1; lastKnownFileType = text.xcconfig; name = "Pods-MandarinUrbanDictionary.release.xcconfig"; path = "Target Support Files/Pods-MandarinUrbanDictionary/Pods-MandarinUrbanDictionary.release.xcconfig"; sourceTree = "<group>"; };
		F18C21768667612211CB775E /* Pods-MandarinUrbanDictionary.debug.xcconfig */ = {isa = PBXFileReference; includeInIndex = 1; lastKnownFileType = text.xcconfig; name = "Pods-MandarinUrbanDictionary.debug.xcconfig"; path = "Target Support Files/Pods-MandarinUrbanDictionary/Pods-MandarinUrbanDictionary.debug.xcconfig"; sourceTree = "<group>"; };
/* End PBXFileReference section */

/* Begin PBXFrameworksBuildPhase section */
		7175691C2570CFD300417B9C /* Frameworks */ = {
			isa = PBXFrameworksBuildPhase;
			buildActionMask = 2147483647;
			files = (
				E19594E26AB12FCE94225D78 /* Pods_MandarinUrbanDictionary.framework in Frameworks */,
			);
			runOnlyForDeploymentPostprocessing = 0;
		};
		71846463259D991B00DBFD99 /* Frameworks */ = {
			isa = PBXFrameworksBuildPhase;
			buildActionMask = 2147483647;
			files = (
			);
			runOnlyForDeploymentPostprocessing = 0;
		};
/* End PBXFrameworksBuildPhase section */

/* Begin PBXGroup section */
		7120E0232572333B00A56E7E /* MostViewedWord */ = {
			isa = PBXGroup;
			children = (
				71E7F3322570D67900F15098 /* MostViewedWordCollectionViewCell.swift */,
				71E7F3332570D67900F15098 /* MostViewedWordCollectionViewCell.xib */,
			);
			path = MostViewedWord;
			sourceTree = "<group>";
		};
		7120E0242572334300A56E7E /* Category */ = {
			isa = PBXGroup;
			children = (
				7120E0112571167700A56E7E /* CategoryCollectionViewCell.swift */,
				7120E0122571167700A56E7E /* CategoryCollectionViewCell.xib */,
			);
			path = Category;
			sourceTree = "<group>";
		};
		71295AD6259378280077CD0A /* DailyWord */ = {
			isa = PBXGroup;
			children = (
				71295AD72593785F0077CD0A /* DailyTableViewCell.swift */,
				71295AD82593785F0077CD0A /* DailyTableViewCell.xib */,
			);
			path = DailyWord;
			sourceTree = "<group>";
		};
		713361C1258B8E5300FEEB43 /* Request */ = {
			isa = PBXGroup;
			children = (
				713361C2258B8E5F00FEEB43 /* Request.swift */,
			);
			path = Request;
			sourceTree = "<group>";
		};
		713361C7258C452800FEEB43 /* NewWord */ = {
			isa = PBXGroup;
			children = (
				713361C8258C45B500FEEB43 /* AddNewWordView.swift */,
			);
			path = NewWord;
			sourceTree = "<group>";
		};
		713488832574954F007ADED3 /* Definition */ = {
			isa = PBXGroup;
			children = (
				7134888425749582007ADED3 /* DefinitionTableViewCell.swift */,
				7134888525749582007ADED3 /* DefinitionTableViewCell.xib */,
			);
			path = Definition;
			sourceTree = "<group>";
		};
		714F1CA02594366B005BEDAA /* Manager */ = {
			isa = PBXGroup;
			children = (
				71C7D721259439C3008477D2 /* Base */,
				7158CE75259306CE008E9727 /* FavoriteManager.swift */,
				714F1CA125943679005BEDAA /* DailyWordManager.swift */,
			);
			path = Manager;
			sourceTree = "<group>";
		};
		7160B713257254D8007F7C90 /* TableViewCell */ = {
			isa = PBXGroup;
			children = (
				71E81EAD2584BAF100BECDCC /* Lobby */,
				71E9295A2584F690001FB100 /* LobbyHeader */,
				71F8DDA5257C73C600507D8F /* Search */,
				7160B71825725558007F7C90 /* Definition Header */,
				713488832574954F007ADED3 /* Definition */,
				71295AD6259378280077CD0A /* DailyWord */,
				716CD319257503A700695A91 /* SidePanel */,
				716CD324257522EF00695A91 /* SidePanel Header */,
				71A84A892576379400E0C14D /* Favorite */,
				71883B792578D6D200170AC9 /* Rank */,
				71C0B7E4258CA64E00DDD82A /* Achievement */,
			);
			path = TableViewCell;
			sourceTree = "<group>";
		};
		7160B71825725558007F7C90 /* Definition Header */ = {
			isa = PBXGroup;
			children = (
				7160B71425725532007F7C90 /* DefinitionHeaderView.swift */,
				7160B71925725572007F7C90 /* DefinitionHeaderView.xib */,
			);
			path = "Definition Header";
			sourceTree = "<group>";
		};
		716CD30A2574F79100695A91 /* Lobby */ = {
			isa = PBXGroup;
			children = (
				716CD30C2574F7A200695A91 /* ContainerViewController.swift */,
				716CD30F2574F80500695A91 /* SidePanelViewController.swift */,
				71E81EA92584BAD600BECDCC /* LobbyViewController.swift */,
				7152EADA2575E94A00F1C5FB /* AddNewWordViewController.swift */,
			);
			path = Lobby;
			sourceTree = "<group>";
		};
		716CD319257503A700695A91 /* SidePanel */ = {
			isa = PBXGroup;
			children = (
				716CD31B2575130400695A91 /* SidePanelTableViewCell.swift */,
				716CD31C2575130400695A91 /* SidePanelTableViewCell.xib */,
			);
			path = SidePanel;
			sourceTree = "<group>";
		};
		716CD324257522EF00695A91 /* SidePanel Header */ = {
			isa = PBXGroup;
			children = (
				716CD3252575232700695A91 /* SidePanelHeaderFooterView.swift */,
				716CD3282575234100695A91 /* SidePanelHeaderFooterView.xib */,
			);
			path = "SidePanel Header";
			sourceTree = "<group>";
		};
		717569162570CFD300417B9C = {
			isa = PBXGroup;
			children = (
				717569212570CFD300417B9C /* MandarinUrbanDictionary */,
				71846467259D991B00DBFD99 /* MandarinUrbanDictionaryTests */,
				717569202570CFD300417B9C /* Products */,
				BD46FC664045AE34D3F9C256 /* Pods */,
				E6EC90ACA63C2F6AD7C57BF9 /* Frameworks */,
			);
			sourceTree = "<group>";
		};
		717569202570CFD300417B9C /* Products */ = {
			isa = PBXGroup;
			children = (
				7175691F2570CFD300417B9C /* MandarinUrbanDictionary.app */,
				71846466259D991B00DBFD99 /* MandarinUrbanDictionaryTests.xctest */,
			);
			name = Products;
			sourceTree = "<group>";
		};
		717569212570CFD300417B9C /* MandarinUrbanDictionary */ = {
			isa = PBXGroup;
			children = (
				71230B5D25845B3400B78C9C /* MandarinUrbanDictionary.entitlements */,
				71C5C7D725792E4200EAE24B /* Entity */,
				71E7F34F2570D76100F15098 /* Helper */,
				71E7F33E2570D73700F15098 /* Extension */,
				71E7F32F2570D67900F15098 /* xibs */,
				718D6B8C2579DA8C00663CAD /* Networking */,
				71E7F3492570D75B00F15098 /* Model */,
				71E7F3502570D76600F15098 /* ViewModel */,
				71E7F32E2570D67900F15098 /* View */,
				71E7F33A2570D6FD00F15098 /* Controller */,
				717569782570D35100417B9C /* Fundmental */,
				7175692B2570CFD600417B9C /* Assets.xcassets */,
				7175694A2570D0F000417B9C /* Supporting Files */,
			);
			path = MandarinUrbanDictionary;
			sourceTree = "<group>";
		};
		7175694A2570D0F000417B9C /* Supporting Files */ = {
			isa = PBXGroup;
			children = (
				71B046C025933DE0001F84DE /* Lotties */,
				7175692D2570CFD600417B9C /* LaunchScreen.storyboard */,
				71554E76258D920F00A5B77F /* GoogleService-Info.plist */,
				717569302570CFD600417B9C /* Info.plist */,
			);
			path = "Supporting Files";
			sourceTree = "<group>";
		};
		717569782570D35100417B9C /* Fundmental */ = {
			isa = PBXGroup;
			children = (
				717569222570CFD300417B9C /* AppDelegate.swift */,
				717569242570CFD300417B9C /* SceneDelegate.swift */,
			);
			path = Fundmental;
			sourceTree = "<group>";
		};
		7184645D259C2F3800DBFD99 /* Login */ = {
			isa = PBXGroup;
			children = (
			);
			path = Login;
			sourceTree = "<group>";
		};
		71846467259D991B00DBFD99 /* MandarinUrbanDictionaryTests */ = {
			isa = PBXGroup;
			children = (
				71846468259D991B00DBFD99 /* MandarinUrbanDictionaryTests.swift */,
				7184646A259D991B00DBFD99 /* Info.plist */,
			);
			path = MandarinUrbanDictionaryTests;
			sourceTree = "<group>";
		};
		71883B792578D6D200170AC9 /* Rank */ = {
			isa = PBXGroup;
			children = (
				71883B7A2578D6F300170AC9 /* RankTableViewCell.swift */,
				71883B7B2578D6F300170AC9 /* RankTableViewCell.xib */,
			);
			path = Rank;
			sourceTree = "<group>";
		};
		718D6B8C2579DA8C00663CAD /* Networking */ = {
			isa = PBXGroup;
			children = (
				713361C1258B8E5300FEEB43 /* Request */,
				718D6B8D2579DB7A00663CAD /* Manager */,
			);
			path = Networking;
			sourceTree = "<group>";
		};
		718D6B8D2579DB7A00663CAD /* Manager */ = {
			isa = PBXGroup;
			children = (
				718D6B8E2579DBAF00663CAD /* FirebaseManager.swift */,
				71990F3D259F5EB50096D734 /* UserFIRManager.swift */,
				71990F41259F5EBF0096D734 /* DailyFIRManager.swift */,
				71990F45259F5ED90096D734 /* WordFIRManager.swift */,
				71990F49259F5EEF0096D734 /* DefFIRManager.swift */,
			);
			path = Manager;
			sourceTree = "<group>";
		};
		71A84A892576379400E0C14D /* Favorite */ = {
			isa = PBXGroup;
			children = (
				71A84A8A257637B600E0C14D /* FavoriteTableViewCell.swift */,
				71A84A8B257637B600E0C14D /* FavoriteTableViewCell.xib */,
			);
			path = Favorite;
			sourceTree = "<group>";
		};
		71B046C025933DE0001F84DE /* Lotties */ = {
			isa = PBXGroup;
			children = (
				71B046D725934F93001F84DE /* loading_Lotties.json */,
				71C889F72596CF5200FC5069 /* loading-spinner.json */,
				71C88A4625975C4200FC5069 /* lottie_Failure.json */,
				71C88A2325972D1200FC5069 /* success_Animation.json */,
			);
			path = Lotties;
			sourceTree = "<group>";
		};
		71C0B7E4258CA64E00DDD82A /* Achievement */ = {
			isa = PBXGroup;
			children = (
				71C0B7E5258CA66B00DDD82A /* AchievementTableViewCell.swift */,
				71C0B7E6258CA66B00DDD82A /* AchievementTableViewCell.xib */,
			);
			path = Achievement;
			sourceTree = "<group>";
		};
		71C5C7D725792E4200EAE24B /* Entity */ = {
			isa = PBXGroup;
			children = (
				718D6B892579D92400663CAD /* Box.swift */,
				71C3D5B125809A2200636BC4 /* FavoritePresenter.swift */,
				71C3D5B425809C0900636BC4 /* ReportPresenter.swift */,
				712F4FC3258DA28000F7AE29 /* ProgressBarMaker.swift */,
				718E69F1259084D60056475F /* LocalNotificationManager.swift */,
				7159FBAA2595ACF300825641 /* AVSpeechManager.swift */,
				71C88A4325973A4700FC5069 /* HUDAnimation.swift */,
			);
			path = Entity;
			sourceTree = "<group>";
		};
		71C7D721259439C3008477D2 /* Base */ = {
			isa = PBXGroup;
			children = (
				71C7D722259439DE008477D2 /* WordOrganizer.swift */,
			);
			path = Base;
			sourceTree = "<group>";
		};
		71C889FD2597254300FC5069 /* Login */ = {
			isa = PBXGroup;
			children = (
				716A8D6F25787A01005C5782 /* LoginViewController.swift */,
				7111237F2597851B002F5C13 /* TermOfServiceViewController.swift */,
			);
			path = Login;
			sourceTree = "<group>";
		};
		71C889FE2597256400FC5069 /* SideMenu */ = {
			isa = PBXGroup;
			children = (
				71295AD0259375A90077CD0A /* DailyWordViewController.swift */,
				71A84A832576368900E0C14D /* FavoriteViewController.swift */,
				71F9442A2578C15E0014808E /* RankViewController.swift */,
				71883B802578EFBB00170AC9 /* QuizViewController.swift */,
				710574BC2589FF90004556DF /* AchievementViewController.swift */,
			);
			path = SideMenu;
			sourceTree = "<group>";
		};
		71C889FF2597257100FC5069 /* Definition */ = {
			isa = PBXGroup;
			children = (
				7120E01D257231CC00A56E7E /* DefinitionViewController.swift */,
				71C3D5A9257E29DB00636BC4 /* NewDefinitionViewController.swift */,
				716A8D6225778AA3005C5782 /* ReportViewController.swift */,
			);
			path = Definition;
			sourceTree = "<group>";
		};
		71C88A012597259400FC5069 /* Search */ = {
			isa = PBXGroup;
			children = (
				7120E0052570F65D00A56E7E /* SearchPageViewController.swift */,
			);
			path = Search;
			sourceTree = "<group>";
		};
		71C88A03259725BA00FC5069 /* Other */ = {
			isa = PBXGroup;
			children = (
				7120E00B2571116400A56E7E /* CategoryViewController.swift */,
			);
			path = Other;
			sourceTree = "<group>";
		};
		71C88A4925975FA400FC5069 /* Animation */ = {
			isa = PBXGroup;
			children = (
				71C88A4A25975FC300FC5069 /* WrapperAnimationView.swift */,
			);
			path = Animation;
			sourceTree = "<group>";
		};
		71CE92102579C03B0080E0A0 /* Base */ = {
			isa = PBXGroup;
			children = (
				71CE92112579C0AE0080E0A0 /* JoeyPanelViewController.swift */,
			);
			path = Base;
			sourceTree = "<group>";
		};
		71CE92152579C1FF0080E0A0 /* Base */ = {
			isa = PBXGroup;
			children = (
				71A84A95257689B000E0C14D /* CardView.swift */,
				71CE92162579C21F0080E0A0 /* NewPostButtonView.swift */,
			);
			path = Base;
			sourceTree = "<group>";
		};
		71D3E6F2258B25950064693C /* RandomWord */ = {
			isa = PBXGroup;
			children = (
				71D3E6F3258B25FA0064693C /* RandomWordTableViewCell.swift */,
				71D3E6F4258B25FA0064693C /* RandomWordTableViewCell.xib */,
			);
			path = RandomWord;
			sourceTree = "<group>";
		};
		71E7F32E2570D67900F15098 /* View */ = {
			isa = PBXGroup;
			children = (
				71C88A4925975FA400FC5069 /* Animation */,
				71CE92152579C1FF0080E0A0 /* Base */,
				7184645D259C2F3800DBFD99 /* Login */,
				713361C7258C452800FEEB43 /* NewWord */,
				71E7F3312570D67900F15098 /* CollectionViewCell */,
				7160B713257254D8007F7C90 /* TableViewCell */,
			);
			path = View;
			sourceTree = "<group>";
		};
		71E7F32F2570D67900F15098 /* xibs */ = {
			isa = PBXGroup;
			children = (
				71055A94258428A300560C5D /* LoginViewController.xib */,
				711123802597851B002F5C13 /* TermOfServiceViewController.xib */,
				71E81EA82584BAD600BECDCC /* LobbyViewController.xib */,
				71C88A1C2597288F00FC5069 /* SearchPageViewController.xib */,
				716CD3102574F80500695A91 /* SidePanelViewController.xib */,
				7152EADB2575E94A00F1C5FB /* AddNewWordViewController.xib */,
				7120E00C2571116400A56E7E /* CategoryViewController.xib */,
				7120E01E257231CC00A56E7E /* DefinitionViewController.xib */,
				71C3D5AA257E29DB00636BC4 /* NewDefinitionViewController.xib */,
				71A84A842576368900E0C14D /* FavoriteViewController.xib */,
				716A8D6325778AA3005C5782 /* ReportViewController.xib */,
				71055A902584289500560C5D /* RankViewController.xib */,
				710574BD2589FF90004556DF /* AchievementViewController.xib */,
				71295AD1259375A90077CD0A /* DailyWordViewController.xib */,
				71055A8A2584285B00560C5D /* QuizViewController.xib */,
			);
			path = xibs;
			sourceTree = "<group>";
		};
		71E7F3312570D67900F15098 /* CollectionViewCell */ = {
			isa = PBXGroup;
			children = (
				71E929542584E0D3001FB100 /* TopFive */,
				7120E0232572333B00A56E7E /* MostViewedWord */,
				7120E0242572334300A56E7E /* Category */,
			);
			path = CollectionViewCell;
			sourceTree = "<group>";
		};
		71E7F33A2570D6FD00F15098 /* Controller */ = {
			isa = PBXGroup;
			children = (
				71CE92102579C03B0080E0A0 /* Base */,
				71C889FD2597254300FC5069 /* Login */,
				716CD30A2574F79100695A91 /* Lobby */,
				71C88A012597259400FC5069 /* Search */,
				71C889FF2597257100FC5069 /* Definition */,
				71C889FE2597256400FC5069 /* SideMenu */,
				71C88A03259725BA00FC5069 /* Other */,
			);
			name = Controller;
			path = MandarinUrbanDictionary/Controller;
			sourceTree = SOURCE_ROOT;
		};
		71E7F33E2570D73700F15098 /* Extension */ = {
			isa = PBXGroup;
			children = (
				71E7F3402570D73700F15098 /* UIColor+Extension.swift */,
				71E7F3412570D73700F15098 /* UIView+Extension.swift */,
				71E7F3422570D73700F15098 /* UICollectionView+Extension.swift */,
				7120E01A257225CF00A56E7E /* UISearchBar+Extension.swift */,
				7160B71025725359007F7C90 /* UITableView+Extension.swift */,
				7134887F257285F5007ADED3 /* UINavigationItem+Extension.swift */,
				71978A292574CB3B00591B77 /* FSPagerView+Extension.swift */,
				716A8D4625773C11005C5782 /* UIViewController+Extension.swift */,
				716CC8C0257B6C1D0059F315 /* UITextView+Extension.swift */,
				71F8DDAE257C780B00507D8F /* String+Extension.swift */,
				71230B5F25845C9200B78C9C /* UserDefaults+Extension.swift */,
				7188ADE9258471FA00524D96 /* UILabel+Extension.swift */,
				71E81EA32584A22500BECDCC /* FirebaseTimestamp+Extension.swift */,
				71A6C20C2586163800FC478D /* NSCharacterSet+Extension.swift */,
				710574B82589E771004556DF /* UIButton+Extension.swift */,
				71D3E6C7258A42640064693C /* UINavigationController+Extension.swift */,
				7170537325904493000521B0 /* UITextField+Extension.swift */,
				7159FBB12595BCB400825641 /* Integer+Extension.swift */,
				7184645F259C61D300DBFD99 /* UINavigation+Extension.swift */,
			);
			name = Extension;
			path = MandarinUrbanDictionary/Extension;
			sourceTree = SOURCE_ROOT;
		};
		71E7F3492570D75B00F15098 /* Model */ = {
			isa = PBXGroup;
			children = (
				718D6B91257A1FF500663CAD /* User.swift */,
				71E7F34A2570D75B00F15098 /* Definition.swift */,
				716A8D692577A880005C5782 /* Report.swift */,
				71E7F34B2570D75B00F15098 /* Word.swift */,
				71A84A902576802900E0C14D /* Category.swift */,
				71811DEB2576DC66005319DA /* SidePanel.swift */,
				71D83CA0258B540000BC8D21 /* DailyWord.swift */,
				716A8D5C25777040005C5782 /* ImageConstant.swift */,
				714F1CA02594366B005BEDAA /* Manager */,
			);
			path = Model;
			sourceTree = "<group>";
		};
		71E7F34F2570D76100F15098 /* Helper */ = {
			isa = PBXGroup;
			children = (
				7120E0172572024A00A56E7E /* SearchButton.swift */,
				71F9441F25789B140014808E /* JoeyTextLayer.swift */,
			);
			path = Helper;
			sourceTree = "<group>";
		};
		71E7F3502570D76600F15098 /* ViewModel */ = {
			isa = PBXGroup;
			children = (
				71E7F3512570D76600F15098 /* HomePageViewModel.swift */,
				7134888925749D05007ADED3 /* DefinitionViewModel.swift */,
				716CD3202575183D00695A91 /* SidePanelViewModel.swift */,
				7119AA2C257B73DD00A7F513 /* AddNewWordViewModel.swift */,
				71F8DDAB257C751200507D8F /* SearchViewModel.swift */,
				71C3D5AE2580666C00636BC4 /* FavoriteViewModel.swift */,
				7188ADEC258480AE00524D96 /* RankViewModel.swift */,
				7150956E25874EE60086B854 /* NewDefinitionViewModel.swift */,
				710574F0258A16FD004556DF /* UserViewModel.swift */,
				71295ADC2593985F0077CD0A /* DailyWordViewModel.swift */,
			);
			path = ViewModel;
			sourceTree = "<group>";
		};
		71E81EAD2584BAF100BECDCC /* Lobby */ = {
			isa = PBXGroup;
			children = (
				71E81EB32584BB6400BECDCC /* NewestWord */,
				71E81EB62584BBA600BECDCC /* Top5 */,
				71D3E6F2258B25950064693C /* RandomWord */,
			);
			path = Lobby;
			sourceTree = "<group>";
		};
		71E81EB32584BB6400BECDCC /* NewestWord */ = {
			isa = PBXGroup;
			children = (
				71E81EAE2584BB5D00BECDCC /* TheNewestWordTableViewCell.swift */,
				71E81EAF2584BB5D00BECDCC /* TheNewestWordTableViewCell.xib */,
			);
			path = NewestWord;
			sourceTree = "<group>";
		};
		71E81EB62584BBA600BECDCC /* Top5 */ = {
			isa = PBXGroup;
			children = (
				71E81EB72584BBB900BECDCC /* Top5TableViewCell.swift */,
				71E81EB82584BBB900BECDCC /* Top5TableViewCell.xib */,
			);
			path = Top5;
			sourceTree = "<group>";
		};
		71E929542584E0D3001FB100 /* TopFive */ = {
			isa = PBXGroup;
			children = (
				71E929552584E0EE001FB100 /* TopFiveCollectionViewCell.swift */,
				71E929562584E0EE001FB100 /* TopFiveCollectionViewCell.xib */,
			);
			path = TopFive;
			sourceTree = "<group>";
		};
		71E9295A2584F690001FB100 /* LobbyHeader */ = {
			isa = PBXGroup;
			children = (
				71E9295C2584F8FF001FB100 /* LobbyTableHeaderView.swift */,
				71E929602584FB23001FB100 /* LobbyTableHeaderView.xib */,
			);
			path = LobbyHeader;
			sourceTree = "<group>";
		};
		71F8DDA5257C73C600507D8F /* Search */ = {
			isa = PBXGroup;
			children = (
				71F8DDA6257C73E600507D8F /* SearchTableViewCell.swift */,
				71F8DDA7257C73E600507D8F /* SearchTableViewCell.xib */,
			);
			path = Search;
			sourceTree = "<group>";
		};
		BD46FC664045AE34D3F9C256 /* Pods */ = {
			isa = PBXGroup;
			children = (
				F18C21768667612211CB775E /* Pods-MandarinUrbanDictionary.debug.xcconfig */,
				D9ED06464B995D3E2CBF6928 /* Pods-MandarinUrbanDictionary.release.xcconfig */,
			);
			path = Pods;
			sourceTree = "<group>";
		};
		E6EC90ACA63C2F6AD7C57BF9 /* Frameworks */ = {
			isa = PBXGroup;
			children = (
				BD79464FBEA10AB0680FA634 /* Pods_MandarinUrbanDictionary.framework */,
			);
			name = Frameworks;
			sourceTree = "<group>";
		};
/* End PBXGroup section */

/* Begin PBXNativeTarget section */
		7175691E2570CFD300417B9C /* MandarinUrbanDictionary */ = {
			isa = PBXNativeTarget;
			buildConfigurationList = 717569332570CFD600417B9C /* Build configuration list for PBXNativeTarget "MandarinUrbanDictionary" */;
			buildPhases = (
				412638A3035C4D813576EE70 /* [CP] Check Pods Manifest.lock */,
				7175691B2570CFD300417B9C /* Sources */,
				7175691C2570CFD300417B9C /* Frameworks */,
				7175691D2570CFD300417B9C /* Resources */,
				14A3E35124F544F9D1735DD3 /* [CP] Embed Pods Frameworks */,
				717569502570D1CD00417B9C /* SwiftLint */,
			);
			buildRules = (
			);
			dependencies = (
			);
			name = MandarinUrbanDictionary;
			productName = MandarinUrbanDictionary;
			productReference = 7175691F2570CFD300417B9C /* MandarinUrbanDictionary.app */;
			productType = "com.apple.product-type.application";
		};
		71846465259D991B00DBFD99 /* MandarinUrbanDictionaryTests */ = {
			isa = PBXNativeTarget;
			buildConfigurationList = 7184646D259D991B00DBFD99 /* Build configuration list for PBXNativeTarget "MandarinUrbanDictionaryTests" */;
			buildPhases = (
				71846462259D991B00DBFD99 /* Sources */,
				71846463259D991B00DBFD99 /* Frameworks */,
				71846464259D991B00DBFD99 /* Resources */,
			);
			buildRules = (
			);
			dependencies = (
				7184646C259D991B00DBFD99 /* PBXTargetDependency */,
			);
			name = MandarinUrbanDictionaryTests;
			productName = MandarinUrbanDictionaryTests;
			productReference = 71846466259D991B00DBFD99 /* MandarinUrbanDictionaryTests.xctest */;
			productType = "com.apple.product-type.bundle.unit-test";
		};
/* End PBXNativeTarget section */

/* Begin PBXProject section */
		717569172570CFD300417B9C /* Project object */ = {
			isa = PBXProject;
			attributes = {
				LastSwiftUpdateCheck = 1220;
				LastUpgradeCheck = 1220;
				TargetAttributes = {
					7175691E2570CFD300417B9C = {
						CreatedOnToolsVersion = 12.2;
					};
					71846465259D991B00DBFD99 = {
						CreatedOnToolsVersion = 12.2;
						TestTargetID = 7175691E2570CFD300417B9C;
					};
				};
			};
			buildConfigurationList = 7175691A2570CFD300417B9C /* Build configuration list for PBXProject "MandarinUrbanDictionary" */;
			compatibilityVersion = "Xcode 9.3";
			developmentRegion = en;
			hasScannedForEncodings = 0;
			knownRegions = (
				en,
				Base,
			);
			mainGroup = 717569162570CFD300417B9C;
			productRefGroup = 717569202570CFD300417B9C /* Products */;
			projectDirPath = "";
			projectRoot = "";
			targets = (
				7175691E2570CFD300417B9C /* MandarinUrbanDictionary */,
				71846465259D991B00DBFD99 /* MandarinUrbanDictionaryTests */,
			);
		};
/* End PBXProject section */

/* Begin PBXResourcesBuildPhase section */
		7175691D2570CFD300417B9C /* Resources */ = {
			isa = PBXResourcesBuildPhase;
			buildActionMask = 2147483647;
			files = (
				716CD3122574F80500695A91 /* SidePanelViewController.xib in Resources */,
				71C88A2425972D1200FC5069 /* success_Animation.json in Resources */,
				71295AD3259375A90077CD0A /* DailyWordViewController.xib in Resources */,
				710574BF2589FF90004556DF /* AchievementViewController.xib in Resources */,
				7160B71A25725572007F7C90 /* DefinitionHeaderView.xib in Resources */,
				7152EADD2575E94A00F1C5FB /* AddNewWordViewController.xib in Resources */,
				71295ADA2593785F0077CD0A /* DailyTableViewCell.xib in Resources */,
				71883B7D2578D6F300170AC9 /* RankTableViewCell.xib in Resources */,
				71E81EB12584BB5D00BECDCC /* TheNewestWordTableViewCell.xib in Resources */,
				7134888725749582007ADED3 /* DefinitionTableViewCell.xib in Resources */,
				7120E00E2571116400A56E7E /* CategoryViewController.xib in Resources */,
				71C0B7E8258CA66B00DDD82A /* AchievementTableViewCell.xib in Resources */,
				716CD3292575234100695A91 /* SidePanelHeaderFooterView.xib in Resources */,
				711123822597851B002F5C13 /* TermOfServiceViewController.xib in Resources */,
				7120E020257231CC00A56E7E /* DefinitionViewController.xib in Resources */,
				71E929612584FB23001FB100 /* LobbyTableHeaderView.xib in Resources */,
				71055A95258428A300560C5D /* LoginViewController.xib in Resources */,
				71B046D825934F93001F84DE /* loading_Lotties.json in Resources */,
				71E929582584E0EE001FB100 /* TopFiveCollectionViewCell.xib in Resources */,
				71D3E6F6258B25FA0064693C /* RandomWordTableViewCell.xib in Resources */,
				71E81EAA2584BAD600BECDCC /* LobbyViewController.xib in Resources */,
				716A8D6525778AA4005C5782 /* ReportViewController.xib in Resources */,
				71E81EBA2584BBB900BECDCC /* Top5TableViewCell.xib in Resources */,
				71E7F3372570D67900F15098 /* MostViewedWordCollectionViewCell.xib in Resources */,
				716CD31E2575130400695A91 /* SidePanelTableViewCell.xib in Resources */,
				71A84A862576368900E0C14D /* FavoriteViewController.xib in Resources */,
				7175692F2570CFD600417B9C /* LaunchScreen.storyboard in Resources */,
				71A84A8D257637B600E0C14D /* FavoriteTableViewCell.xib in Resources */,
				71C3D5AC257E29DB00636BC4 /* NewDefinitionViewController.xib in Resources */,
				71554E77258D920F00A5B77F /* GoogleService-Info.plist in Resources */,
				71C88A4725975C4200FC5069 /* lottie_Failure.json in Resources */,
				7120E0142571167700A56E7E /* CategoryCollectionViewCell.xib in Resources */,
				71F8DDA9257C73E600507D8F /* SearchTableViewCell.xib in Resources */,
				7175692C2570CFD600417B9C /* Assets.xcassets in Resources */,
				71C889F82596CF5200FC5069 /* loading-spinner.json in Resources */,
				71C88A1D2597288F00FC5069 /* SearchPageViewController.xib in Resources */,
				71055A912584289500560C5D /* RankViewController.xib in Resources */,
				71055A8B2584285B00560C5D /* QuizViewController.xib in Resources */,
			);
			runOnlyForDeploymentPostprocessing = 0;
		};
		71846464259D991B00DBFD99 /* Resources */ = {
			isa = PBXResourcesBuildPhase;
			buildActionMask = 2147483647;
			files = (
			);
			runOnlyForDeploymentPostprocessing = 0;
		};
/* End PBXResourcesBuildPhase section */

/* Begin PBXShellScriptBuildPhase section */
		14A3E35124F544F9D1735DD3 /* [CP] Embed Pods Frameworks */ = {
			isa = PBXShellScriptBuildPhase;
			buildActionMask = 2147483647;
			files = (
			);
			inputFileListPaths = (
				"${PODS_ROOT}/Target Support Files/Pods-MandarinUrbanDictionary/Pods-MandarinUrbanDictionary-frameworks-${CONFIGURATION}-input-files.xcfilelist",
			);
			name = "[CP] Embed Pods Frameworks";
			outputFileListPaths = (
				"${PODS_ROOT}/Target Support Files/Pods-MandarinUrbanDictionary/Pods-MandarinUrbanDictionary-frameworks-${CONFIGURATION}-output-files.xcfilelist",
			);
			runOnlyForDeploymentPostprocessing = 0;
			shellPath = /bin/sh;
			shellScript = "\"${PODS_ROOT}/Target Support Files/Pods-MandarinUrbanDictionary/Pods-MandarinUrbanDictionary-frameworks.sh\"\n";
			showEnvVarsInLog = 0;
		};
		412638A3035C4D813576EE70 /* [CP] Check Pods Manifest.lock */ = {
			isa = PBXShellScriptBuildPhase;
			buildActionMask = 2147483647;
			files = (
			);
			inputFileListPaths = (
			);
			inputPaths = (
				"${PODS_PODFILE_DIR_PATH}/Podfile.lock",
				"${PODS_ROOT}/Manifest.lock",
			);
			name = "[CP] Check Pods Manifest.lock";
			outputFileListPaths = (
			);
			outputPaths = (
				"$(DERIVED_FILE_DIR)/Pods-MandarinUrbanDictionary-checkManifestLockResult.txt",
			);
			runOnlyForDeploymentPostprocessing = 0;
			shellPath = /bin/sh;
			shellScript = "diff \"${PODS_PODFILE_DIR_PATH}/Podfile.lock\" \"${PODS_ROOT}/Manifest.lock\" > /dev/null\nif [ $? != 0 ] ; then\n    # print error to STDERR\n    echo \"error: The sandbox is not in sync with the Podfile.lock. Run 'pod install' or update your CocoaPods installation.\" >&2\n    exit 1\nfi\n# This output is used by Xcode 'outputs' to avoid re-running this script phase.\necho \"SUCCESS\" > \"${SCRIPT_OUTPUT_FILE_0}\"\n";
			showEnvVarsInLog = 0;
		};
		717569502570D1CD00417B9C /* SwiftLint */ = {
			isa = PBXShellScriptBuildPhase;
			buildActionMask = 2147483647;
			files = (
			);
			inputFileListPaths = (
			);
			inputPaths = (
			);
			name = SwiftLint;
			outputFileListPaths = (
			);
			outputPaths = (
			);
			runOnlyForDeploymentPostprocessing = 0;
			shellPath = /bin/sh;
			shellScript = "\"${PODS_ROOT}/SwiftLint/swiftlint\"\n";
		};
/* End PBXShellScriptBuildPhase section */

/* Begin PBXSourcesBuildPhase section */
		7175691B2570CFD300417B9C /* Sources */ = {
			isa = PBXSourcesBuildPhase;
			buildActionMask = 2147483647;
			files = (
				71C3D5AF2580666D00636BC4 /* FavoriteViewModel.swift in Sources */,
				71D83CA1258B540100BC8D21 /* DailyWord.swift in Sources */,
				716A8D4725773C11005C5782 /* UIViewController+Extension.swift in Sources */,
				71C7D723259439DE008477D2 /* WordOrganizer.swift in Sources */,
				71CE92172579C21F0080E0A0 /* NewPostButtonView.swift in Sources */,
				71E929572584E0EE001FB100 /* TopFiveCollectionViewCell.swift in Sources */,
				718D6B92257A1FF500663CAD /* User.swift in Sources */,
				716CD3212575183D00695A91 /* SidePanelViewModel.swift in Sources */,
				71811DEC2576DC66005319DA /* SidePanel.swift in Sources */,
				7188ADEA258471FA00524D96 /* UILabel+Extension.swift in Sources */,
				71E7F3462570D73700F15098 /* UICollectionView+Extension.swift in Sources */,
				7120E0132571167700A56E7E /* CategoryCollectionViewCell.swift in Sources */,
				710574F1258A16FD004556DF /* UserViewModel.swift in Sources */,
				7159FBAB2595ACF300825641 /* AVSpeechManager.swift in Sources */,
				7159FBB22595BCB400825641 /* Integer+Extension.swift in Sources */,
				71990F46259F5ED90096D734 /* WordFIRManager.swift in Sources */,
				7160B71125725359007F7C90 /* UITableView+Extension.swift in Sources */,
				71E7F3442570D73700F15098 /* UIColor+Extension.swift in Sources */,
				714F1CA225943679005BEDAA /* DailyWordManager.swift in Sources */,
				7120E00D2571116400A56E7E /* CategoryViewController.swift in Sources */,
				718D6B8A2579D92400663CAD /* Box.swift in Sources */,
				716CC8C1257B6C1D0059F315 /* UITextView+Extension.swift in Sources */,
				713361C3258B8E5F00FEEB43 /* Request.swift in Sources */,
				71295AD92593785F0077CD0A /* DailyTableViewCell.swift in Sources */,
				7120E01B257225CF00A56E7E /* UISearchBar+Extension.swift in Sources */,
				7158CE76259306CE008E9727 /* FavoriteManager.swift in Sources */,
				71E9295D2584F8FF001FB100 /* LobbyTableHeaderView.swift in Sources */,
				716A8D6A2577A880005C5782 /* Report.swift in Sources */,
				716CD3262575232700695A91 /* SidePanelHeaderFooterView.swift in Sources */,
				7160B71525725532007F7C90 /* DefinitionHeaderView.swift in Sources */,
				71E7F34C2570D75B00F15098 /* Definition.swift in Sources */,
				71F8DDAC257C751200507D8F /* SearchViewModel.swift in Sources */,
				716CD3112574F80500695A91 /* SidePanelViewController.swift in Sources */,
				71978A2A2574CB3B00591B77 /* FSPagerView+Extension.swift in Sources */,
				71E7F3452570D73700F15098 /* UIView+Extension.swift in Sources */,
				71E7F3362570D67900F15098 /* MostViewedWordCollectionViewCell.swift in Sources */,
				71E81EAB2584BAD600BECDCC /* LobbyViewController.swift in Sources */,
				71F8DDAF257C780B00507D8F /* String+Extension.swift in Sources */,
				71E7F34D2570D75B00F15098 /* Word.swift in Sources */,
				7119AA2D257B73DE00A7F513 /* AddNewWordViewModel.swift in Sources */,
				71E81EB92584BBB900BECDCC /* Top5TableViewCell.swift in Sources */,
				718D6B8F2579DBAF00663CAD /* FirebaseManager.swift in Sources */,
				712F4FC4258DA28000F7AE29 /* ProgressBarMaker.swift in Sources */,
				716A8D5D25777040005C5782 /* ImageConstant.swift in Sources */,
				71295AD2259375A90077CD0A /* DailyWordViewController.swift in Sources */,
				716A8D6425778AA3005C5782 /* ReportViewController.swift in Sources */,
				7120E0072570F65D00A56E7E /* SearchPageViewController.swift in Sources */,
				71D3E6F5258B25FA0064693C /* RandomWordTableViewCell.swift in Sources */,
				71348880257285F5007ADED3 /* UINavigationItem+Extension.swift in Sources */,
				710574B92589E771004556DF /* UIButton+Extension.swift in Sources */,
				71C3D5AB257E29DB00636BC4 /* NewDefinitionViewController.swift in Sources */,
				71F9442025789B140014808E /* JoeyTextLayer.swift in Sources */,
				71E81EB02584BB5D00BECDCC /* TheNewestWordTableViewCell.swift in Sources */,
				7152EADC2575E94A00F1C5FB /* AddNewWordViewController.swift in Sources */,
				71990F3E259F5EB50096D734 /* UserFIRManager.swift in Sources */,
				71C88A4425973A4700FC5069 /* HUDAnimation.swift in Sources */,
				716A8D7125787A01005C5782 /* LoginViewController.swift in Sources */,
				71295ADD2593985F0077CD0A /* DailyWordViewModel.swift in Sources */,
				710574BE2589FF90004556DF /* AchievementViewController.swift in Sources */,
				71C88A4B25975FC300FC5069 /* WrapperAnimationView.swift in Sources */,
				71883B822578EFBB00170AC9 /* QuizViewController.swift in Sources */,
				7188ADED258480AE00524D96 /* RankViewModel.swift in Sources */,
				711123812597851B002F5C13 /* TermOfServiceViewController.swift in Sources */,
				71E7F3522570D76600F15098 /* HomePageViewModel.swift in Sources */,
				71CE92122579C0AE0080E0A0 /* JoeyPanelViewController.swift in Sources */,
				7134888A25749D05007ADED3 /* DefinitionViewModel.swift in Sources */,
				7134888625749582007ADED3 /* DefinitionTableViewCell.swift in Sources */,
				71A84A852576368900E0C14D /* FavoriteViewController.swift in Sources */,
				716CD31D2575130400695A91 /* SidePanelTableViewCell.swift in Sources */,
				71C3D5B225809A2200636BC4 /* FavoritePresenter.swift in Sources */,
				71990F4A259F5EEF0096D734 /* DefFIRManager.swift in Sources */,
				71883B7C2578D6F300170AC9 /* RankTableViewCell.swift in Sources */,
				71A84A8C257637B600E0C14D /* FavoriteTableViewCell.swift in Sources */,
				7120E01F257231CC00A56E7E /* DefinitionViewController.swift in Sources */,
				7150956F25874EE60086B854 /* NewDefinitionViewModel.swift in Sources */,
				717569232570CFD300417B9C /* AppDelegate.swift in Sources */,
				71A6C20D2586163800FC478D /* NSCharacterSet+Extension.swift in Sources */,
				71F9442C2578C15E0014808E /* RankViewController.swift in Sources */,
				71230B6025845C9200B78C9C /* UserDefaults+Extension.swift in Sources */,
				71C0B7E7258CA66B00DDD82A /* AchievementTableViewCell.swift in Sources */,
				71F8DDA8257C73E600507D8F /* SearchTableViewCell.swift in Sources */,
				716CD30D2574F7A200695A91 /* ContainerViewController.swift in Sources */,
				717569252570CFD300417B9C /* SceneDelegate.swift in Sources */,
				71C3D5B525809C0900636BC4 /* ReportPresenter.swift in Sources */,
				7120E0182572024A00A56E7E /* SearchButton.swift in Sources */,
				718E69F2259084D60056475F /* LocalNotificationManager.swift in Sources */,
				71990F42259F5EBF0096D734 /* DailyFIRManager.swift in Sources */,
				71A84A96257689B000E0C14D /* CardView.swift in Sources */,
				7170537425904493000521B0 /* UITextField+Extension.swift in Sources */,
				71D3E6C8258A42640064693C /* UINavigationController+Extension.swift in Sources */,
				71E81EA42584A22500BECDCC /* FirebaseTimestamp+Extension.swift in Sources */,
				71A84A912576802900E0C14D /* Category.swift in Sources */,
				713361C9258C45B500FEEB43 /* AddNewWordView.swift in Sources */,
				71846460259C61D300DBFD99 /* UINavigation+Extension.swift in Sources */,
			);
			runOnlyForDeploymentPostprocessing = 0;
		};
		71846462259D991B00DBFD99 /* Sources */ = {
			isa = PBXSourcesBuildPhase;
			buildActionMask = 2147483647;
			files = (
				71846469259D991B00DBFD99 /* MandarinUrbanDictionaryTests.swift in Sources */,
			);
			runOnlyForDeploymentPostprocessing = 0;
		};
/* End PBXSourcesBuildPhase section */

/* Begin PBXTargetDependency section */
		7184646C259D991B00DBFD99 /* PBXTargetDependency */ = {
			isa = PBXTargetDependency;
			target = 7175691E2570CFD300417B9C /* MandarinUrbanDictionary */;
			targetProxy = 7184646B259D991B00DBFD99 /* PBXContainerItemProxy */;
		};
/* End PBXTargetDependency section */

/* Begin PBXVariantGroup section */
		7175692D2570CFD600417B9C /* LaunchScreen.storyboard */ = {
			isa = PBXVariantGroup;
			children = (
				7175692E2570CFD600417B9C /* Base */,
			);
			name = LaunchScreen.storyboard;
			sourceTree = "<group>";
		};
/* End PBXVariantGroup section */

/* Begin XCBuildConfiguration section */
		717569312570CFD600417B9C /* Debug */ = {
			isa = XCBuildConfiguration;
			buildSettings = {
				ALWAYS_SEARCH_USER_PATHS = NO;
				CLANG_ANALYZER_NONNULL = YES;
				CLANG_ANALYZER_NUMBER_OBJECT_CONVERSION = YES_AGGRESSIVE;
				CLANG_CXX_LANGUAGE_STANDARD = "gnu++14";
				CLANG_CXX_LIBRARY = "libc++";
				CLANG_ENABLE_MODULES = YES;
				CLANG_ENABLE_OBJC_ARC = YES;
				CLANG_ENABLE_OBJC_WEAK = YES;
				CLANG_WARN_BLOCK_CAPTURE_AUTORELEASING = YES;
				CLANG_WARN_BOOL_CONVERSION = YES;
				CLANG_WARN_COMMA = YES;
				CLANG_WARN_CONSTANT_CONVERSION = YES;
				CLANG_WARN_DEPRECATED_OBJC_IMPLEMENTATIONS = YES;
				CLANG_WARN_DIRECT_OBJC_ISA_USAGE = YES_ERROR;
				CLANG_WARN_DOCUMENTATION_COMMENTS = YES;
				CLANG_WARN_EMPTY_BODY = YES;
				CLANG_WARN_ENUM_CONVERSION = YES;
				CLANG_WARN_INFINITE_RECURSION = YES;
				CLANG_WARN_INT_CONVERSION = YES;
				CLANG_WARN_NON_LITERAL_NULL_CONVERSION = YES;
				CLANG_WARN_OBJC_IMPLICIT_RETAIN_SELF = YES;
				CLANG_WARN_OBJC_LITERAL_CONVERSION = YES;
				CLANG_WARN_OBJC_ROOT_CLASS = YES_ERROR;
				CLANG_WARN_QUOTED_INCLUDE_IN_FRAMEWORK_HEADER = YES;
				CLANG_WARN_RANGE_LOOP_ANALYSIS = YES;
				CLANG_WARN_STRICT_PROTOTYPES = YES;
				CLANG_WARN_SUSPICIOUS_MOVE = YES;
				CLANG_WARN_UNGUARDED_AVAILABILITY = YES_AGGRESSIVE;
				CLANG_WARN_UNREACHABLE_CODE = YES;
				CLANG_WARN__DUPLICATE_METHOD_MATCH = YES;
				COPY_PHASE_STRIP = NO;
				DEBUG_INFORMATION_FORMAT = dwarf;
				ENABLE_STRICT_OBJC_MSGSEND = YES;
				ENABLE_TESTABILITY = YES;
				GCC_C_LANGUAGE_STANDARD = gnu11;
				GCC_DYNAMIC_NO_PIC = NO;
				GCC_NO_COMMON_BLOCKS = YES;
				GCC_OPTIMIZATION_LEVEL = 0;
				GCC_PREPROCESSOR_DEFINITIONS = (
					"DEBUG=1",
					"$(inherited)",
				);
				GCC_WARN_64_TO_32_BIT_CONVERSION = YES;
				GCC_WARN_ABOUT_RETURN_TYPE = YES_ERROR;
				GCC_WARN_UNDECLARED_SELECTOR = YES;
				GCC_WARN_UNINITIALIZED_AUTOS = YES_AGGRESSIVE;
				GCC_WARN_UNUSED_FUNCTION = YES;
				GCC_WARN_UNUSED_VARIABLE = YES;
				IPHONEOS_DEPLOYMENT_TARGET = 14.2;
				MTL_ENABLE_DEBUG_INFO = INCLUDE_SOURCE;
				MTL_FAST_MATH = YES;
				ONLY_ACTIVE_ARCH = YES;
				SDKROOT = iphoneos;
				SWIFT_ACTIVE_COMPILATION_CONDITIONS = DEBUG;
				SWIFT_OPTIMIZATION_LEVEL = "-Onone";
			};
			name = Debug;
		};
		717569322570CFD600417B9C /* Release */ = {
			isa = XCBuildConfiguration;
			buildSettings = {
				ALWAYS_SEARCH_USER_PATHS = NO;
				CLANG_ANALYZER_NONNULL = YES;
				CLANG_ANALYZER_NUMBER_OBJECT_CONVERSION = YES_AGGRESSIVE;
				CLANG_CXX_LANGUAGE_STANDARD = "gnu++14";
				CLANG_CXX_LIBRARY = "libc++";
				CLANG_ENABLE_MODULES = YES;
				CLANG_ENABLE_OBJC_ARC = YES;
				CLANG_ENABLE_OBJC_WEAK = YES;
				CLANG_WARN_BLOCK_CAPTURE_AUTORELEASING = YES;
				CLANG_WARN_BOOL_CONVERSION = YES;
				CLANG_WARN_COMMA = YES;
				CLANG_WARN_CONSTANT_CONVERSION = YES;
				CLANG_WARN_DEPRECATED_OBJC_IMPLEMENTATIONS = YES;
				CLANG_WARN_DIRECT_OBJC_ISA_USAGE = YES_ERROR;
				CLANG_WARN_DOCUMENTATION_COMMENTS = YES;
				CLANG_WARN_EMPTY_BODY = YES;
				CLANG_WARN_ENUM_CONVERSION = YES;
				CLANG_WARN_INFINITE_RECURSION = YES;
				CLANG_WARN_INT_CONVERSION = YES;
				CLANG_WARN_NON_LITERAL_NULL_CONVERSION = YES;
				CLANG_WARN_OBJC_IMPLICIT_RETAIN_SELF = YES;
				CLANG_WARN_OBJC_LITERAL_CONVERSION = YES;
				CLANG_WARN_OBJC_ROOT_CLASS = YES_ERROR;
				CLANG_WARN_QUOTED_INCLUDE_IN_FRAMEWORK_HEADER = YES;
				CLANG_WARN_RANGE_LOOP_ANALYSIS = YES;
				CLANG_WARN_STRICT_PROTOTYPES = YES;
				CLANG_WARN_SUSPICIOUS_MOVE = YES;
				CLANG_WARN_UNGUARDED_AVAILABILITY = YES_AGGRESSIVE;
				CLANG_WARN_UNREACHABLE_CODE = YES;
				CLANG_WARN__DUPLICATE_METHOD_MATCH = YES;
				COPY_PHASE_STRIP = NO;
				DEBUG_INFORMATION_FORMAT = "dwarf-with-dsym";
				ENABLE_NS_ASSERTIONS = NO;
				ENABLE_STRICT_OBJC_MSGSEND = YES;
				GCC_C_LANGUAGE_STANDARD = gnu11;
				GCC_NO_COMMON_BLOCKS = YES;
				GCC_WARN_64_TO_32_BIT_CONVERSION = YES;
				GCC_WARN_ABOUT_RETURN_TYPE = YES_ERROR;
				GCC_WARN_UNDECLARED_SELECTOR = YES;
				GCC_WARN_UNINITIALIZED_AUTOS = YES_AGGRESSIVE;
				GCC_WARN_UNUSED_FUNCTION = YES;
				GCC_WARN_UNUSED_VARIABLE = YES;
				IPHONEOS_DEPLOYMENT_TARGET = 14.2;
				MTL_ENABLE_DEBUG_INFO = NO;
				MTL_FAST_MATH = YES;
				SDKROOT = iphoneos;
				SWIFT_COMPILATION_MODE = wholemodule;
				SWIFT_OPTIMIZATION_LEVEL = "-O";
				VALIDATE_PRODUCT = YES;
			};
			name = Release;
		};
		717569342570CFD600417B9C /* Debug */ = {
			isa = XCBuildConfiguration;
			baseConfigurationReference = F18C21768667612211CB775E /* Pods-MandarinUrbanDictionary.debug.xcconfig */;
			buildSettings = {
				ASSETCATALOG_COMPILER_APPICON_NAME = AppIcon;
				ASSETCATALOG_COMPILER_GLOBAL_ACCENT_COLOR_NAME = AccentColor;
				CODE_SIGN_ENTITLEMENTS = MandarinUrbanDictionary/MandarinUrbanDictionary.entitlements;
				CODE_SIGN_STYLE = Automatic;
				CURRENT_PROJECT_VERSION = 4;
				DEVELOPMENT_TEAM = XTR83A4K57;
				INFOPLIST_FILE = "MandarinUrbanDictionary/Supporting Files/Info.plist";
				LD_RUNPATH_SEARCH_PATHS = (
					"$(inherited)",
					"@executable_path/Frameworks",
				);
				MARKETING_VERSION = 1.0;
				PRODUCT_BUNDLE_IDENTIFIER = com.Joey.SlangDict;
				PRODUCT_NAME = "$(TARGET_NAME)";
				SWIFT_VERSION = 5.0;
				TARGETED_DEVICE_FAMILY = 1;
			};
			name = Debug;
		};
		717569352570CFD600417B9C /* Release */ = {
			isa = XCBuildConfiguration;
			baseConfigurationReference = D9ED06464B995D3E2CBF6928 /* Pods-MandarinUrbanDictionary.release.xcconfig */;
			buildSettings = {
				ASSETCATALOG_COMPILER_APPICON_NAME = AppIcon;
				ASSETCATALOG_COMPILER_GLOBAL_ACCENT_COLOR_NAME = AccentColor;
				CODE_SIGN_ENTITLEMENTS = MandarinUrbanDictionary/MandarinUrbanDictionary.entitlements;
				CODE_SIGN_STYLE = Automatic;
				CURRENT_PROJECT_VERSION = 4;
				DEVELOPMENT_TEAM = XTR83A4K57;
				INFOPLIST_FILE = "MandarinUrbanDictionary/Supporting Files/Info.plist";
				LD_RUNPATH_SEARCH_PATHS = (
					"$(inherited)",
					"@executable_path/Frameworks",
				);
				MARKETING_VERSION = 1.0;
				PRODUCT_BUNDLE_IDENTIFIER = com.Joey.SlangDict;
				PRODUCT_NAME = "$(TARGET_NAME)";
				SWIFT_VERSION = 5.0;
				TARGETED_DEVICE_FAMILY = 1;
			};
			name = Release;
		};
		7184646E259D991B00DBFD99 /* Debug */ = {
			isa = XCBuildConfiguration;
			buildSettings = {
				BUNDLE_LOADER = "$(TEST_HOST)";
				CODE_SIGN_STYLE = Automatic;
				DEVELOPMENT_TEAM = XTR83A4K57;
				HEADER_SEARCH_PATHS = "\"${SRCROOT}/Pods/Firebase/CoreOnly/Sources\"";
				INFOPLIST_FILE = MandarinUrbanDictionaryTests/Info.plist;
				LD_RUNPATH_SEARCH_PATHS = (
					"$(inherited)",
					"@executable_path/Frameworks",
					"@loader_path/Frameworks",
				);
				PRODUCT_BUNDLE_IDENTIFIER = "com.Joey-MUDictionary.MandarinUrbanDictionaryTests";
				PRODUCT_NAME = "$(TARGET_NAME)";
				SWIFT_VERSION = 5.0;
				TARGETED_DEVICE_FAMILY = "1,2";
				TEST_HOST = "$(BUILT_PRODUCTS_DIR)/MandarinUrbanDictionary.app/MandarinUrbanDictionary";
			};
			name = Debug;
		};
		7184646F259D991B00DBFD99 /* Release */ = {
			isa = XCBuildConfiguration;
			buildSettings = {
				BUNDLE_LOADER = "$(TEST_HOST)";
				CODE_SIGN_STYLE = Automatic;
				DEVELOPMENT_TEAM = XTR83A4K57;
				HEADER_SEARCH_PATHS = "\"${SRCROOT}/Pods/Firebase/CoreOnly/Sources\"";
				INFOPLIST_FILE = MandarinUrbanDictionaryTests/Info.plist;
				LD_RUNPATH_SEARCH_PATHS = (
					"$(inherited)",
					"@executable_path/Frameworks",
					"@loader_path/Frameworks",
				);
				PRODUCT_BUNDLE_IDENTIFIER = "com.Joey-MUDictionary.MandarinUrbanDictionaryTests";
				PRODUCT_NAME = "$(TARGET_NAME)";
				SWIFT_VERSION = 5.0;
				TARGETED_DEVICE_FAMILY = "1,2";
				TEST_HOST = "$(BUILT_PRODUCTS_DIR)/MandarinUrbanDictionary.app/MandarinUrbanDictionary";
			};
			name = Release;
		};
/* End XCBuildConfiguration section */

/* Begin XCConfigurationList section */
		7175691A2570CFD300417B9C /* Build configuration list for PBXProject "MandarinUrbanDictionary" */ = {
			isa = XCConfigurationList;
			buildConfigurations = (
				717569312570CFD600417B9C /* Debug */,
				717569322570CFD600417B9C /* Release */,
			);
			defaultConfigurationIsVisible = 0;
			defaultConfigurationName = Release;
		};
		717569332570CFD600417B9C /* Build configuration list for PBXNativeTarget "MandarinUrbanDictionary" */ = {
			isa = XCConfigurationList;
			buildConfigurations = (
				717569342570CFD600417B9C /* Debug */,
				717569352570CFD600417B9C /* Release */,
			);
			defaultConfigurationIsVisible = 0;
			defaultConfigurationName = Release;
		};
		7184646D259D991B00DBFD99 /* Build configuration list for PBXNativeTarget "MandarinUrbanDictionaryTests" */ = {
			isa = XCConfigurationList;
			buildConfigurations = (
				7184646E259D991B00DBFD99 /* Debug */,
				7184646F259D991B00DBFD99 /* Release */,
			);
			defaultConfigurationIsVisible = 0;
			defaultConfigurationName = Release;
		};
/* End XCConfigurationList section */
	};
	rootObject = 717569172570CFD300417B9C /* Project object */;
}
