// !$*UTF8*$!
{
	archiveVersion = 1;
	classes = {
	};
	objectVersion = 51;
	objects = {

/* Begin PBXBuildFile section */
		717569232570CFD300417B9C /* AppDelegate.swift in Sources */ = {isa = PBXBuildFile; fileRef = 717569222570CFD300417B9C /* AppDelegate.swift */; };
		717569252570CFD300417B9C /* SceneDelegate.swift in Sources */ = {isa = PBXBuildFile; fileRef = 717569242570CFD300417B9C /* SceneDelegate.swift */; };
		7175692C2570CFD600417B9C /* Assets.xcassets in Resources */ = {isa = PBXBuildFile; fileRef = 7175692B2570CFD600417B9C /* Assets.xcassets */; };
		7175692F2570CFD600417B9C /* LaunchScreen.storyboard in Resources */ = {isa = PBXBuildFile; fileRef = 7175692D2570CFD600417B9C /* LaunchScreen.storyboard */; };
		7175694C2570D0FE00417B9C /* GoogleService-Info.plist in Resources */ = {isa = PBXBuildFile; fileRef = 7175694B2570D0FE00417B9C /* GoogleService-Info.plist */; };
		E19594E26AB12FCE94225D78 /* Pods_MandarinUrbanDictionary.framework in Frameworks */ = {isa = PBXBuildFile; fileRef = BD79464FBEA10AB0680FA634 /* Pods_MandarinUrbanDictionary.framework */; };
/* End PBXBuildFile section */

/* Begin PBXFileReference section */
		7175691F2570CFD300417B9C /* MandarinUrbanDictionary.app */ = {isa = PBXFileReference; explicitFileType = wrapper.application; includeInIndex = 0; path = MandarinUrbanDictionary.app; sourceTree = BUILT_PRODUCTS_DIR; };
		717569222570CFD300417B9C /* AppDelegate.swift */ = {isa = PBXFileReference; lastKnownFileType = sourcecode.swift; path = AppDelegate.swift; sourceTree = "<group>"; };
		717569242570CFD300417B9C /* SceneDelegate.swift */ = {isa = PBXFileReference; lastKnownFileType = sourcecode.swift; path = SceneDelegate.swift; sourceTree = "<group>"; };
		7175692B2570CFD600417B9C /* Assets.xcassets */ = {isa = PBXFileReference; lastKnownFileType = folder.assetcatalog; path = Assets.xcassets; sourceTree = "<group>"; };
		7175692E2570CFD600417B9C /* Base */ = {isa = PBXFileReference; lastKnownFileType = file.storyboard; name = Base; path = Base.lproj/LaunchScreen.storyboard; sourceTree = "<group>"; };
		717569302570CFD600417B9C /* Info.plist */ = {isa = PBXFileReference; lastKnownFileType = text.plist.xml; path = Info.plist; sourceTree = "<group>"; };
		7175694B2570D0FE00417B9C /* GoogleService-Info.plist */ = {isa = PBXFileReference; fileEncoding = 4; lastKnownFileType = text.plist.xml; path = "GoogleService-Info.plist"; sourceTree = "<group>"; };
		BD79464FBEA10AB0680FA634 /* Pods_MandarinUrbanDictionary.framework */ = {isa = PBXFileReference; explicitFileType = wrapper.framework; includeInIndex = 0; path = Pods_MandarinUrbanDictionary.framework; sourceTree = BUILT_PRODUCTS_DIR; };
		D9ED06464B995D3E2CBF6928 /* Pods-MandarinUrbanDictionary.release.xcconfig */ = {isa = PBXFileReference; includeInIndex = 1; lastKnownFileType = text.xcconfig; name = "Pods-MandarinUrbanDictionary.release.xcconfig"; path = "Target Support Files/Pods-MandarinUrbanDictionary/Pods-MandarinUrbanDictionary.release.xcconfig"; sourceTree = "<group>"; };
		F18C21768667612211CB775E /* Pods-MandarinUrbanDictionary.debug.xcconfig */ = {isa = PBXFileReference; includeInIndex = 1; lastKnownFileType = text.xcconfig; name = "Pods-MandarinUrbanDictionary.debug.xcconfig"; path = "Target Support Files/Pods-MandarinUrbanDictionary/Pods-MandarinUrbanDictionary.debug.xcconfig"; sourceTree = "<group>"; };
/* End PBXFileReference section */

/* Begin PBXFrameworksBuildPhase section */
		7175691C2570CFD300417B9C /* Frameworks */ = {
			isa = PBXFrameworksBuildPhase;
			buildActionMask = 2147483647;
			files = (
				E19594E26AB12FCE94225D78 /* Pods_MandarinUrbanDictionary.framework in Frameworks */,
			);
			runOnlyForDeploymentPostprocessing = 0;
		};
/* End PBXFrameworksBuildPhase section */

/* Begin PBXGroup section */
		717569162570CFD300417B9C = {
			isa = PBXGroup;
			children = (
				717569212570CFD300417B9C /* MandarinUrbanDictionary */,
				717569202570CFD300417B9C /* Products */,
				BD46FC664045AE34D3F9C256 /* Pods */,
				E6EC90ACA63C2F6AD7C57BF9 /* Frameworks */,
			);
			sourceTree = "<group>";
		};
		717569202570CFD300417B9C /* Products */ = {
			isa = PBXGroup;
			children = (
				7175691F2570CFD300417B9C /* MandarinUrbanDictionary.app */,
			);
			name = Products;
			sourceTree = "<group>";
		};
		717569212570CFD300417B9C /* MandarinUrbanDictionary */ = {
			isa = PBXGroup;
			children = (
				717569782570D35100417B9C /* Fundmental */,
				7175692B2570CFD600417B9C /* Assets.xcassets */,
				7175694A2570D0F000417B9C /* Supporting Files */,
			);
			path = MandarinUrbanDictionary;
			sourceTree = "<group>";
		};
		7175694A2570D0F000417B9C /* Supporting Files */ = {
			isa = PBXGroup;
			children = (
				7175692D2570CFD600417B9C /* LaunchScreen.storyboard */,
				7175694B2570D0FE00417B9C /* GoogleService-Info.plist */,
				717569302570CFD600417B9C /* Info.plist */,
			);
			path = "Supporting Files";
			sourceTree = "<group>";
		};
		717569782570D35100417B9C /* Fundmental */ = {
			isa = PBXGroup;
			children = (
				717569222570CFD300417B9C /* AppDelegate.swift */,
				717569242570CFD300417B9C /* SceneDelegate.swift */,
			);
			path = Fundmental;
			sourceTree = "<group>";
		};
		BD46FC664045AE34D3F9C256 /* Pods */ = {
			isa = PBXGroup;
			children = (
				F18C21768667612211CB775E /* Pods-MandarinUrbanDictionary.debug.xcconfig */,
				D9ED06464B995D3E2CBF6928 /* Pods-MandarinUrbanDictionary.release.xcconfig */,
			);
			path = Pods;
			sourceTree = "<group>";
		};
		E6EC90ACA63C2F6AD7C57BF9 /* Frameworks */ = {
			isa = PBXGroup;
			children = (
				BD79464FBEA10AB0680FA634 /* Pods_MandarinUrbanDictionary.framework */,
			);
			name = Frameworks;
			sourceTree = "<group>";
		};
/* End PBXGroup section */

/* Begin PBXNativeTarget section */
		7175691E2570CFD300417B9C /* MandarinUrbanDictionary */ = {
			isa = PBXNativeTarget;
			buildConfigurationList = 717569332570CFD600417B9C /* Build configuration list for PBXNativeTarget "MandarinUrbanDictionary" */;
			buildPhases = (
				412638A3035C4D813576EE70 /* [CP] Check Pods Manifest.lock */,
				7175691B2570CFD300417B9C /* Sources */,
				7175691C2570CFD300417B9C /* Frameworks */,
				7175691D2570CFD300417B9C /* Resources */,
				14A3E35124F544F9D1735DD3 /* [CP] Embed Pods Frameworks */,
				717569502570D1CD00417B9C /* SwiftLint */,
			);
			buildRules = (
			);
			dependencies = (
			);
			name = MandarinUrbanDictionary;
			productName = MandarinUrbanDictionary;
			productReference = 7175691F2570CFD300417B9C /* MandarinUrbanDictionary.app */;
			productType = "com.apple.product-type.application";
		};
/* End PBXNativeTarget section */

/* Begin PBXProject section */
		717569172570CFD300417B9C /* Project object */ = {
			isa = PBXProject;
			attributes = {
				LastSwiftUpdateCheck = 1220;
				LastUpgradeCheck = 1220;
				TargetAttributes = {
					7175691E2570CFD300417B9C = {
						CreatedOnToolsVersion = 12.2;
					};
				};
			};
			buildConfigurationList = 7175691A2570CFD300417B9C /* Build configuration list for PBXProject "MandarinUrbanDictionary" */;
			compatibilityVersion = "Xcode 9.3";
			developmentRegion = en;
			hasScannedForEncodings = 0;
			knownRegions = (
				en,
				Base,
			);
			mainGroup = 717569162570CFD300417B9C;
			productRefGroup = 717569202570CFD300417B9C /* Products */;
			projectDirPath = "";
			projectRoot = "";
			targets = (
				7175691E2570CFD300417B9C /* MandarinUrbanDictionary */,
			);
		};
/* End PBXProject section */

/* Begin PBXResourcesBuildPhase section */
		7175691D2570CFD300417B9C /* Resources */ = {
			isa = PBXResourcesBuildPhase;
			buildActionMask = 2147483647;
			files = (
				7175692F2570CFD600417B9C /* LaunchScreen.storyboard in Resources */,
				7175694C2570D0FE00417B9C /* GoogleService-Info.plist in Resources */,
				7175692C2570CFD600417B9C /* Assets.xcassets in Resources */,
			);
			runOnlyForDeploymentPostprocessing = 0;
		};
/* End PBXResourcesBuildPhase section */

/* Begin PBXShellScriptBuildPhase section */
		14A3E35124F544F9D1735DD3 /* [CP] Embed Pods Frameworks */ = {
			isa = PBXShellScriptBuildPhase;
			buildActionMask = 2147483647;
			files = (
			);
			inputFileListPaths = (
				"${PODS_ROOT}/Target Support Files/Pods-MandarinUrbanDictionary/Pods-MandarinUrbanDictionary-frameworks-${CONFIGURATION}-input-files.xcfilelist",
			);
			name = "[CP] Embed Pods Frameworks";
			outputFileListPaths = (
				"${PODS_ROOT}/Target Support Files/Pods-MandarinUrbanDictionary/Pods-MandarinUrbanDictionary-frameworks-${CONFIGURATION}-output-files.xcfilelist",
			);
			runOnlyForDeploymentPostprocessing = 0;
			shellPath = /bin/sh;
			shellScript = "\"${PODS_ROOT}/Target Support Files/Pods-MandarinUrbanDictionary/Pods-MandarinUrbanDictionary-frameworks.sh\"\n";
			showEnvVarsInLog = 0;
		};
		412638A3035C4D813576EE70 /* [CP] Check Pods Manifest.lock */ = {
			isa = PBXShellScriptBuildPhase;
			buildActionMask = 2147483647;
			files = (
			);
			inputFileListPaths = (
			);
			inputPaths = (
				"${PODS_PODFILE_DIR_PATH}/Podfile.lock",
				"${PODS_ROOT}/Manifest.lock",
			);
			name = "[CP] Check Pods Manifest.lock";
			outputFileListPaths = (
			);
			outputPaths = (
				"$(DERIVED_FILE_DIR)/Pods-MandarinUrbanDictionary-checkManifestLockResult.txt",
			);
			runOnlyForDeploymentPostprocessing = 0;
			shellPath = /bin/sh;
			shellScript = "diff \"${PODS_PODFILE_DIR_PATH}/Podfile.lock\" \"${PODS_ROOT}/Manifest.lock\" > /dev/null\nif [ $? != 0 ] ; then\n    # print error to STDERR\n    echo \"error: The sandbox is not in sync with the Podfile.lock. Run 'pod install' or update your CocoaPods installation.\" >&2\n    exit 1\nfi\n# This output is used by Xcode 'outputs' to avoid re-running this script phase.\necho \"SUCCESS\" > \"${SCRIPT_OUTPUT_FILE_0}\"\n";
			showEnvVarsInLog = 0;
		};
		717569502570D1CD00417B9C /* SwiftLint */ = {
			isa = PBXShellScriptBuildPhase;
			buildActionMask = 2147483647;
			files = (
			);
			inputFileListPaths = (
			);
			inputPaths = (
			);
			name = SwiftLint;
			outputFileListPaths = (
			);
			outputPaths = (
			);
			runOnlyForDeploymentPostprocessing = 0;
			shellPath = /bin/sh;
			shellScript = "\"${PODS_ROOT}/SwiftLint/swiftlint\"\n";
		};
/* End PBXShellScriptBuildPhase section */

/* Begin PBXSourcesBuildPhase section */
		7175691B2570CFD300417B9C /* Sources */ = {
			isa = PBXSourcesBuildPhase;
			buildActionMask = 2147483647;
			files = (
				717569232570CFD300417B9C /* AppDelegate.swift in Sources */,
				717569252570CFD300417B9C /* SceneDelegate.swift in Sources */,
			);
			runOnlyForDeploymentPostprocessing = 0;
		};
/* End PBXSourcesBuildPhase section */

/* Begin PBXVariantGroup section */
		7175692D2570CFD600417B9C /* LaunchScreen.storyboard */ = {
			isa = PBXVariantGroup;
			children = (
				7175692E2570CFD600417B9C /* Base */,
			);
			name = LaunchScreen.storyboard;
			sourceTree = "<group>";
		};
/* End PBXVariantGroup section */

/* Begin XCBuildConfiguration section */
		717569312570CFD600417B9C /* Debug */ = {
			isa = XCBuildConfiguration;
			buildSettings = {
				ALWAYS_SEARCH_USER_PATHS = NO;
				CLANG_ANALYZER_NONNULL = YES;
				CLANG_ANALYZER_NUMBER_OBJECT_CONVERSION = YES_AGGRESSIVE;
				CLANG_CXX_LANGUAGE_STANDARD = "gnu++14";
				CLANG_CXX_LIBRARY = "libc++";
				CLANG_ENABLE_MODULES = YES;
				CLANG_ENABLE_OBJC_ARC = YES;
				CLANG_ENABLE_OBJC_WEAK = YES;
				CLANG_WARN_BLOCK_CAPTURE_AUTORELEASING = YES;
				CLANG_WARN_BOOL_CONVERSION = YES;
				CLANG_WARN_COMMA = YES;
				CLANG_WARN_CONSTANT_CONVERSION = YES;
				CLANG_WARN_DEPRECATED_OBJC_IMPLEMENTATIONS = YES;
				CLANG_WARN_DIRECT_OBJC_ISA_USAGE = YES_ERROR;
				CLANG_WARN_DOCUMENTATION_COMMENTS = YES;
				CLANG_WARN_EMPTY_BODY = YES;
				CLANG_WARN_ENUM_CONVERSION = YES;
				CLANG_WARN_INFINITE_RECURSION = YES;
				CLANG_WARN_INT_CONVERSION = YES;
				CLANG_WARN_NON_LITERAL_NULL_CONVERSION = YES;
				CLANG_WARN_OBJC_IMPLICIT_RETAIN_SELF = YES;
				CLANG_WARN_OBJC_LITERAL_CONVERSION = YES;
				CLANG_WARN_OBJC_ROOT_CLASS = YES_ERROR;
				CLANG_WARN_QUOTED_INCLUDE_IN_FRAMEWORK_HEADER = YES;
				CLANG_WARN_RANGE_LOOP_ANALYSIS = YES;
				CLANG_WARN_STRICT_PROTOTYPES = YES;
				CLANG_WARN_SUSPICIOUS_MOVE = YES;
				CLANG_WARN_UNGUARDED_AVAILABILITY = YES_AGGRESSIVE;
				CLANG_WARN_UNREACHABLE_CODE = YES;
				CLANG_WARN__DUPLICATE_METHOD_MATCH = YES;
				COPY_PHASE_STRIP = NO;
				DEBUG_INFORMATION_FORMAT = dwarf;
				ENABLE_STRICT_OBJC_MSGSEND = YES;
				ENABLE_TESTABILITY = YES;
				GCC_C_LANGUAGE_STANDARD = gnu11;
				GCC_DYNAMIC_NO_PIC = NO;
				GCC_NO_COMMON_BLOCKS = YES;
				GCC_OPTIMIZATION_LEVEL = 0;
				GCC_PREPROCESSOR_DEFINITIONS = (
					"DEBUG=1",
					"$(inherited)",
				);
				GCC_WARN_64_TO_32_BIT_CONVERSION = YES;
				GCC_WARN_ABOUT_RETURN_TYPE = YES_ERROR;
				GCC_WARN_UNDECLARED_SELECTOR = YES;
				GCC_WARN_UNINITIALIZED_AUTOS = YES_AGGRESSIVE;
				GCC_WARN_UNUSED_FUNCTION = YES;
				GCC_WARN_UNUSED_VARIABLE = YES;
				IPHONEOS_DEPLOYMENT_TARGET = 14.2;
				MTL_ENABLE_DEBUG_INFO = INCLUDE_SOURCE;
				MTL_FAST_MATH = YES;
				ONLY_ACTIVE_ARCH = YES;
				SDKROOT = iphoneos;
				SWIFT_ACTIVE_COMPILATION_CONDITIONS = DEBUG;
				SWIFT_OPTIMIZATION_LEVEL = "-Onone";
			};
			name = Debug;
		};
		717569322570CFD600417B9C /* Release */ = {
			isa = XCBuildConfiguration;
			buildSettings = {
				ALWAYS_SEARCH_USER_PATHS = NO;
				CLANG_ANALYZER_NONNULL = YES;
				CLANG_ANALYZER_NUMBER_OBJECT_CONVERSION = YES_AGGRESSIVE;
				CLANG_CXX_LANGUAGE_STANDARD = "gnu++14";
				CLANG_CXX_LIBRARY = "libc++";
				CLANG_ENABLE_MODULES = YES;
				CLANG_ENABLE_OBJC_ARC = YES;
				CLANG_ENABLE_OBJC_WEAK = YES;
				CLANG_WARN_BLOCK_CAPTURE_AUTORELEASING = YES;
				CLANG_WARN_BOOL_CONVERSION = YES;
				CLANG_WARN_COMMA = YES;
				CLANG_WARN_CONSTANT_CONVERSION = YES;
				CLANG_WARN_DEPRECATED_OBJC_IMPLEMENTATIONS = YES;
				CLANG_WARN_DIRECT_OBJC_ISA_USAGE = YES_ERROR;
				CLANG_WARN_DOCUMENTATION_COMMENTS = YES;
				CLANG_WARN_EMPTY_BODY = YES;
				CLANG_WARN_ENUM_CONVERSION = YES;
				CLANG_WARN_INFINITE_RECURSION = YES;
				CLANG_WARN_INT_CONVERSION = YES;
				CLANG_WARN_NON_LITERAL_NULL_CONVERSION = YES;
				CLANG_WARN_OBJC_IMPLICIT_RETAIN_SELF = YES;
				CLANG_WARN_OBJC_LITERAL_CONVERSION = YES;
				CLANG_WARN_OBJC_ROOT_CLASS = YES_ERROR;
				CLANG_WARN_QUOTED_INCLUDE_IN_FRAMEWORK_HEADER = YES;
				CLANG_WARN_RANGE_LOOP_ANALYSIS = YES;
				CLANG_WARN_STRICT_PROTOTYPES = YES;
				CLANG_WARN_SUSPICIOUS_MOVE = YES;
				CLANG_WARN_UNGUARDED_AVAILABILITY = YES_AGGRESSIVE;
				CLANG_WARN_UNREACHABLE_CODE = YES;
				CLANG_WARN__DUPLICATE_METHOD_MATCH = YES;
				COPY_PHASE_STRIP = NO;
				DEBUG_INFORMATION_FORMAT = "dwarf-with-dsym";
				ENABLE_NS_ASSERTIONS = NO;
				ENABLE_STRICT_OBJC_MSGSEND = YES;
				GCC_C_LANGUAGE_STANDARD = gnu11;
				GCC_NO_COMMON_BLOCKS = YES;
				GCC_WARN_64_TO_32_BIT_CONVERSION = YES;
				GCC_WARN_ABOUT_RETURN_TYPE = YES_ERROR;
				GCC_WARN_UNDECLARED_SELECTOR = YES;
				GCC_WARN_UNINITIALIZED_AUTOS = YES_AGGRESSIVE;
				GCC_WARN_UNUSED_FUNCTION = YES;
				GCC_WARN_UNUSED_VARIABLE = YES;
				IPHONEOS_DEPLOYMENT_TARGET = 14.2;
				MTL_ENABLE_DEBUG_INFO = NO;
				MTL_FAST_MATH = YES;
				SDKROOT = iphoneos;
				SWIFT_COMPILATION_MODE = wholemodule;
				SWIFT_OPTIMIZATION_LEVEL = "-O";
				VALIDATE_PRODUCT = YES;
			};
			name = Release;
		};
		717569342570CFD600417B9C /* Debug */ = {
			isa = XCBuildConfiguration;
			baseConfigurationReference = F18C21768667612211CB775E /* Pods-MandarinUrbanDictionary.debug.xcconfig */;
			buildSettings = {
				ASSETCATALOG_COMPILER_APPICON_NAME = AppIcon;
				ASSETCATALOG_COMPILER_GLOBAL_ACCENT_COLOR_NAME = AccentColor;
				CODE_SIGN_STYLE = Automatic;
				INFOPLIST_FILE = "MandarinUrbanDictionary/Supporting Files/Info.plist";
				LD_RUNPATH_SEARCH_PATHS = (
					"$(inherited)",
					"@executable_path/Frameworks",
				);
				PRODUCT_BUNDLE_IDENTIFIER = "com.Joey-MUDictionary.MandarinUrbanDictionary";
				PRODUCT_NAME = "$(TARGET_NAME)";
				SWIFT_VERSION = 5.0;
				TARGETED_DEVICE_FAMILY = "1,2";
			};
			name = Debug;
		};
		717569352570CFD600417B9C /* Release */ = {
			isa = XCBuildConfiguration;
			baseConfigurationReference = D9ED06464B995D3E2CBF6928 /* Pods-MandarinUrbanDictionary.release.xcconfig */;
			buildSettings = {
				ASSETCATALOG_COMPILER_APPICON_NAME = AppIcon;
				ASSETCATALOG_COMPILER_GLOBAL_ACCENT_COLOR_NAME = AccentColor;
				CODE_SIGN_STYLE = Automatic;
				INFOPLIST_FILE = "MandarinUrbanDictionary/Supporting Files/Info.plist";
				LD_RUNPATH_SEARCH_PATHS = (
					"$(inherited)",
					"@executable_path/Frameworks",
				);
				PRODUCT_BUNDLE_IDENTIFIER = "com.Joey-MUDictionary.MandarinUrbanDictionary";
				PRODUCT_NAME = "$(TARGET_NAME)";
				SWIFT_VERSION = 5.0;
				TARGETED_DEVICE_FAMILY = "1,2";
			};
			name = Release;
		};
/* End XCBuildConfiguration section */

/* Begin XCConfigurationList section */
		7175691A2570CFD300417B9C /* Build configuration list for PBXProject "MandarinUrbanDictionary" */ = {
			isa = XCConfigurationList;
			buildConfigurations = (
				717569312570CFD600417B9C /* Debug */,
				717569322570CFD600417B9C /* Release */,
			);
			defaultConfigurationIsVisible = 0;
			defaultConfigurationName = Release;
		};
		717569332570CFD600417B9C /* Build configuration list for PBXNativeTarget "MandarinUrbanDictionary" */ = {
			isa = XCConfigurationList;
			buildConfigurations = (
				717569342570CFD600417B9C /* Debug */,
				717569352570CFD600417B9C /* Release */,
			);
			defaultConfigurationIsVisible = 0;
			defaultConfigurationName = Release;
		};
/* End XCConfigurationList section */
	};
	rootObject = 717569172570CFD300417B9C /* Project object */;
}
